
Microsoft Visual Studio Solution File, Format Version 12.00
# Visual Studio 15
VisualStudioVersion = 15.0.28010.2041
MinimumVisualStudioVersion = 10.0.40219.1
Project("{FAE04EC0-301F-11D3-BF4B-00C04F79EFBC}") = "DynamicStylesInheritance.Android", "DynamicStylesInheritance\DynamicStylesInheritance.Android\DynamicStylesInheritance.Android.csproj", "{332F84BC-9829-445D-AF36-A50629CF5885}"
EndProject
Project("{FAE04EC0-301F-11D3-BF4B-00C04F79EFBC}") = "DynamicStylesInheritance.iOS", "DynamicStylesInheritance\DynamicStylesInheritance.iOS\DynamicStylesInheritance.iOS.csproj", "{39419FBE-B811-4593-9A7E-C902930682A1}"
EndProject
Project("{FAE04EC0-301F-11D3-BF4B-00C04F79EFBC}") = "DynamicStylesInheritance.UWP", "DynamicStylesInheritance\DynamicStylesInheritance.UWP\DynamicStylesInheritance.UWP.csproj", "{55189292-3E5F-43DC-9EBF-F573F8374F7A}"
EndProject
Project("{FAE04EC0-301F-11D3-BF4B-00C04F79EFBC}") = "DynamicStylesInheritance", "DynamicStylesInheritance\DynamicStylesInheritance\DynamicStylesInheritance.csproj", "{2853CAE9-438F-4004-8E68-6A184CD95E7E}"
EndProject
Global
	GlobalSection(SolutionConfigurationPlatforms) = preSolution
		Ad-Hoc|Any CPU = Ad-Hoc|Any CPU
		Ad-Hoc|ARM = Ad-Hoc|ARM
		Ad-Hoc|iPhone = Ad-Hoc|iPhone
		Ad-Hoc|iPhoneSimulator = Ad-Hoc|iPhoneSimulator
		Ad-Hoc|x64 = Ad-Hoc|x64
		Ad-Hoc|x86 = Ad-Hoc|x86
		AppStore|Any CPU = AppStore|Any CPU
		AppStore|ARM = AppStore|ARM
		AppStore|iPhone = AppStore|iPhone
		AppStore|iPhoneSimulator = AppStore|iPhoneSimulator
		AppStore|x64 = AppStore|x64
		AppStore|x86 = AppStore|x86
		Debug|Any CPU = Debug|Any CPU
		Debug|ARM = Debug|ARM
		Debug|iPhone = Debug|iPhone
		Debug|iPhoneSimulator = Debug|iPhoneSimulator
		Debug|x64 = Debug|x64
		Debug|x86 = Debug|x86
		Release|Any CPU = Release|Any CPU
		Release|ARM = Release|ARM
		Release|iPhone = Release|iPhone
		Release|iPhoneSimulator = Release|iPhoneSimulator
		Release|x64 = Release|x64
		Release|x86 = Release|x86
	EndGlobalSection
	GlobalSection(ProjectConfigurationPlatforms) = postSolution
		{332F84BC-9829-445D-AF36-A50629CF5885}.Ad-Hoc|Any CPU.ActiveCfg = Release|Any CPU
		{332F84BC-9829-445D-AF36-A50629CF5885}.Ad-Hoc|Any CPU.Build.0 = Release|Any CPU
		{332F84BC-9829-445D-AF36-A50629CF5885}.Ad-Hoc|Any CPU.Deploy.0 = Release|Any CPU
		{332F84BC-9829-445D-AF36-A50629CF5885}.Ad-Hoc|ARM.ActiveCfg = Release|Any CPU
		{332F84BC-9829-445D-AF36-A50629CF5885}.Ad-Hoc|ARM.Build.0 = Release|Any CPU
		{332F84BC-9829-445D-AF36-A50629CF5885}.Ad-Hoc|ARM.Deploy.0 = Release|Any CPU
		{332F84BC-9829-445D-AF36-A50629CF5885}.Ad-Hoc|iPhone.ActiveCfg = Release|Any CPU
		{332F84BC-9829-445D-AF36-A50629CF5885}.Ad-Hoc|iPhone.Build.0 = Release|Any CPU
		{332F84BC-9829-445D-AF36-A50629CF5885}.Ad-Hoc|iPhone.Deploy.0 = Release|Any CPU
		{332F84BC-9829-445D-AF36-A50629CF5885}.Ad-Hoc|iPhoneSimulator.ActiveCfg = Release|Any CPU
		{332F84BC-9829-445D-AF36-A50629CF5885}.Ad-Hoc|iPhoneSimulator.Build.0 = Release|Any CPU
		{332F84BC-9829-445D-AF36-A50629CF5885}.Ad-Hoc|iPhoneSimulator.Deploy.0 = Release|Any CPU
		{332F84BC-9829-445D-AF36-A50629CF5885}.Ad-Hoc|x64.ActiveCfg = Release|Any CPU
		{332F84BC-9829-445D-AF36-A50629CF5885}.Ad-Hoc|x64.Build.0 = Release|Any CPU
		{332F84BC-9829-445D-AF36-A50629CF5885}.Ad-Hoc|x64.Deploy.0 = Release|Any CPU
		{332F84BC-9829-445D-AF36-A50629CF5885}.Ad-Hoc|x86.ActiveCfg = Release|Any CPU
		{332F84BC-9829-445D-AF36-A50629CF5885}.Ad-Hoc|x86.Build.0 = Release|Any CPU
		{332F84BC-9829-445D-AF36-A50629CF5885}.Ad-Hoc|x86.Deploy.0 = Release|Any CPU
		{332F84BC-9829-445D-AF36-A50629CF5885}.AppStore|Any CPU.ActiveCfg = Release|Any CPU
		{332F84BC-9829-445D-AF36-A50629CF5885}.AppStore|Any CPU.Build.0 = Release|Any CPU
		{332F84BC-9829-445D-AF36-A50629CF5885}.AppStore|Any CPU.Deploy.0 = Release|Any CPU
		{332F84BC-9829-445D-AF36-A50629CF5885}.AppStore|ARM.ActiveCfg = Release|Any CPU
		{332F84BC-9829-445D-AF36-A50629CF5885}.AppStore|ARM.Build.0 = Release|Any CPU
		{332F84BC-9829-445D-AF36-A50629CF5885}.AppStore|ARM.Deploy.0 = Release|Any CPU
		{332F84BC-9829-445D-AF36-A50629CF5885}.AppStore|iPhone.ActiveCfg = Release|Any CPU
		{332F84BC-9829-445D-AF36-A50629CF5885}.AppStore|iPhone.Build.0 = Release|Any CPU
		{332F84BC-9829-445D-AF36-A50629CF5885}.AppStore|iPhone.Deploy.0 = Release|Any CPU
		{332F84BC-9829-445D-AF36-A50629CF5885}.AppStore|iPhoneSimulator.ActiveCfg = Release|Any CPU
		{332F84BC-9829-445D-AF36-A50629CF5885}.AppStore|iPhoneSimulator.Build.0 = Release|Any CPU
		{332F84BC-9829-445D-AF36-A50629CF5885}.AppStore|iPhoneSimulator.Deploy.0 = Release|Any CPU
		{332F84BC-9829-445D-AF36-A50629CF5885}.AppStore|x64.ActiveCfg = Release|Any CPU
		{332F84BC-9829-445D-AF36-A50629CF5885}.AppStore|x64.Build.0 = Release|Any CPU
		{332F84BC-9829-445D-AF36-A50629CF5885}.AppStore|x64.Deploy.0 = Release|Any CPU
		{332F84BC-9829-445D-AF36-A50629CF5885}.AppStore|x86.ActiveCfg = Release|Any CPU
		{332F84BC-9829-445D-AF36-A50629CF5885}.AppStore|x86.Build.0 = Release|Any CPU
		{332F84BC-9829-445D-AF36-A50629CF5885}.AppStore|x86.Deploy.0 = Release|Any CPU
		{332F84BC-9829-445D-AF36-A50629CF5885}.Debug|Any CPU.ActiveCfg = Debug|Any CPU
		{332F84BC-9829-445D-AF36-A50629CF5885}.Debug|Any CPU.Build.0 = Debug|Any CPU
		{332F84BC-9829-445D-AF36-A50629CF5885}.Debug|Any CPU.Deploy.0 = Debug|Any CPU
		{332F84BC-9829-445D-AF36-A50629CF5885}.Debug|ARM.ActiveCfg = Debug|Any CPU
		{332F84BC-9829-445D-AF36-A50629CF5885}.Debug|ARM.Build.0 = Debug|Any CPU
		{332F84BC-9829-445D-AF36-A50629CF5885}.Debug|ARM.Deploy.0 = Debug|Any CPU
		{332F84BC-9829-445D-AF36-A50629CF5885}.Debug|iPhone.ActiveCfg = Debug|Any CPU
		{332F84BC-9829-445D-AF36-A50629CF5885}.Debug|iPhone.Build.0 = Debug|Any CPU
		{332F84BC-9829-445D-AF36-A50629CF5885}.Debug|iPhone.Deploy.0 = Debug|Any CPU
		{332F84BC-9829-445D-AF36-A50629CF5885}.Debug|iPhoneSimulator.ActiveCfg = Debug|Any CPU
		{332F84BC-9829-445D-AF36-A50629CF5885}.Debug|iPhoneSimulator.Build.0 = Debug|Any CPU
		{332F84BC-9829-445D-AF36-A50629CF5885}.Debug|iPhoneSimulator.Deploy.0 = Debug|Any CPU
		{332F84BC-9829-445D-AF36-A50629CF5885}.Debug|x64.ActiveCfg = Debug|Any CPU
		{332F84BC-9829-445D-AF36-A50629CF5885}.Debug|x64.Build.0 = Debug|Any CPU
		{332F84BC-9829-445D-AF36-A50629CF5885}.Debug|x64.Deploy.0 = Debug|Any CPU
		{332F84BC-9829-445D-AF36-A50629CF5885}.Debug|x86.ActiveCfg = Debug|Any CPU
		{332F84BC-9829-445D-AF36-A50629CF5885}.Debug|x86.Build.0 = Debug|Any CPU
		{332F84BC-9829-445D-AF36-A50629CF5885}.Debug|x86.Deploy.0 = Debug|Any CPU
		{332F84BC-9829-445D-AF36-A50629CF5885}.Release|Any CPU.ActiveCfg = Release|Any CPU
		{332F84BC-9829-445D-AF36-A50629CF5885}.Release|Any CPU.Build.0 = Release|Any CPU
		{332F84BC-9829-445D-AF36-A50629CF5885}.Release|Any CPU.Deploy.0 = Release|Any CPU
		{332F84BC-9829-445D-AF36-A50629CF5885}.Release|ARM.ActiveCfg = Release|Any CPU
		{332F84BC-9829-445D-AF36-A50629CF5885}.Release|ARM.Build.0 = Release|Any CPU
		{332F84BC-9829-445D-AF36-A50629CF5885}.Release|ARM.Deploy.0 = Release|Any CPU
		{332F84BC-9829-445D-AF36-A50629CF5885}.Release|iPhone.ActiveCfg = Release|Any CPU
		{332F84BC-9829-445D-AF36-A50629CF5885}.Release|iPhone.Build.0 = Release|Any CPU
		{332F84BC-9829-445D-AF36-A50629CF5885}.Release|iPhone.Deploy.0 = Release|Any CPU
		{332F84BC-9829-445D-AF36-A50629CF5885}.Release|iPhoneSimulator.ActiveCfg = Release|Any CPU
		{332F84BC-9829-445D-AF36-A50629CF5885}.Release|iPhoneSimulator.Build.0 = Release|Any CPU
		{332F84BC-9829-445D-AF36-A50629CF5885}.Release|iPhoneSimulator.Deploy.0 = Release|Any CPU
		{332F84BC-9829-445D-AF36-A50629CF5885}.Release|x64.ActiveCfg = Release|Any CPU
		{332F84BC-9829-445D-AF36-A50629CF5885}.Release|x64.Build.0 = Release|Any CPU
		{332F84BC-9829-445D-AF36-A50629CF5885}.Release|x64.Deploy.0 = Release|Any CPU
		{332F84BC-9829-445D-AF36-A50629CF5885}.Release|x86.ActiveCfg = Release|Any CPU
		{332F84BC-9829-445D-AF36-A50629CF5885}.Release|x86.Build.0 = Release|Any CPU
		{332F84BC-9829-445D-AF36-A50629CF5885}.Release|x86.Deploy.0 = Release|Any CPU
		{39419FBE-B811-4593-9A7E-C902930682A1}.Ad-Hoc|Any CPU.ActiveCfg = Ad-Hoc|iPhone
		{39419FBE-B811-4593-9A7E-C902930682A1}.Ad-Hoc|Any CPU.Build.0 = Ad-Hoc|iPhone
		{39419FBE-B811-4593-9A7E-C902930682A1}.Ad-Hoc|Any CPU.Deploy.0 = Ad-Hoc|iPhone
		{39419FBE-B811-4593-9A7E-C902930682A1}.Ad-Hoc|ARM.ActiveCfg = Ad-Hoc|iPhone
		{39419FBE-B811-4593-9A7E-C902930682A1}.Ad-Hoc|ARM.Build.0 = Ad-Hoc|iPhone
		{39419FBE-B811-4593-9A7E-C902930682A1}.Ad-Hoc|ARM.Deploy.0 = Ad-Hoc|iPhone
		{39419FBE-B811-4593-9A7E-C902930682A1}.Ad-Hoc|iPhone.ActiveCfg = Ad-Hoc|iPhone
		{39419FBE-B811-4593-9A7E-C902930682A1}.Ad-Hoc|iPhone.Build.0 = Ad-Hoc|iPhone
		{39419FBE-B811-4593-9A7E-C902930682A1}.Ad-Hoc|iPhone.Deploy.0 = Ad-Hoc|iPhone
		{39419FBE-B811-4593-9A7E-C902930682A1}.Ad-Hoc|iPhoneSimulator.ActiveCfg = Ad-Hoc|iPhoneSimulator
		{39419FBE-B811-4593-9A7E-C902930682A1}.Ad-Hoc|iPhoneSimulator.Build.0 = Ad-Hoc|iPhoneSimulator
		{39419FBE-B811-4593-9A7E-C902930682A1}.Ad-Hoc|iPhoneSimulator.Deploy.0 = Ad-Hoc|iPhoneSimulator
		{39419FBE-B811-4593-9A7E-C902930682A1}.Ad-Hoc|x64.ActiveCfg = Ad-Hoc|iPhone
		{39419FBE-B811-4593-9A7E-C902930682A1}.Ad-Hoc|x64.Build.0 = Ad-Hoc|iPhone
		{39419FBE-B811-4593-9A7E-C902930682A1}.Ad-Hoc|x64.Deploy.0 = Ad-Hoc|iPhone
		{39419FBE-B811-4593-9A7E-C902930682A1}.Ad-Hoc|x86.ActiveCfg = Ad-Hoc|iPhone
		{39419FBE-B811-4593-9A7E-C902930682A1}.Ad-Hoc|x86.Build.0 = Ad-Hoc|iPhone
		{39419FBE-B811-4593-9A7E-C902930682A1}.Ad-Hoc|x86.Deploy.0 = Ad-Hoc|iPhone
		{39419FBE-B811-4593-9A7E-C902930682A1}.AppStore|Any CPU.ActiveCfg = AppStore|iPhone
		{39419FBE-B811-4593-9A7E-C902930682A1}.AppStore|Any CPU.Build.0 = AppStore|iPhone
		{39419FBE-B811-4593-9A7E-C902930682A1}.AppStore|Any CPU.Deploy.0 = AppStore|iPhone
		{39419FBE-B811-4593-9A7E-C902930682A1}.AppStore|ARM.ActiveCfg = AppStore|iPhone
		{39419FBE-B811-4593-9A7E-C902930682A1}.AppStore|ARM.Build.0 = AppStore|iPhone
		{39419FBE-B811-4593-9A7E-C902930682A1}.AppStore|ARM.Deploy.0 = AppStore|iPhone
		{39419FBE-B811-4593-9A7E-C902930682A1}.AppStore|iPhone.ActiveCfg = AppStore|iPhone
		{39419FBE-B811-4593-9A7E-C902930682A1}.AppStore|iPhone.Build.0 = AppStore|iPhone
		{39419FBE-B811-4593-9A7E-C902930682A1}.AppStore|iPhone.Deploy.0 = AppStore|iPhone
		{39419FBE-B811-4593-9A7E-C902930682A1}.AppStore|iPhoneSimulator.ActiveCfg = AppStore|iPhoneSimulator
		{39419FBE-B811-4593-9A7E-C902930682A1}.AppStore|iPhoneSimulator.Build.0 = AppStore|iPhoneSimulator
		{39419FBE-B811-4593-9A7E-C902930682A1}.AppStore|iPhoneSimulator.Deploy.0 = AppStore|iPhoneSimulator
		{39419FBE-B811-4593-9A7E-C902930682A1}.AppStore|x64.ActiveCfg = AppStore|iPhone
		{39419FBE-B811-4593-9A7E-C902930682A1}.AppStore|x64.Build.0 = AppStore|iPhone
		{39419FBE-B811-4593-9A7E-C902930682A1}.AppStore|x64.Deploy.0 = AppStore|iPhone
		{39419FBE-B811-4593-9A7E-C902930682A1}.AppStore|x86.ActiveCfg = AppStore|iPhone
		{39419FBE-B811-4593-9A7E-C902930682A1}.AppStore|x86.Build.0 = AppStore|iPhone
		{39419FBE-B811-4593-9A7E-C902930682A1}.AppStore|x86.Deploy.0 = AppStore|iPhone
		{39419FBE-B811-4593-9A7E-C902930682A1}.Debug|Any CPU.ActiveCfg = Debug|iPhoneSimulator
		{39419FBE-B811-4593-9A7E-C902930682A1}.Debug|Any CPU.Build.0 = Debug|iPhoneSimulator
		{39419FBE-B811-4593-9A7E-C902930682A1}.Debug|Any CPU.Deploy.0 = Debug|iPhoneSimulator
		{39419FBE-B811-4593-9A7E-C902930682A1}.Debug|ARM.ActiveCfg = Debug|iPhone
		{39419FBE-B811-4593-9A7E-C902930682A1}.Debug|ARM.Build.0 = Debug|iPhone
		{39419FBE-B811-4593-9A7E-C902930682A1}.Debug|ARM.Deploy.0 = Debug|iPhone
		{39419FBE-B811-4593-9A7E-C902930682A1}.Debug|iPhone.ActiveCfg = Debug|iPhone
		{39419FBE-B811-4593-9A7E-C902930682A1}.Debug|iPhone.Build.0 = Debug|iPhone
		{39419FBE-B811-4593-9A7E-C902930682A1}.Debug|iPhone.Deploy.0 = Debug|iPhone
		{39419FBE-B811-4593-9A7E-C902930682A1}.Debug|iPhoneSimulator.ActiveCfg = Debug|iPhoneSimulator
		{39419FBE-B811-4593-9A7E-C902930682A1}.Debug|iPhoneSimulator.Build.0 = Debug|iPhoneSimulator
		{39419FBE-B811-4593-9A7E-C902930682A1}.Debug|iPhoneSimulator.Deploy.0 = Debug|iPhoneSimulator
		{39419FBE-B811-4593-9A7E-C902930682A1}.Debug|x64.ActiveCfg = Debug|iPhone
		{39419FBE-B811-4593-9A7E-C902930682A1}.Debug|x64.Build.0 = Debug|iPhone
		{39419FBE-B811-4593-9A7E-C902930682A1}.Debug|x64.Deploy.0 = Debug|iPhone
		{39419FBE-B811-4593-9A7E-C902930682A1}.Debug|x86.ActiveCfg = Debug|iPhone
		{39419FBE-B811-4593-9A7E-C902930682A1}.Debug|x86.Build.0 = Debug|iPhone
		{39419FBE-B811-4593-9A7E-C902930682A1}.Debug|x86.Deploy.0 = Debug|iPhone
		{39419FBE-B811-4593-9A7E-C902930682A1}.Release|Any CPU.ActiveCfg = Release|iPhone
		{39419FBE-B811-4593-9A7E-C902930682A1}.Release|Any CPU.Build.0 = Release|iPhone
		{39419FBE-B811-4593-9A7E-C902930682A1}.Release|Any CPU.Deploy.0 = Release|iPhone
		{39419FBE-B811-4593-9A7E-C902930682A1}.Release|ARM.ActiveCfg = Release|iPhone
		{39419FBE-B811-4593-9A7E-C902930682A1}.Release|ARM.Build.0 = Release|iPhone
		{39419FBE-B811-4593-9A7E-C902930682A1}.Release|ARM.Deploy.0 = Release|iPhone
		{39419FBE-B811-4593-9A7E-C902930682A1}.Release|iPhone.ActiveCfg = Release|iPhone
		{39419FBE-B811-4593-9A7E-C902930682A1}.Release|iPhone.Build.0 = Release|iPhone
		{39419FBE-B811-4593-9A7E-C902930682A1}.Release|iPhone.Deploy.0 = Release|iPhone
		{39419FBE-B811-4593-9A7E-C902930682A1}.Release|iPhoneSimulator.ActiveCfg = Release|iPhoneSimulator
		{39419FBE-B811-4593-9A7E-C902930682A1}.Release|iPhoneSimulator.Build.0 = Release|iPhoneSimulator
		{39419FBE-B811-4593-9A7E-C902930682A1}.Release|iPhoneSimulator.Deploy.0 = Release|iPhoneSimulator
		{39419FBE-B811-4593-9A7E-C902930682A1}.Release|x64.ActiveCfg = Release|iPhone
		{39419FBE-B811-4593-9A7E-C902930682A1}.Release|x64.Build.0 = Release|iPhone
		{39419FBE-B811-4593-9A7E-C902930682A1}.Release|x64.Deploy.0 = Release|iPhone
		{39419FBE-B811-4593-9A7E-C902930682A1}.Release|x86.ActiveCfg = Release|iPhone
		{39419FBE-B811-4593-9A7E-C902930682A1}.Release|x86.Build.0 = Release|iPhone
		{39419FBE-B811-4593-9A7E-C902930682A1}.Release|x86.Deploy.0 = Release|iPhone
		{55189292-3E5F-43DC-9EBF-F573F8374F7A}.Ad-Hoc|Any CPU.ActiveCfg = Release|x86
		{55189292-3E5F-43DC-9EBF-F573F8374F7A}.Ad-Hoc|Any CPU.Build.0 = Release|x86
		{55189292-3E5F-43DC-9EBF-F573F8374F7A}.Ad-Hoc|Any CPU.Deploy.0 = Release|x86
		{55189292-3E5F-43DC-9EBF-F573F8374F7A}.Ad-Hoc|ARM.ActiveCfg = Release|ARM
		{55189292-3E5F-43DC-9EBF-F573F8374F7A}.Ad-Hoc|ARM.Build.0 = Release|ARM
		{55189292-3E5F-43DC-9EBF-F573F8374F7A}.Ad-Hoc|ARM.Deploy.0 = Release|ARM
		{55189292-3E5F-43DC-9EBF-F573F8374F7A}.Ad-Hoc|iPhone.ActiveCfg = Release|x86
		{55189292-3E5F-43DC-9EBF-F573F8374F7A}.Ad-Hoc|iPhone.Build.0 = Release|x86
		{55189292-3E5F-43DC-9EBF-F573F8374F7A}.Ad-Hoc|iPhone.Deploy.0 = Release|x86
		{55189292-3E5F-43DC-9EBF-F573F8374F7A}.Ad-Hoc|iPhoneSimulator.ActiveCfg = Release|x86
		{55189292-3E5F-43DC-9EBF-F573F8374F7A}.Ad-Hoc|iPhoneSimulator.Build.0 = Release|x86
		{55189292-3E5F-43DC-9EBF-F573F8374F7A}.Ad-Hoc|iPhoneSimulator.Deploy.0 = Release|x86
		{55189292-3E5F-43DC-9EBF-F573F8374F7A}.Ad-Hoc|x64.ActiveCfg = Release|x64
		{55189292-3E5F-43DC-9EBF-F573F8374F7A}.Ad-Hoc|x64.Build.0 = Release|x64
		{55189292-3E5F-43DC-9EBF-F573F8374F7A}.Ad-Hoc|x64.Deploy.0 = Release|x64
		{55189292-3E5F-43DC-9EBF-F573F8374F7A}.Ad-Hoc|x86.ActiveCfg = Release|x86
		{55189292-3E5F-43DC-9EBF-F573F8374F7A}.Ad-Hoc|x86.Build.0 = Release|x86
		{55189292-3E5F-43DC-9EBF-F573F8374F7A}.Ad-Hoc|x86.Deploy.0 = Release|x86
		{55189292-3E5F-43DC-9EBF-F573F8374F7A}.AppStore|Any CPU.ActiveCfg = Release|x86
		{55189292-3E5F-43DC-9EBF-F573F8374F7A}.AppStore|Any CPU.Build.0 = Release|x86
		{55189292-3E5F-43DC-9EBF-F573F8374F7A}.AppStore|Any CPU.Deploy.0 = Release|x86
		{55189292-3E5F-43DC-9EBF-F573F8374F7A}.AppStore|ARM.ActiveCfg = Release|ARM
		{55189292-3E5F-43DC-9EBF-F573F8374F7A}.AppStore|ARM.Build.0 = Release|ARM
		{55189292-3E5F-43DC-9EBF-F573F8374F7A}.AppStore|ARM.Deploy.0 = Release|ARM
		{55189292-3E5F-43DC-9EBF-F573F8374F7A}.AppStore|iPhone.ActiveCfg = Release|x86
		{55189292-3E5F-43DC-9EBF-F573F8374F7A}.AppStore|iPhone.Build.0 = Release|x86
		{55189292-3E5F-43DC-9EBF-F573F8374F7A}.AppStore|iPhone.Deploy.0 = Release|x86
		{55189292-3E5F-43DC-9EBF-F573F8374F7A}.AppStore|iPhoneSimulator.ActiveCfg = Release|x86
		{55189292-3E5F-43DC-9EBF-F573F8374F7A}.AppStore|iPhoneSimulator.Build.0 = Release|x86
		{55189292-3E5F-43DC-9EBF-F573F8374F7A}.AppStore|iPhoneSimulator.Deploy.0 = Release|x86
		{55189292-3E5F-43DC-9EBF-F573F8374F7A}.AppStore|x64.ActiveCfg = Release|x64
		{55189292-3E5F-43DC-9EBF-F573F8374F7A}.AppStore|x64.Build.0 = Release|x64
		{55189292-3E5F-43DC-9EBF-F573F8374F7A}.AppStore|x64.Deploy.0 = Release|x64
		{55189292-3E5F-43DC-9EBF-F573F8374F7A}.AppStore|x86.ActiveCfg = Release|x86
		{55189292-3E5F-43DC-9EBF-F573F8374F7A}.AppStore|x86.Build.0 = Release|x86
		{55189292-3E5F-43DC-9EBF-F573F8374F7A}.AppStore|x86.Deploy.0 = Release|x86
		{55189292-3E5F-43DC-9EBF-F573F8374F7A}.Debug|Any CPU.ActiveCfg = Debug|x86
		{55189292-3E5F-43DC-9EBF-F573F8374F7A}.Debug|Any CPU.Build.0 = Debug|x86
		{55189292-3E5F-43DC-9EBF-F573F8374F7A}.Debug|Any CPU.Deploy.0 = Debug|x86
		{55189292-3E5F-43DC-9EBF-F573F8374F7A}.Debug|ARM.ActiveCfg = Debug|ARM
		{55189292-3E5F-43DC-9EBF-F573F8374F7A}.Debug|ARM.Build.0 = Debug|ARM
		{55189292-3E5F-43DC-9EBF-F573F8374F7A}.Debug|ARM.Deploy.0 = Debug|ARM
		{55189292-3E5F-43DC-9EBF-F573F8374F7A}.Debug|iPhone.ActiveCfg = Debug|x86
		{55189292-3E5F-43DC-9EBF-F573F8374F7A}.Debug|iPhone.Build.0 = Debug|x86
		{55189292-3E5F-43DC-9EBF-F573F8374F7A}.Debug|iPhone.Deploy.0 = Debug|x86
		{55189292-3E5F-43DC-9EBF-F573F8374F7A}.Debug|iPhoneSimulator.ActiveCfg = Debug|x86
		{55189292-3E5F-43DC-9EBF-F573F8374F7A}.Debug|iPhoneSimulator.Build.0 = Debug|x86
		{55189292-3E5F-43DC-9EBF-F573F8374F7A}.Debug|iPhoneSimulator.Deploy.0 = Debug|x86
		{55189292-3E5F-43DC-9EBF-F573F8374F7A}.Debug|x64.ActiveCfg = Debug|x64
		{55189292-3E5F-43DC-9EBF-F573F8374F7A}.Debug|x64.Build.0 = Debug|x64
		{55189292-3E5F-43DC-9EBF-F573F8374F7A}.Debug|x64.Deploy.0 = Debug|x64
		{55189292-3E5F-43DC-9EBF-F573F8374F7A}.Debug|x86.ActiveCfg = Debug|x86
		{55189292-3E5F-43DC-9EBF-F573F8374F7A}.Debug|x86.Build.0 = Debug|x86
		{55189292-3E5F-43DC-9EBF-F573F8374F7A}.Debug|x86.Deploy.0 = Debug|x86
		{55189292-3E5F-43DC-9EBF-F573F8374F7A}.Release|Any CPU.ActiveCfg = Release|x86
		{55189292-3E5F-43DC-9EBF-F573F8374F7A}.Release|Any CPU.Build.0 = Release|x86
		{55189292-3E5F-43DC-9EBF-F573F8374F7A}.Release|Any CPU.Deploy.0 = Release|x86
		{55189292-3E5F-43DC-9EBF-F573F8374F7A}.Release|ARM.ActiveCfg = Release|ARM
		{55189292-3E5F-43DC-9EBF-F573F8374F7A}.Release|ARM.Build.0 = Release|ARM
		{55189292-3E5F-43DC-9EBF-F573F8374F7A}.Release|ARM.Deploy.0 = Release|ARM
		{55189292-3E5F-43DC-9EBF-F573F8374F7A}.Release|iPhone.ActiveCfg = Release|x86
		{55189292-3E5F-43DC-9EBF-F573F8374F7A}.Release|iPhone.Build.0 = Release|x86
		{55189292-3E5F-43DC-9EBF-F573F8374F7A}.Release|iPhone.Deploy.0 = Release|x86
		{55189292-3E5F-43DC-9EBF-F573F8374F7A}.Release|iPhoneSimulator.ActiveCfg = Release|x86
		{55189292-3E5F-43DC-9EBF-F573F8374F7A}.Release|iPhoneSimulator.Build.0 = Release|x86
		{55189292-3E5F-43DC-9EBF-F573F8374F7A}.Release|iPhoneSimulator.Deploy.0 = Release|x86
		{55189292-3E5F-43DC-9EBF-F573F8374F7A}.Release|x64.ActiveCfg = Release|x64
		{55189292-3E5F-43DC-9EBF-F573F8374F7A}.Release|x64.Build.0 = Release|x64
		{55189292-3E5F-43DC-9EBF-F573F8374F7A}.Release|x64.Deploy.0 = Release|x64
		{55189292-3E5F-43DC-9EBF-F573F8374F7A}.Release|x86.ActiveCfg = Release|x86
		{55189292-3E5F-43DC-9EBF-F573F8374F7A}.Release|x86.Build.0 = Release|x86
		{55189292-3E5F-43DC-9EBF-F573F8374F7A}.Release|x86.Deploy.0 = Release|x86
		{2853CAE9-438F-4004-8E68-6A184CD95E7E}.Ad-Hoc|Any CPU.ActiveCfg = Debug|Any CPU
		{2853CAE9-438F-4004-8E68-6A184CD95E7E}.Ad-Hoc|Any CPU.Build.0 = Debug|Any CPU
		{2853CAE9-438F-4004-8E68-6A184CD95E7E}.Ad-Hoc|Any CPU.Deploy.0 = Debug|Any CPU
		{2853CAE9-438F-4004-8E68-6A184CD95E7E}.Ad-Hoc|ARM.ActiveCfg = Debug|Any CPU
		{2853CAE9-438F-4004-8E68-6A184CD95E7E}.Ad-Hoc|ARM.Build.0 = Debug|Any CPU
		{2853CAE9-438F-4004-8E68-6A184CD95E7E}.Ad-Hoc|ARM.Deploy.0 = Debug|Any CPU
		{2853CAE9-438F-4004-8E68-6A184CD95E7E}.Ad-Hoc|iPhone.ActiveCfg = Debug|Any CPU
		{2853CAE9-438F-4004-8E68-6A184CD95E7E}.Ad-Hoc|iPhone.Build.0 = Debug|Any CPU
		{2853CAE9-438F-4004-8E68-6A184CD95E7E}.Ad-Hoc|iPhone.Deploy.0 = Debug|Any CPU
		{2853CAE9-438F-4004-8E68-6A184CD95E7E}.Ad-Hoc|iPhoneSimulator.ActiveCfg = Debug|Any CPU
		{2853CAE9-438F-4004-8E68-6A184CD95E7E}.Ad-Hoc|iPhoneSimulator.Build.0 = Debug|Any CPU
		{2853CAE9-438F-4004-8E68-6A184CD95E7E}.Ad-Hoc|iPhoneSimulator.Deploy.0 = Debug|Any CPU
		{2853CAE9-438F-4004-8E68-6A184CD95E7E}.Ad-Hoc|x64.ActiveCfg = Debug|Any CPU
		{2853CAE9-438F-4004-8E68-6A184CD95E7E}.Ad-Hoc|x64.Build.0 = Debug|Any CPU
		{2853CAE9-438F-4004-8E68-6A184CD95E7E}.Ad-Hoc|x64.Deploy.0 = Debug|Any CPU
		{2853CAE9-438F-4004-8E68-6A184CD95E7E}.Ad-Hoc|x86.ActiveCfg = Debug|Any CPU
		{2853CAE9-438F-4004-8E68-6A184CD95E7E}.Ad-Hoc|x86.Build.0 = Debug|Any CPU
		{2853CAE9-438F-4004-8E68-6A184CD95E7E}.Ad-Hoc|x86.Deploy.0 = Debug|Any CPU
		{2853CAE9-438F-4004-8E68-6A184CD95E7E}.AppStore|Any CPU.ActiveCfg = Debug|Any CPU
		{2853CAE9-438F-4004-8E68-6A184CD95E7E}.AppStore|Any CPU.Build.0 = Debug|Any CPU
		{2853CAE9-438F-4004-8E68-6A184CD95E7E}.AppStore|Any CPU.Deploy.0 = Debug|Any CPU
		{2853CAE9-438F-4004-8E68-6A184CD95E7E}.AppStore|ARM.ActiveCfg = Debug|Any CPU
		{2853CAE9-438F-4004-8E68-6A184CD95E7E}.AppStore|ARM.Build.0 = Debug|Any CPU
		{2853CAE9-438F-4004-8E68-6A184CD95E7E}.AppStore|ARM.Deploy.0 = Debug|Any CPU
		{2853CAE9-438F-4004-8E68-6A184CD95E7E}.AppStore|iPhone.ActiveCfg = Debug|Any CPU
		{2853CAE9-438F-4004-8E68-6A184CD95E7E}.AppStore|iPhone.Build.0 = Debug|Any CPU
		{2853CAE9-438F-4004-8E68-6A184CD95E7E}.AppStore|iPhone.Deploy.0 = Debug|Any CPU
		{2853CAE9-438F-4004-8E68-6A184CD95E7E}.AppStore|iPhoneSimulator.ActiveCfg = Debug|Any CPU
		{2853CAE9-438F-4004-8E68-6A184CD95E7E}.AppStore|iPhoneSimulator.Build.0 = Debug|Any CPU
		{2853CAE9-438F-4004-8E68-6A184CD95E7E}.AppStore|iPhoneSimulator.Deploy.0 = Debug|Any CPU
		{2853CAE9-438F-4004-8E68-6A184CD95E7E}.AppStore|x64.ActiveCfg = Debug|Any CPU
		{2853CAE9-438F-4004-8E68-6A184CD95E7E}.AppStore|x64.Build.0 = Debug|Any CPU
		{2853CAE9-438F-4004-8E68-6A184CD95E7E}.AppStore|x64.Deploy.0 = Debug|Any CPU
		{2853CAE9-438F-4004-8E68-6A184CD95E7E}.AppStore|x86.ActiveCfg = Debug|Any CPU
		{2853CAE9-438F-4004-8E68-6A184CD95E7E}.AppStore|x86.Build.0 = Debug|Any CPU
		{2853CAE9-438F-4004-8E68-6A184CD95E7E}.AppStore|x86.Deploy.0 = Debug|Any CPU
		{2853CAE9-438F-4004-8E68-6A184CD95E7E}.Debug|Any CPU.ActiveCfg = Debug|Any CPU
		{2853CAE9-438F-4004-8E68-6A184CD95E7E}.Debug|Any CPU.Build.0 = Debug|Any CPU
		{2853CAE9-438F-4004-8E68-6A184CD95E7E}.Debug|Any CPU.Deploy.0 = Debug|Any CPU
		{2853CAE9-438F-4004-8E68-6A184CD95E7E}.Debug|ARM.ActiveCfg = Debug|Any CPU
		{2853CAE9-438F-4004-8E68-6A184CD95E7E}.Debug|ARM.Build.0 = Debug|Any CPU
		{2853CAE9-438F-4004-8E68-6A184CD95E7E}.Debug|ARM.Deploy.0 = Debug|Any CPU
		{2853CAE9-438F-4004-8E68-6A184CD95E7E}.Debug|iPhone.ActiveCfg = Debug|Any CPU
		{2853CAE9-438F-4004-8E68-6A184CD95E7E}.Debug|iPhone.Build.0 = Debug|Any CPU
		{2853CAE9-438F-4004-8E68-6A184CD95E7E}.Debug|iPhone.Deploy.0 = Debug|Any CPU
		{2853CAE9-438F-4004-8E68-6A184CD95E7E}.Debug|iPhoneSimulator.ActiveCfg = Debug|Any CPU
		{2853CAE9-438F-4004-8E68-6A184CD95E7E}.Debug|iPhoneSimulator.Build.0 = Debug|Any CPU
		{2853CAE9-438F-4004-8E68-6A184CD95E7E}.Debug|iPhoneSimulator.Deploy.0 = Debug|Any CPU
		{2853CAE9-438F-4004-8E68-6A184CD95E7E}.Debug|x64.ActiveCfg = Debug|Any CPU
		{2853CAE9-438F-4004-8E68-6A184CD95E7E}.Debug|x64.Build.0 = Debug|Any CPU
		{2853CAE9-438F-4004-8E68-6A184CD95E7E}.Debug|x64.Deploy.0 = Debug|Any CPU
		{2853CAE9-438F-4004-8E68-6A184CD95E7E}.Debug|x86.ActiveCfg = Debug|Any CPU
		{2853CAE9-438F-4004-8E68-6A184CD95E7E}.Debug|x86.Build.0 = Debug|Any CPU
		{2853CAE9-438F-4004-8E68-6A184CD95E7E}.Debug|x86.Deploy.0 = Debug|Any CPU
		{2853CAE9-438F-4004-8E68-6A184CD95E7E}.Release|Any CPU.ActiveCfg = Release|Any CPU
		{2853CAE9-438F-4004-8E68-6A184CD95E7E}.Release|Any CPU.Build.0 = Release|Any CPU
		{2853CAE9-438F-4004-8E68-6A184CD95E7E}.Release|Any CPU.Deploy.0 = Release|Any CPU
		{2853CAE9-438F-4004-8E68-6A184CD95E7E}.Release|ARM.ActiveCfg = Release|Any CPU
		{2853CAE9-438F-4004-8E68-6A184CD95E7E}.Release|ARM.Build.0 = Release|Any CPU
		{2853CAE9-438F-4004-8E68-6A184CD95E7E}.Release|ARM.Deploy.0 = Release|Any CPU
		{2853CAE9-438F-4004-8E68-6A184CD95E7E}.Release|iPhone.ActiveCfg = Release|Any CPU
		{2853CAE9-438F-4004-8E68-6A184CD95E7E}.Release|iPhone.Build.0 = Release|Any CPU
		{2853CAE9-438F-4004-8E68-6A184CD95E7E}.Release|iPhone.Deploy.0 = Release|Any CPU
		{2853CAE9-438F-4004-8E68-6A184CD95E7E}.Release|iPhoneSimulator.ActiveCfg = Release|Any CPU
		{2853CAE9-438F-4004-8E68-6A184CD95E7E}.Release|iPhoneSimulator.Build.0 = Release|Any CPU
		{2853CAE9-438F-4004-8E68-6A184CD95E7E}.Release|iPhoneSimulator.Deploy.0 = Release|Any CPU
		{2853CAE9-438F-4004-8E68-6A184CD95E7E}.Release|x64.ActiveCfg = Release|Any CPU
		{2853CAE9-438F-4004-8E68-6A184CD95E7E}.Release|x64.Build.0 = Release|Any CPU
		{2853CAE9-438F-4004-8E68-6A184CD95E7E}.Release|x64.Deploy.0 = Release|Any CPU
		{2853CAE9-438F-4004-8E68-6A184CD95E7E}.Release|x86.ActiveCfg = Release|Any CPU
		{2853CAE9-438F-4004-8E68-6A184CD95E7E}.Release|x86.Build.0 = Release|Any CPU
		{2853CAE9-438F-4004-8E68-6A184CD95E7E}.Release|x86.Deploy.0 = Release|Any CPU
	EndGlobalSection
	GlobalSection(SolutionProperties) = preSolution
		HideSolutionNode = FALSE
	EndGlobalSection
	GlobalSection(ExtensibilityGlobals) = postSolution
		SolutionGuid = {D6ABBA3B-671A-4311-B679-55B3907F0307}
	EndGlobalSection
EndGlobal
