
Microsoft Visual Studio Solution File, Format Version 12.00
# Visual Studio 15
VisualStudioVersion = 15.0.28010.2041
MinimumVisualStudioVersion = 10.0.40219.1
Project("{FAE04EC0-301F-11D3-BF4B-00C04F79EFBC}") = "CheckboxDemo.Android", "CheckboxDemo\CheckboxDemo.Android\CheckboxDemo.Android.csproj", "{2664E167-96A4-40C9-A833-5CA3571C6045}"
EndProject
Project("{FAE04EC0-301F-11D3-BF4B-00C04F79EFBC}") = "CheckboxDemo.iOS", "CheckboxDemo\CheckboxDemo.iOS\CheckboxDemo.iOS.csproj", "{9AA732BE-E9DC-46A1-A9B4-A0859FDA99C6}"
EndProject
Project("{FAE04EC0-301F-11D3-BF4B-00C04F79EFBC}") = "CheckboxDemo.UWP", "CheckboxDemo\CheckboxDemo.UWP\CheckboxDemo.UWP.csproj", "{6BE0F5AE-2DCB-4FF8-8A6A-69F70AD4EB1D}"
EndProject
Project("{FAE04EC0-301F-11D3-BF4B-00C04F79EFBC}") = "CheckboxDemo", "CheckboxDemo\CheckboxDemo\CheckboxDemo.csproj", "{CF5FD387-B0B4-4AD1-A90E-E970E2454D2C}"
	ProjectSection(ProjectDependencies) = postProject
		{0320C0F8-B163-47FD-BF08-64A2FF845A46} = {0320C0F8-B163-47FD-BF08-64A2FF845A46}
	EndProjectSection
EndProject
Project("{9A19103F-16F7-4668-BE54-9A1E7A4F7556}") = "Xamarin.FormsBook.Toolkit", "..\..\..\W3\D2\Xamarin.FormsBook.Toolkit\Xamarin.FormsBook.Toolkit\Xamarin.FormsBook.Toolkit\Xamarin.FormsBook.Toolkit.csproj", "{0320C0F8-B163-47FD-BF08-64A2FF845A46}"
EndProject
Global
	GlobalSection(SolutionConfigurationPlatforms) = preSolution
		Ad-Hoc|Any CPU = Ad-Hoc|Any CPU
		Ad-Hoc|ARM = Ad-Hoc|ARM
		Ad-Hoc|iPhone = Ad-Hoc|iPhone
		Ad-Hoc|iPhoneSimulator = Ad-Hoc|iPhoneSimulator
		Ad-Hoc|x64 = Ad-Hoc|x64
		Ad-Hoc|x86 = Ad-Hoc|x86
		AppStore|Any CPU = AppStore|Any CPU
		AppStore|ARM = AppStore|ARM
		AppStore|iPhone = AppStore|iPhone
		AppStore|iPhoneSimulator = AppStore|iPhoneSimulator
		AppStore|x64 = AppStore|x64
		AppStore|x86 = AppStore|x86
		Debug|Any CPU = Debug|Any CPU
		Debug|ARM = Debug|ARM
		Debug|iPhone = Debug|iPhone
		Debug|iPhoneSimulator = Debug|iPhoneSimulator
		Debug|x64 = Debug|x64
		Debug|x86 = Debug|x86
		Release|Any CPU = Release|Any CPU
		Release|ARM = Release|ARM
		Release|iPhone = Release|iPhone
		Release|iPhoneSimulator = Release|iPhoneSimulator
		Release|x64 = Release|x64
		Release|x86 = Release|x86
	EndGlobalSection
	GlobalSection(ProjectConfigurationPlatforms) = postSolution
		{2664E167-96A4-40C9-A833-5CA3571C6045}.Ad-Hoc|Any CPU.ActiveCfg = Release|Any CPU
		{2664E167-96A4-40C9-A833-5CA3571C6045}.Ad-Hoc|Any CPU.Build.0 = Release|Any CPU
		{2664E167-96A4-40C9-A833-5CA3571C6045}.Ad-Hoc|Any CPU.Deploy.0 = Release|Any CPU
		{2664E167-96A4-40C9-A833-5CA3571C6045}.Ad-Hoc|ARM.ActiveCfg = Release|Any CPU
		{2664E167-96A4-40C9-A833-5CA3571C6045}.Ad-Hoc|ARM.Build.0 = Release|Any CPU
		{2664E167-96A4-40C9-A833-5CA3571C6045}.Ad-Hoc|ARM.Deploy.0 = Release|Any CPU
		{2664E167-96A4-40C9-A833-5CA3571C6045}.Ad-Hoc|iPhone.ActiveCfg = Release|Any CPU
		{2664E167-96A4-40C9-A833-5CA3571C6045}.Ad-Hoc|iPhone.Build.0 = Release|Any CPU
		{2664E167-96A4-40C9-A833-5CA3571C6045}.Ad-Hoc|iPhone.Deploy.0 = Release|Any CPU
		{2664E167-96A4-40C9-A833-5CA3571C6045}.Ad-Hoc|iPhoneSimulator.ActiveCfg = Release|Any CPU
		{2664E167-96A4-40C9-A833-5CA3571C6045}.Ad-Hoc|iPhoneSimulator.Build.0 = Release|Any CPU
		{2664E167-96A4-40C9-A833-5CA3571C6045}.Ad-Hoc|iPhoneSimulator.Deploy.0 = Release|Any CPU
		{2664E167-96A4-40C9-A833-5CA3571C6045}.Ad-Hoc|x64.ActiveCfg = Release|Any CPU
		{2664E167-96A4-40C9-A833-5CA3571C6045}.Ad-Hoc|x64.Build.0 = Release|Any CPU
		{2664E167-96A4-40C9-A833-5CA3571C6045}.Ad-Hoc|x64.Deploy.0 = Release|Any CPU
		{2664E167-96A4-40C9-A833-5CA3571C6045}.Ad-Hoc|x86.ActiveCfg = Release|Any CPU
		{2664E167-96A4-40C9-A833-5CA3571C6045}.Ad-Hoc|x86.Build.0 = Release|Any CPU
		{2664E167-96A4-40C9-A833-5CA3571C6045}.Ad-Hoc|x86.Deploy.0 = Release|Any CPU
		{2664E167-96A4-40C9-A833-5CA3571C6045}.AppStore|Any CPU.ActiveCfg = Release|Any CPU
		{2664E167-96A4-40C9-A833-5CA3571C6045}.AppStore|Any CPU.Build.0 = Release|Any CPU
		{2664E167-96A4-40C9-A833-5CA3571C6045}.AppStore|Any CPU.Deploy.0 = Release|Any CPU
		{2664E167-96A4-40C9-A833-5CA3571C6045}.AppStore|ARM.ActiveCfg = Release|Any CPU
		{2664E167-96A4-40C9-A833-5CA3571C6045}.AppStore|ARM.Build.0 = Release|Any CPU
		{2664E167-96A4-40C9-A833-5CA3571C6045}.AppStore|ARM.Deploy.0 = Release|Any CPU
		{2664E167-96A4-40C9-A833-5CA3571C6045}.AppStore|iPhone.ActiveCfg = Release|Any CPU
		{2664E167-96A4-40C9-A833-5CA3571C6045}.AppStore|iPhone.Build.0 = Release|Any CPU
		{2664E167-96A4-40C9-A833-5CA3571C6045}.AppStore|iPhone.Deploy.0 = Release|Any CPU
		{2664E167-96A4-40C9-A833-5CA3571C6045}.AppStore|iPhoneSimulator.ActiveCfg = Release|Any CPU
		{2664E167-96A4-40C9-A833-5CA3571C6045}.AppStore|iPhoneSimulator.Build.0 = Release|Any CPU
		{2664E167-96A4-40C9-A833-5CA3571C6045}.AppStore|iPhoneSimulator.Deploy.0 = Release|Any CPU
		{2664E167-96A4-40C9-A833-5CA3571C6045}.AppStore|x64.ActiveCfg = Release|Any CPU
		{2664E167-96A4-40C9-A833-5CA3571C6045}.AppStore|x64.Build.0 = Release|Any CPU
		{2664E167-96A4-40C9-A833-5CA3571C6045}.AppStore|x64.Deploy.0 = Release|Any CPU
		{2664E167-96A4-40C9-A833-5CA3571C6045}.AppStore|x86.ActiveCfg = Release|Any CPU
		{2664E167-96A4-40C9-A833-5CA3571C6045}.AppStore|x86.Build.0 = Release|Any CPU
		{2664E167-96A4-40C9-A833-5CA3571C6045}.AppStore|x86.Deploy.0 = Release|Any CPU
		{2664E167-96A4-40C9-A833-5CA3571C6045}.Debug|Any CPU.ActiveCfg = Debug|Any CPU
		{2664E167-96A4-40C9-A833-5CA3571C6045}.Debug|Any CPU.Build.0 = Debug|Any CPU
		{2664E167-96A4-40C9-A833-5CA3571C6045}.Debug|Any CPU.Deploy.0 = Debug|Any CPU
		{2664E167-96A4-40C9-A833-5CA3571C6045}.Debug|ARM.ActiveCfg = Debug|Any CPU
		{2664E167-96A4-40C9-A833-5CA3571C6045}.Debug|ARM.Build.0 = Debug|Any CPU
		{2664E167-96A4-40C9-A833-5CA3571C6045}.Debug|ARM.Deploy.0 = Debug|Any CPU
		{2664E167-96A4-40C9-A833-5CA3571C6045}.Debug|iPhone.ActiveCfg = Debug|Any CPU
		{2664E167-96A4-40C9-A833-5CA3571C6045}.Debug|iPhone.Build.0 = Debug|Any CPU
		{2664E167-96A4-40C9-A833-5CA3571C6045}.Debug|iPhone.Deploy.0 = Debug|Any CPU
		{2664E167-96A4-40C9-A833-5CA3571C6045}.Debug|iPhoneSimulator.ActiveCfg = Debug|Any CPU
		{2664E167-96A4-40C9-A833-5CA3571C6045}.Debug|iPhoneSimulator.Build.0 = Debug|Any CPU
		{2664E167-96A4-40C9-A833-5CA3571C6045}.Debug|iPhoneSimulator.Deploy.0 = Debug|Any CPU
		{2664E167-96A4-40C9-A833-5CA3571C6045}.Debug|x64.ActiveCfg = Debug|Any CPU
		{2664E167-96A4-40C9-A833-5CA3571C6045}.Debug|x64.Build.0 = Debug|Any CPU
		{2664E167-96A4-40C9-A833-5CA3571C6045}.Debug|x64.Deploy.0 = Debug|Any CPU
		{2664E167-96A4-40C9-A833-5CA3571C6045}.Debug|x86.ActiveCfg = Debug|Any CPU
		{2664E167-96A4-40C9-A833-5CA3571C6045}.Debug|x86.Build.0 = Debug|Any CPU
		{2664E167-96A4-40C9-A833-5CA3571C6045}.Debug|x86.Deploy.0 = Debug|Any CPU
		{2664E167-96A4-40C9-A833-5CA3571C6045}.Release|Any CPU.ActiveCfg = Release|Any CPU
		{2664E167-96A4-40C9-A833-5CA3571C6045}.Release|Any CPU.Build.0 = Release|Any CPU
		{2664E167-96A4-40C9-A833-5CA3571C6045}.Release|Any CPU.Deploy.0 = Release|Any CPU
		{2664E167-96A4-40C9-A833-5CA3571C6045}.Release|ARM.ActiveCfg = Release|Any CPU
		{2664E167-96A4-40C9-A833-5CA3571C6045}.Release|ARM.Build.0 = Release|Any CPU
		{2664E167-96A4-40C9-A833-5CA3571C6045}.Release|ARM.Deploy.0 = Release|Any CPU
		{2664E167-96A4-40C9-A833-5CA3571C6045}.Release|iPhone.ActiveCfg = Release|Any CPU
		{2664E167-96A4-40C9-A833-5CA3571C6045}.Release|iPhone.Build.0 = Release|Any CPU
		{2664E167-96A4-40C9-A833-5CA3571C6045}.Release|iPhone.Deploy.0 = Release|Any CPU
		{2664E167-96A4-40C9-A833-5CA3571C6045}.Release|iPhoneSimulator.ActiveCfg = Release|Any CPU
		{2664E167-96A4-40C9-A833-5CA3571C6045}.Release|iPhoneSimulator.Build.0 = Release|Any CPU
		{2664E167-96A4-40C9-A833-5CA3571C6045}.Release|iPhoneSimulator.Deploy.0 = Release|Any CPU
		{2664E167-96A4-40C9-A833-5CA3571C6045}.Release|x64.ActiveCfg = Release|Any CPU
		{2664E167-96A4-40C9-A833-5CA3571C6045}.Release|x64.Build.0 = Release|Any CPU
		{2664E167-96A4-40C9-A833-5CA3571C6045}.Release|x64.Deploy.0 = Release|Any CPU
		{2664E167-96A4-40C9-A833-5CA3571C6045}.Release|x86.ActiveCfg = Release|Any CPU
		{2664E167-96A4-40C9-A833-5CA3571C6045}.Release|x86.Build.0 = Release|Any CPU
		{2664E167-96A4-40C9-A833-5CA3571C6045}.Release|x86.Deploy.0 = Release|Any CPU
		{9AA732BE-E9DC-46A1-A9B4-A0859FDA99C6}.Ad-Hoc|Any CPU.ActiveCfg = Ad-Hoc|iPhone
		{9AA732BE-E9DC-46A1-A9B4-A0859FDA99C6}.Ad-Hoc|Any CPU.Build.0 = Ad-Hoc|iPhone
		{9AA732BE-E9DC-46A1-A9B4-A0859FDA99C6}.Ad-Hoc|Any CPU.Deploy.0 = Ad-Hoc|iPhone
		{9AA732BE-E9DC-46A1-A9B4-A0859FDA99C6}.Ad-Hoc|ARM.ActiveCfg = Ad-Hoc|iPhone
		{9AA732BE-E9DC-46A1-A9B4-A0859FDA99C6}.Ad-Hoc|ARM.Build.0 = Ad-Hoc|iPhone
		{9AA732BE-E9DC-46A1-A9B4-A0859FDA99C6}.Ad-Hoc|ARM.Deploy.0 = Ad-Hoc|iPhone
		{9AA732BE-E9DC-46A1-A9B4-A0859FDA99C6}.Ad-Hoc|iPhone.ActiveCfg = Ad-Hoc|iPhone
		{9AA732BE-E9DC-46A1-A9B4-A0859FDA99C6}.Ad-Hoc|iPhone.Build.0 = Ad-Hoc|iPhone
		{9AA732BE-E9DC-46A1-A9B4-A0859FDA99C6}.Ad-Hoc|iPhone.Deploy.0 = Ad-Hoc|iPhone
		{9AA732BE-E9DC-46A1-A9B4-A0859FDA99C6}.Ad-Hoc|iPhoneSimulator.ActiveCfg = Ad-Hoc|iPhoneSimulator
		{9AA732BE-E9DC-46A1-A9B4-A0859FDA99C6}.Ad-Hoc|iPhoneSimulator.Build.0 = Ad-Hoc|iPhoneSimulator
		{9AA732BE-E9DC-46A1-A9B4-A0859FDA99C6}.Ad-Hoc|iPhoneSimulator.Deploy.0 = Ad-Hoc|iPhoneSimulator
		{9AA732BE-E9DC-46A1-A9B4-A0859FDA99C6}.Ad-Hoc|x64.ActiveCfg = Ad-Hoc|iPhone
		{9AA732BE-E9DC-46A1-A9B4-A0859FDA99C6}.Ad-Hoc|x64.Build.0 = Ad-Hoc|iPhone
		{9AA732BE-E9DC-46A1-A9B4-A0859FDA99C6}.Ad-Hoc|x64.Deploy.0 = Ad-Hoc|iPhone
		{9AA732BE-E9DC-46A1-A9B4-A0859FDA99C6}.Ad-Hoc|x86.ActiveCfg = Ad-Hoc|iPhone
		{9AA732BE-E9DC-46A1-A9B4-A0859FDA99C6}.Ad-Hoc|x86.Build.0 = Ad-Hoc|iPhone
		{9AA732BE-E9DC-46A1-A9B4-A0859FDA99C6}.Ad-Hoc|x86.Deploy.0 = Ad-Hoc|iPhone
		{9AA732BE-E9DC-46A1-A9B4-A0859FDA99C6}.AppStore|Any CPU.ActiveCfg = AppStore|iPhone
		{9AA732BE-E9DC-46A1-A9B4-A0859FDA99C6}.AppStore|Any CPU.Build.0 = AppStore|iPhone
		{9AA732BE-E9DC-46A1-A9B4-A0859FDA99C6}.AppStore|Any CPU.Deploy.0 = AppStore|iPhone
		{9AA732BE-E9DC-46A1-A9B4-A0859FDA99C6}.AppStore|ARM.ActiveCfg = AppStore|iPhone
		{9AA732BE-E9DC-46A1-A9B4-A0859FDA99C6}.AppStore|ARM.Build.0 = AppStore|iPhone
		{9AA732BE-E9DC-46A1-A9B4-A0859FDA99C6}.AppStore|ARM.Deploy.0 = AppStore|iPhone
		{9AA732BE-E9DC-46A1-A9B4-A0859FDA99C6}.AppStore|iPhone.ActiveCfg = AppStore|iPhone
		{9AA732BE-E9DC-46A1-A9B4-A0859FDA99C6}.AppStore|iPhone.Build.0 = AppStore|iPhone
		{9AA732BE-E9DC-46A1-A9B4-A0859FDA99C6}.AppStore|iPhone.Deploy.0 = AppStore|iPhone
		{9AA732BE-E9DC-46A1-A9B4-A0859FDA99C6}.AppStore|iPhoneSimulator.ActiveCfg = AppStore|iPhoneSimulator
		{9AA732BE-E9DC-46A1-A9B4-A0859FDA99C6}.AppStore|iPhoneSimulator.Build.0 = AppStore|iPhoneSimulator
		{9AA732BE-E9DC-46A1-A9B4-A0859FDA99C6}.AppStore|iPhoneSimulator.Deploy.0 = AppStore|iPhoneSimulator
		{9AA732BE-E9DC-46A1-A9B4-A0859FDA99C6}.AppStore|x64.ActiveCfg = AppStore|iPhone
		{9AA732BE-E9DC-46A1-A9B4-A0859FDA99C6}.AppStore|x64.Build.0 = AppStore|iPhone
		{9AA732BE-E9DC-46A1-A9B4-A0859FDA99C6}.AppStore|x64.Deploy.0 = AppStore|iPhone
		{9AA732BE-E9DC-46A1-A9B4-A0859FDA99C6}.AppStore|x86.ActiveCfg = AppStore|iPhone
		{9AA732BE-E9DC-46A1-A9B4-A0859FDA99C6}.AppStore|x86.Build.0 = AppStore|iPhone
		{9AA732BE-E9DC-46A1-A9B4-A0859FDA99C6}.AppStore|x86.Deploy.0 = AppStore|iPhone
		{9AA732BE-E9DC-46A1-A9B4-A0859FDA99C6}.Debug|Any CPU.ActiveCfg = Debug|iPhoneSimulator
		{9AA732BE-E9DC-46A1-A9B4-A0859FDA99C6}.Debug|Any CPU.Build.0 = Debug|iPhoneSimulator
		{9AA732BE-E9DC-46A1-A9B4-A0859FDA99C6}.Debug|Any CPU.Deploy.0 = Debug|iPhoneSimulator
		{9AA732BE-E9DC-46A1-A9B4-A0859FDA99C6}.Debug|ARM.ActiveCfg = Debug|iPhone
		{9AA732BE-E9DC-46A1-A9B4-A0859FDA99C6}.Debug|ARM.Build.0 = Debug|iPhone
		{9AA732BE-E9DC-46A1-A9B4-A0859FDA99C6}.Debug|ARM.Deploy.0 = Debug|iPhone
		{9AA732BE-E9DC-46A1-A9B4-A0859FDA99C6}.Debug|iPhone.ActiveCfg = Debug|iPhone
		{9AA732BE-E9DC-46A1-A9B4-A0859FDA99C6}.Debug|iPhone.Build.0 = Debug|iPhone
		{9AA732BE-E9DC-46A1-A9B4-A0859FDA99C6}.Debug|iPhone.Deploy.0 = Debug|iPhone
		{9AA732BE-E9DC-46A1-A9B4-A0859FDA99C6}.Debug|iPhoneSimulator.ActiveCfg = Debug|iPhoneSimulator
		{9AA732BE-E9DC-46A1-A9B4-A0859FDA99C6}.Debug|iPhoneSimulator.Build.0 = Debug|iPhoneSimulator
		{9AA732BE-E9DC-46A1-A9B4-A0859FDA99C6}.Debug|iPhoneSimulator.Deploy.0 = Debug|iPhoneSimulator
		{9AA732BE-E9DC-46A1-A9B4-A0859FDA99C6}.Debug|x64.ActiveCfg = Debug|iPhone
		{9AA732BE-E9DC-46A1-A9B4-A0859FDA99C6}.Debug|x64.Build.0 = Debug|iPhone
		{9AA732BE-E9DC-46A1-A9B4-A0859FDA99C6}.Debug|x64.Deploy.0 = Debug|iPhone
		{9AA732BE-E9DC-46A1-A9B4-A0859FDA99C6}.Debug|x86.ActiveCfg = Debug|iPhone
		{9AA732BE-E9DC-46A1-A9B4-A0859FDA99C6}.Debug|x86.Build.0 = Debug|iPhone
		{9AA732BE-E9DC-46A1-A9B4-A0859FDA99C6}.Debug|x86.Deploy.0 = Debug|iPhone
		{9AA732BE-E9DC-46A1-A9B4-A0859FDA99C6}.Release|Any CPU.ActiveCfg = Release|iPhone
		{9AA732BE-E9DC-46A1-A9B4-A0859FDA99C6}.Release|Any CPU.Build.0 = Release|iPhone
		{9AA732BE-E9DC-46A1-A9B4-A0859FDA99C6}.Release|Any CPU.Deploy.0 = Release|iPhone
		{9AA732BE-E9DC-46A1-A9B4-A0859FDA99C6}.Release|ARM.ActiveCfg = Release|iPhone
		{9AA732BE-E9DC-46A1-A9B4-A0859FDA99C6}.Release|ARM.Build.0 = Release|iPhone
		{9AA732BE-E9DC-46A1-A9B4-A0859FDA99C6}.Release|ARM.Deploy.0 = Release|iPhone
		{9AA732BE-E9DC-46A1-A9B4-A0859FDA99C6}.Release|iPhone.ActiveCfg = Release|iPhone
		{9AA732BE-E9DC-46A1-A9B4-A0859FDA99C6}.Release|iPhone.Build.0 = Release|iPhone
		{9AA732BE-E9DC-46A1-A9B4-A0859FDA99C6}.Release|iPhone.Deploy.0 = Release|iPhone
		{9AA732BE-E9DC-46A1-A9B4-A0859FDA99C6}.Release|iPhoneSimulator.ActiveCfg = Release|iPhoneSimulator
		{9AA732BE-E9DC-46A1-A9B4-A0859FDA99C6}.Release|iPhoneSimulator.Build.0 = Release|iPhoneSimulator
		{9AA732BE-E9DC-46A1-A9B4-A0859FDA99C6}.Release|iPhoneSimulator.Deploy.0 = Release|iPhoneSimulator
		{9AA732BE-E9DC-46A1-A9B4-A0859FDA99C6}.Release|x64.ActiveCfg = Release|iPhone
		{9AA732BE-E9DC-46A1-A9B4-A0859FDA99C6}.Release|x64.Build.0 = Release|iPhone
		{9AA732BE-E9DC-46A1-A9B4-A0859FDA99C6}.Release|x64.Deploy.0 = Release|iPhone
		{9AA732BE-E9DC-46A1-A9B4-A0859FDA99C6}.Release|x86.ActiveCfg = Release|iPhone
		{9AA732BE-E9DC-46A1-A9B4-A0859FDA99C6}.Release|x86.Build.0 = Release|iPhone
		{9AA732BE-E9DC-46A1-A9B4-A0859FDA99C6}.Release|x86.Deploy.0 = Release|iPhone
		{6BE0F5AE-2DCB-4FF8-8A6A-69F70AD4EB1D}.Ad-Hoc|Any CPU.ActiveCfg = Release|x86
		{6BE0F5AE-2DCB-4FF8-8A6A-69F70AD4EB1D}.Ad-Hoc|Any CPU.Build.0 = Release|x86
		{6BE0F5AE-2DCB-4FF8-8A6A-69F70AD4EB1D}.Ad-Hoc|Any CPU.Deploy.0 = Release|x86
		{6BE0F5AE-2DCB-4FF8-8A6A-69F70AD4EB1D}.Ad-Hoc|ARM.ActiveCfg = Release|ARM
		{6BE0F5AE-2DCB-4FF8-8A6A-69F70AD4EB1D}.Ad-Hoc|ARM.Build.0 = Release|ARM
		{6BE0F5AE-2DCB-4FF8-8A6A-69F70AD4EB1D}.Ad-Hoc|ARM.Deploy.0 = Release|ARM
		{6BE0F5AE-2DCB-4FF8-8A6A-69F70AD4EB1D}.Ad-Hoc|iPhone.ActiveCfg = Release|x86
		{6BE0F5AE-2DCB-4FF8-8A6A-69F70AD4EB1D}.Ad-Hoc|iPhone.Build.0 = Release|x86
		{6BE0F5AE-2DCB-4FF8-8A6A-69F70AD4EB1D}.Ad-Hoc|iPhone.Deploy.0 = Release|x86
		{6BE0F5AE-2DCB-4FF8-8A6A-69F70AD4EB1D}.Ad-Hoc|iPhoneSimulator.ActiveCfg = Release|x86
		{6BE0F5AE-2DCB-4FF8-8A6A-69F70AD4EB1D}.Ad-Hoc|iPhoneSimulator.Build.0 = Release|x86
		{6BE0F5AE-2DCB-4FF8-8A6A-69F70AD4EB1D}.Ad-Hoc|iPhoneSimulator.Deploy.0 = Release|x86
		{6BE0F5AE-2DCB-4FF8-8A6A-69F70AD4EB1D}.Ad-Hoc|x64.ActiveCfg = Release|x64
		{6BE0F5AE-2DCB-4FF8-8A6A-69F70AD4EB1D}.Ad-Hoc|x64.Build.0 = Release|x64
		{6BE0F5AE-2DCB-4FF8-8A6A-69F70AD4EB1D}.Ad-Hoc|x64.Deploy.0 = Release|x64
		{6BE0F5AE-2DCB-4FF8-8A6A-69F70AD4EB1D}.Ad-Hoc|x86.ActiveCfg = Release|x86
		{6BE0F5AE-2DCB-4FF8-8A6A-69F70AD4EB1D}.Ad-Hoc|x86.Build.0 = Release|x86
		{6BE0F5AE-2DCB-4FF8-8A6A-69F70AD4EB1D}.Ad-Hoc|x86.Deploy.0 = Release|x86
		{6BE0F5AE-2DCB-4FF8-8A6A-69F70AD4EB1D}.AppStore|Any CPU.ActiveCfg = Release|x86
		{6BE0F5AE-2DCB-4FF8-8A6A-69F70AD4EB1D}.AppStore|Any CPU.Build.0 = Release|x86
		{6BE0F5AE-2DCB-4FF8-8A6A-69F70AD4EB1D}.AppStore|Any CPU.Deploy.0 = Release|x86
		{6BE0F5AE-2DCB-4FF8-8A6A-69F70AD4EB1D}.AppStore|ARM.ActiveCfg = Release|ARM
		{6BE0F5AE-2DCB-4FF8-8A6A-69F70AD4EB1D}.AppStore|ARM.Build.0 = Release|ARM
		{6BE0F5AE-2DCB-4FF8-8A6A-69F70AD4EB1D}.AppStore|ARM.Deploy.0 = Release|ARM
		{6BE0F5AE-2DCB-4FF8-8A6A-69F70AD4EB1D}.AppStore|iPhone.ActiveCfg = Release|x86
		{6BE0F5AE-2DCB-4FF8-8A6A-69F70AD4EB1D}.AppStore|iPhone.Build.0 = Release|x86
		{6BE0F5AE-2DCB-4FF8-8A6A-69F70AD4EB1D}.AppStore|iPhone.Deploy.0 = Release|x86
		{6BE0F5AE-2DCB-4FF8-8A6A-69F70AD4EB1D}.AppStore|iPhoneSimulator.ActiveCfg = Release|x86
		{6BE0F5AE-2DCB-4FF8-8A6A-69F70AD4EB1D}.AppStore|iPhoneSimulator.Build.0 = Release|x86
		{6BE0F5AE-2DCB-4FF8-8A6A-69F70AD4EB1D}.AppStore|iPhoneSimulator.Deploy.0 = Release|x86
		{6BE0F5AE-2DCB-4FF8-8A6A-69F70AD4EB1D}.AppStore|x64.ActiveCfg = Release|x64
		{6BE0F5AE-2DCB-4FF8-8A6A-69F70AD4EB1D}.AppStore|x64.Build.0 = Release|x64
		{6BE0F5AE-2DCB-4FF8-8A6A-69F70AD4EB1D}.AppStore|x64.Deploy.0 = Release|x64
		{6BE0F5AE-2DCB-4FF8-8A6A-69F70AD4EB1D}.AppStore|x86.ActiveCfg = Release|x86
		{6BE0F5AE-2DCB-4FF8-8A6A-69F70AD4EB1D}.AppStore|x86.Build.0 = Release|x86
		{6BE0F5AE-2DCB-4FF8-8A6A-69F70AD4EB1D}.AppStore|x86.Deploy.0 = Release|x86
		{6BE0F5AE-2DCB-4FF8-8A6A-69F70AD4EB1D}.Debug|Any CPU.ActiveCfg = Debug|x86
		{6BE0F5AE-2DCB-4FF8-8A6A-69F70AD4EB1D}.Debug|Any CPU.Build.0 = Debug|x86
		{6BE0F5AE-2DCB-4FF8-8A6A-69F70AD4EB1D}.Debug|Any CPU.Deploy.0 = Debug|x86
		{6BE0F5AE-2DCB-4FF8-8A6A-69F70AD4EB1D}.Debug|ARM.ActiveCfg = Debug|ARM
		{6BE0F5AE-2DCB-4FF8-8A6A-69F70AD4EB1D}.Debug|ARM.Build.0 = Debug|ARM
		{6BE0F5AE-2DCB-4FF8-8A6A-69F70AD4EB1D}.Debug|ARM.Deploy.0 = Debug|ARM
		{6BE0F5AE-2DCB-4FF8-8A6A-69F70AD4EB1D}.Debug|iPhone.ActiveCfg = Debug|x86
		{6BE0F5AE-2DCB-4FF8-8A6A-69F70AD4EB1D}.Debug|iPhone.Build.0 = Debug|x86
		{6BE0F5AE-2DCB-4FF8-8A6A-69F70AD4EB1D}.Debug|iPhone.Deploy.0 = Debug|x86
		{6BE0F5AE-2DCB-4FF8-8A6A-69F70AD4EB1D}.Debug|iPhoneSimulator.ActiveCfg = Debug|x86
		{6BE0F5AE-2DCB-4FF8-8A6A-69F70AD4EB1D}.Debug|iPhoneSimulator.Build.0 = Debug|x86
		{6BE0F5AE-2DCB-4FF8-8A6A-69F70AD4EB1D}.Debug|iPhoneSimulator.Deploy.0 = Debug|x86
		{6BE0F5AE-2DCB-4FF8-8A6A-69F70AD4EB1D}.Debug|x64.ActiveCfg = Debug|x64
		{6BE0F5AE-2DCB-4FF8-8A6A-69F70AD4EB1D}.Debug|x64.Build.0 = Debug|x64
		{6BE0F5AE-2DCB-4FF8-8A6A-69F70AD4EB1D}.Debug|x64.Deploy.0 = Debug|x64
		{6BE0F5AE-2DCB-4FF8-8A6A-69F70AD4EB1D}.Debug|x86.ActiveCfg = Debug|x86
		{6BE0F5AE-2DCB-4FF8-8A6A-69F70AD4EB1D}.Debug|x86.Build.0 = Debug|x86
		{6BE0F5AE-2DCB-4FF8-8A6A-69F70AD4EB1D}.Debug|x86.Deploy.0 = Debug|x86
		{6BE0F5AE-2DCB-4FF8-8A6A-69F70AD4EB1D}.Release|Any CPU.ActiveCfg = Release|x86
		{6BE0F5AE-2DCB-4FF8-8A6A-69F70AD4EB1D}.Release|Any CPU.Build.0 = Release|x86
		{6BE0F5AE-2DCB-4FF8-8A6A-69F70AD4EB1D}.Release|Any CPU.Deploy.0 = Release|x86
		{6BE0F5AE-2DCB-4FF8-8A6A-69F70AD4EB1D}.Release|ARM.ActiveCfg = Release|ARM
		{6BE0F5AE-2DCB-4FF8-8A6A-69F70AD4EB1D}.Release|ARM.Build.0 = Release|ARM
		{6BE0F5AE-2DCB-4FF8-8A6A-69F70AD4EB1D}.Release|ARM.Deploy.0 = Release|ARM
		{6BE0F5AE-2DCB-4FF8-8A6A-69F70AD4EB1D}.Release|iPhone.ActiveCfg = Release|x86
		{6BE0F5AE-2DCB-4FF8-8A6A-69F70AD4EB1D}.Release|iPhone.Build.0 = Release|x86
		{6BE0F5AE-2DCB-4FF8-8A6A-69F70AD4EB1D}.Release|iPhone.Deploy.0 = Release|x86
		{6BE0F5AE-2DCB-4FF8-8A6A-69F70AD4EB1D}.Release|iPhoneSimulator.ActiveCfg = Release|x86
		{6BE0F5AE-2DCB-4FF8-8A6A-69F70AD4EB1D}.Release|iPhoneSimulator.Build.0 = Release|x86
		{6BE0F5AE-2DCB-4FF8-8A6A-69F70AD4EB1D}.Release|iPhoneSimulator.Deploy.0 = Release|x86
		{6BE0F5AE-2DCB-4FF8-8A6A-69F70AD4EB1D}.Release|x64.ActiveCfg = Release|x64
		{6BE0F5AE-2DCB-4FF8-8A6A-69F70AD4EB1D}.Release|x64.Build.0 = Release|x64
		{6BE0F5AE-2DCB-4FF8-8A6A-69F70AD4EB1D}.Release|x64.Deploy.0 = Release|x64
		{6BE0F5AE-2DCB-4FF8-8A6A-69F70AD4EB1D}.Release|x86.ActiveCfg = Release|x86
		{6BE0F5AE-2DCB-4FF8-8A6A-69F70AD4EB1D}.Release|x86.Build.0 = Release|x86
		{6BE0F5AE-2DCB-4FF8-8A6A-69F70AD4EB1D}.Release|x86.Deploy.0 = Release|x86
		{CF5FD387-B0B4-4AD1-A90E-E970E2454D2C}.Ad-Hoc|Any CPU.ActiveCfg = Debug|Any CPU
		{CF5FD387-B0B4-4AD1-A90E-E970E2454D2C}.Ad-Hoc|Any CPU.Build.0 = Debug|Any CPU
		{CF5FD387-B0B4-4AD1-A90E-E970E2454D2C}.Ad-Hoc|Any CPU.Deploy.0 = Debug|Any CPU
		{CF5FD387-B0B4-4AD1-A90E-E970E2454D2C}.Ad-Hoc|ARM.ActiveCfg = Debug|Any CPU
		{CF5FD387-B0B4-4AD1-A90E-E970E2454D2C}.Ad-Hoc|ARM.Build.0 = Debug|Any CPU
		{CF5FD387-B0B4-4AD1-A90E-E970E2454D2C}.Ad-Hoc|ARM.Deploy.0 = Debug|Any CPU
		{CF5FD387-B0B4-4AD1-A90E-E970E2454D2C}.Ad-Hoc|iPhone.ActiveCfg = Debug|Any CPU
		{CF5FD387-B0B4-4AD1-A90E-E970E2454D2C}.Ad-Hoc|iPhone.Build.0 = Debug|Any CPU
		{CF5FD387-B0B4-4AD1-A90E-E970E2454D2C}.Ad-Hoc|iPhone.Deploy.0 = Debug|Any CPU
		{CF5FD387-B0B4-4AD1-A90E-E970E2454D2C}.Ad-Hoc|iPhoneSimulator.ActiveCfg = Debug|Any CPU
		{CF5FD387-B0B4-4AD1-A90E-E970E2454D2C}.Ad-Hoc|iPhoneSimulator.Build.0 = Debug|Any CPU
		{CF5FD387-B0B4-4AD1-A90E-E970E2454D2C}.Ad-Hoc|iPhoneSimulator.Deploy.0 = Debug|Any CPU
		{CF5FD387-B0B4-4AD1-A90E-E970E2454D2C}.Ad-Hoc|x64.ActiveCfg = Debug|Any CPU
		{CF5FD387-B0B4-4AD1-A90E-E970E2454D2C}.Ad-Hoc|x64.Build.0 = Debug|Any CPU
		{CF5FD387-B0B4-4AD1-A90E-E970E2454D2C}.Ad-Hoc|x64.Deploy.0 = Debug|Any CPU
		{CF5FD387-B0B4-4AD1-A90E-E970E2454D2C}.Ad-Hoc|x86.ActiveCfg = Debug|Any CPU
		{CF5FD387-B0B4-4AD1-A90E-E970E2454D2C}.Ad-Hoc|x86.Build.0 = Debug|Any CPU
		{CF5FD387-B0B4-4AD1-A90E-E970E2454D2C}.Ad-Hoc|x86.Deploy.0 = Debug|Any CPU
		{CF5FD387-B0B4-4AD1-A90E-E970E2454D2C}.AppStore|Any CPU.ActiveCfg = Debug|Any CPU
		{CF5FD387-B0B4-4AD1-A90E-E970E2454D2C}.AppStore|Any CPU.Build.0 = Debug|Any CPU
		{CF5FD387-B0B4-4AD1-A90E-E970E2454D2C}.AppStore|Any CPU.Deploy.0 = Debug|Any CPU
		{CF5FD387-B0B4-4AD1-A90E-E970E2454D2C}.AppStore|ARM.ActiveCfg = Debug|Any CPU
		{CF5FD387-B0B4-4AD1-A90E-E970E2454D2C}.AppStore|ARM.Build.0 = Debug|Any CPU
		{CF5FD387-B0B4-4AD1-A90E-E970E2454D2C}.AppStore|ARM.Deploy.0 = Debug|Any CPU
		{CF5FD387-B0B4-4AD1-A90E-E970E2454D2C}.AppStore|iPhone.ActiveCfg = Debug|Any CPU
		{CF5FD387-B0B4-4AD1-A90E-E970E2454D2C}.AppStore|iPhone.Build.0 = Debug|Any CPU
		{CF5FD387-B0B4-4AD1-A90E-E970E2454D2C}.AppStore|iPhone.Deploy.0 = Debug|Any CPU
		{CF5FD387-B0B4-4AD1-A90E-E970E2454D2C}.AppStore|iPhoneSimulator.ActiveCfg = Debug|Any CPU
		{CF5FD387-B0B4-4AD1-A90E-E970E2454D2C}.AppStore|iPhoneSimulator.Build.0 = Debug|Any CPU
		{CF5FD387-B0B4-4AD1-A90E-E970E2454D2C}.AppStore|iPhoneSimulator.Deploy.0 = Debug|Any CPU
		{CF5FD387-B0B4-4AD1-A90E-E970E2454D2C}.AppStore|x64.ActiveCfg = Debug|Any CPU
		{CF5FD387-B0B4-4AD1-A90E-E970E2454D2C}.AppStore|x64.Build.0 = Debug|Any CPU
		{CF5FD387-B0B4-4AD1-A90E-E970E2454D2C}.AppStore|x64.Deploy.0 = Debug|Any CPU
		{CF5FD387-B0B4-4AD1-A90E-E970E2454D2C}.AppStore|x86.ActiveCfg = Debug|Any CPU
		{CF5FD387-B0B4-4AD1-A90E-E970E2454D2C}.AppStore|x86.Build.0 = Debug|Any CPU
		{CF5FD387-B0B4-4AD1-A90E-E970E2454D2C}.AppStore|x86.Deploy.0 = Debug|Any CPU
		{CF5FD387-B0B4-4AD1-A90E-E970E2454D2C}.Debug|Any CPU.ActiveCfg = Debug|Any CPU
		{CF5FD387-B0B4-4AD1-A90E-E970E2454D2C}.Debug|Any CPU.Build.0 = Debug|Any CPU
		{CF5FD387-B0B4-4AD1-A90E-E970E2454D2C}.Debug|Any CPU.Deploy.0 = Debug|Any CPU
		{CF5FD387-B0B4-4AD1-A90E-E970E2454D2C}.Debug|ARM.ActiveCfg = Debug|Any CPU
		{CF5FD387-B0B4-4AD1-A90E-E970E2454D2C}.Debug|ARM.Build.0 = Debug|Any CPU
		{CF5FD387-B0B4-4AD1-A90E-E970E2454D2C}.Debug|ARM.Deploy.0 = Debug|Any CPU
		{CF5FD387-B0B4-4AD1-A90E-E970E2454D2C}.Debug|iPhone.ActiveCfg = Debug|Any CPU
		{CF5FD387-B0B4-4AD1-A90E-E970E2454D2C}.Debug|iPhone.Build.0 = Debug|Any CPU
		{CF5FD387-B0B4-4AD1-A90E-E970E2454D2C}.Debug|iPhone.Deploy.0 = Debug|Any CPU
		{CF5FD387-B0B4-4AD1-A90E-E970E2454D2C}.Debug|iPhoneSimulator.ActiveCfg = Debug|Any CPU
		{CF5FD387-B0B4-4AD1-A90E-E970E2454D2C}.Debug|iPhoneSimulator.Build.0 = Debug|Any CPU
		{CF5FD387-B0B4-4AD1-A90E-E970E2454D2C}.Debug|iPhoneSimulator.Deploy.0 = Debug|Any CPU
		{CF5FD387-B0B4-4AD1-A90E-E970E2454D2C}.Debug|x64.ActiveCfg = Debug|Any CPU
		{CF5FD387-B0B4-4AD1-A90E-E970E2454D2C}.Debug|x64.Build.0 = Debug|Any CPU
		{CF5FD387-B0B4-4AD1-A90E-E970E2454D2C}.Debug|x64.Deploy.0 = Debug|Any CPU
		{CF5FD387-B0B4-4AD1-A90E-E970E2454D2C}.Debug|x86.ActiveCfg = Debug|Any CPU
		{CF5FD387-B0B4-4AD1-A90E-E970E2454D2C}.Debug|x86.Build.0 = Debug|Any CPU
		{CF5FD387-B0B4-4AD1-A90E-E970E2454D2C}.Debug|x86.Deploy.0 = Debug|Any CPU
		{CF5FD387-B0B4-4AD1-A90E-E970E2454D2C}.Release|Any CPU.ActiveCfg = Release|Any CPU
		{CF5FD387-B0B4-4AD1-A90E-E970E2454D2C}.Release|Any CPU.Build.0 = Release|Any CPU
		{CF5FD387-B0B4-4AD1-A90E-E970E2454D2C}.Release|Any CPU.Deploy.0 = Release|Any CPU
		{CF5FD387-B0B4-4AD1-A90E-E970E2454D2C}.Release|ARM.ActiveCfg = Release|Any CPU
		{CF5FD387-B0B4-4AD1-A90E-E970E2454D2C}.Release|ARM.Build.0 = Release|Any CPU
		{CF5FD387-B0B4-4AD1-A90E-E970E2454D2C}.Release|ARM.Deploy.0 = Release|Any CPU
		{CF5FD387-B0B4-4AD1-A90E-E970E2454D2C}.Release|iPhone.ActiveCfg = Release|Any CPU
		{CF5FD387-B0B4-4AD1-A90E-E970E2454D2C}.Release|iPhone.Build.0 = Release|Any CPU
		{CF5FD387-B0B4-4AD1-A90E-E970E2454D2C}.Release|iPhone.Deploy.0 = Release|Any CPU
		{CF5FD387-B0B4-4AD1-A90E-E970E2454D2C}.Release|iPhoneSimulator.ActiveCfg = Release|Any CPU
		{CF5FD387-B0B4-4AD1-A90E-E970E2454D2C}.Release|iPhoneSimulator.Build.0 = Release|Any CPU
		{CF5FD387-B0B4-4AD1-A90E-E970E2454D2C}.Release|iPhoneSimulator.Deploy.0 = Release|Any CPU
		{CF5FD387-B0B4-4AD1-A90E-E970E2454D2C}.Release|x64.ActiveCfg = Release|Any CPU
		{CF5FD387-B0B4-4AD1-A90E-E970E2454D2C}.Release|x64.Build.0 = Release|Any CPU
		{CF5FD387-B0B4-4AD1-A90E-E970E2454D2C}.Release|x64.Deploy.0 = Release|Any CPU
		{CF5FD387-B0B4-4AD1-A90E-E970E2454D2C}.Release|x86.ActiveCfg = Release|Any CPU
		{CF5FD387-B0B4-4AD1-A90E-E970E2454D2C}.Release|x86.Build.0 = Release|Any CPU
		{CF5FD387-B0B4-4AD1-A90E-E970E2454D2C}.Release|x86.Deploy.0 = Release|Any CPU
		{0320C0F8-B163-47FD-BF08-64A2FF845A46}.Ad-Hoc|Any CPU.ActiveCfg = Debug|Any CPU
		{0320C0F8-B163-47FD-BF08-64A2FF845A46}.Ad-Hoc|Any CPU.Build.0 = Debug|Any CPU
		{0320C0F8-B163-47FD-BF08-64A2FF845A46}.Ad-Hoc|ARM.ActiveCfg = Debug|Any CPU
		{0320C0F8-B163-47FD-BF08-64A2FF845A46}.Ad-Hoc|ARM.Build.0 = Debug|Any CPU
		{0320C0F8-B163-47FD-BF08-64A2FF845A46}.Ad-Hoc|iPhone.ActiveCfg = Debug|Any CPU
		{0320C0F8-B163-47FD-BF08-64A2FF845A46}.Ad-Hoc|iPhone.Build.0 = Debug|Any CPU
		{0320C0F8-B163-47FD-BF08-64A2FF845A46}.Ad-Hoc|iPhoneSimulator.ActiveCfg = Debug|Any CPU
		{0320C0F8-B163-47FD-BF08-64A2FF845A46}.Ad-Hoc|iPhoneSimulator.Build.0 = Debug|Any CPU
		{0320C0F8-B163-47FD-BF08-64A2FF845A46}.Ad-Hoc|x64.ActiveCfg = Debug|Any CPU
		{0320C0F8-B163-47FD-BF08-64A2FF845A46}.Ad-Hoc|x64.Build.0 = Debug|Any CPU
		{0320C0F8-B163-47FD-BF08-64A2FF845A46}.Ad-Hoc|x86.ActiveCfg = Debug|Any CPU
		{0320C0F8-B163-47FD-BF08-64A2FF845A46}.Ad-Hoc|x86.Build.0 = Debug|Any CPU
		{0320C0F8-B163-47FD-BF08-64A2FF845A46}.AppStore|Any CPU.ActiveCfg = Debug|Any CPU
		{0320C0F8-B163-47FD-BF08-64A2FF845A46}.AppStore|Any CPU.Build.0 = Debug|Any CPU
		{0320C0F8-B163-47FD-BF08-64A2FF845A46}.AppStore|ARM.ActiveCfg = Debug|Any CPU
		{0320C0F8-B163-47FD-BF08-64A2FF845A46}.AppStore|ARM.Build.0 = Debug|Any CPU
		{0320C0F8-B163-47FD-BF08-64A2FF845A46}.AppStore|iPhone.ActiveCfg = Debug|Any CPU
		{0320C0F8-B163-47FD-BF08-64A2FF845A46}.AppStore|iPhone.Build.0 = Debug|Any CPU
		{0320C0F8-B163-47FD-BF08-64A2FF845A46}.AppStore|iPhoneSimulator.ActiveCfg = Debug|Any CPU
		{0320C0F8-B163-47FD-BF08-64A2FF845A46}.AppStore|iPhoneSimulator.Build.0 = Debug|Any CPU
		{0320C0F8-B163-47FD-BF08-64A2FF845A46}.AppStore|x64.ActiveCfg = Debug|Any CPU
		{0320C0F8-B163-47FD-BF08-64A2FF845A46}.AppStore|x64.Build.0 = Debug|Any CPU
		{0320C0F8-B163-47FD-BF08-64A2FF845A46}.AppStore|x86.ActiveCfg = Debug|Any CPU
		{0320C0F8-B163-47FD-BF08-64A2FF845A46}.AppStore|x86.Build.0 = Debug|Any CPU
		{0320C0F8-B163-47FD-BF08-64A2FF845A46}.Debug|Any CPU.ActiveCfg = Debug|Any CPU
		{0320C0F8-B163-47FD-BF08-64A2FF845A46}.Debug|Any CPU.Build.0 = Debug|Any CPU
		{0320C0F8-B163-47FD-BF08-64A2FF845A46}.Debug|ARM.ActiveCfg = Debug|Any CPU
		{0320C0F8-B163-47FD-BF08-64A2FF845A46}.Debug|ARM.Build.0 = Debug|Any CPU
		{0320C0F8-B163-47FD-BF08-64A2FF845A46}.Debug|iPhone.ActiveCfg = Debug|Any CPU
		{0320C0F8-B163-47FD-BF08-64A2FF845A46}.Debug|iPhone.Build.0 = Debug|Any CPU
		{0320C0F8-B163-47FD-BF08-64A2FF845A46}.Debug|iPhoneSimulator.ActiveCfg = Debug|Any CPU
		{0320C0F8-B163-47FD-BF08-64A2FF845A46}.Debug|iPhoneSimulator.Build.0 = Debug|Any CPU
		{0320C0F8-B163-47FD-BF08-64A2FF845A46}.Debug|x64.ActiveCfg = Debug|Any CPU
		{0320C0F8-B163-47FD-BF08-64A2FF845A46}.Debug|x64.Build.0 = Debug|Any CPU
		{0320C0F8-B163-47FD-BF08-64A2FF845A46}.Debug|x86.ActiveCfg = Debug|Any CPU
		{0320C0F8-B163-47FD-BF08-64A2FF845A46}.Debug|x86.Build.0 = Debug|Any CPU
		{0320C0F8-B163-47FD-BF08-64A2FF845A46}.Release|Any CPU.ActiveCfg = Release|Any CPU
		{0320C0F8-B163-47FD-BF08-64A2FF845A46}.Release|Any CPU.Build.0 = Release|Any CPU
		{0320C0F8-B163-47FD-BF08-64A2FF845A46}.Release|ARM.ActiveCfg = Release|Any CPU
		{0320C0F8-B163-47FD-BF08-64A2FF845A46}.Release|ARM.Build.0 = Release|Any CPU
		{0320C0F8-B163-47FD-BF08-64A2FF845A46}.Release|iPhone.ActiveCfg = Release|Any CPU
		{0320C0F8-B163-47FD-BF08-64A2FF845A46}.Release|iPhone.Build.0 = Release|Any CPU
		{0320C0F8-B163-47FD-BF08-64A2FF845A46}.Release|iPhoneSimulator.ActiveCfg = Release|Any CPU
		{0320C0F8-B163-47FD-BF08-64A2FF845A46}.Release|iPhoneSimulator.Build.0 = Release|Any CPU
		{0320C0F8-B163-47FD-BF08-64A2FF845A46}.Release|x64.ActiveCfg = Release|Any CPU
		{0320C0F8-B163-47FD-BF08-64A2FF845A46}.Release|x64.Build.0 = Release|Any CPU
		{0320C0F8-B163-47FD-BF08-64A2FF845A46}.Release|x86.ActiveCfg = Release|Any CPU
		{0320C0F8-B163-47FD-BF08-64A2FF845A46}.Release|x86.Build.0 = Release|Any CPU
	EndGlobalSection
	GlobalSection(SolutionProperties) = preSolution
		HideSolutionNode = FALSE
	EndGlobalSection
	GlobalSection(ExtensibilityGlobals) = postSolution
		SolutionGuid = {3E3DDAF7-1130-4987-8C97-18D523AAE34C}
	EndGlobalSection
EndGlobal
