
Microsoft Visual Studio Solution File, Format Version 12.00
# Visual Studio 15
VisualStudioVersion = 15.0.28010.2041
MinimumVisualStudioVersion = 10.0.40219.1
Project("{FAE04EC0-301F-11D3-BF4B-00C04F79EFBC}") = "Project2.Android", "Project2\Project2.Android\Project2.Android.csproj", "{72BD9741-36E9-467D-8BA4-4245D4AAFCA8}"
EndProject
Project("{FAE04EC0-301F-11D3-BF4B-00C04F79EFBC}") = "Project2.iOS", "Project2\Project2.iOS\Project2.iOS.csproj", "{F76E2AA4-8017-48A1-94BC-6EFBB71A50FA}"
EndProject
Project("{FAE04EC0-301F-11D3-BF4B-00C04F79EFBC}") = "Project2.UWP", "Project2\Project2.UWP\Project2.UWP.csproj", "{868B502D-409F-4416-B6E3-1DBA09754900}"
EndProject
Project("{FAE04EC0-301F-11D3-BF4B-00C04F79EFBC}") = "Project2", "Project2\Project2\Project2.csproj", "{10F4A81B-517E-44AE-9E2B-DCDEA8E58AE4}"
EndProject
Global
	GlobalSection(SolutionConfigurationPlatforms) = preSolution
		Ad-Hoc|Any CPU = Ad-Hoc|Any CPU
		Ad-Hoc|ARM = Ad-Hoc|ARM
		Ad-Hoc|iPhone = Ad-Hoc|iPhone
		Ad-Hoc|iPhoneSimulator = Ad-Hoc|iPhoneSimulator
		Ad-Hoc|x64 = Ad-Hoc|x64
		Ad-Hoc|x86 = Ad-Hoc|x86
		AppStore|Any CPU = AppStore|Any CPU
		AppStore|ARM = AppStore|ARM
		AppStore|iPhone = AppStore|iPhone
		AppStore|iPhoneSimulator = AppStore|iPhoneSimulator
		AppStore|x64 = AppStore|x64
		AppStore|x86 = AppStore|x86
		Debug|Any CPU = Debug|Any CPU
		Debug|ARM = Debug|ARM
		Debug|iPhone = Debug|iPhone
		Debug|iPhoneSimulator = Debug|iPhoneSimulator
		Debug|x64 = Debug|x64
		Debug|x86 = Debug|x86
		Release|Any CPU = Release|Any CPU
		Release|ARM = Release|ARM
		Release|iPhone = Release|iPhone
		Release|iPhoneSimulator = Release|iPhoneSimulator
		Release|x64 = Release|x64
		Release|x86 = Release|x86
	EndGlobalSection
	GlobalSection(ProjectConfigurationPlatforms) = postSolution
		{72BD9741-36E9-467D-8BA4-4245D4AAFCA8}.Ad-Hoc|Any CPU.ActiveCfg = Release|Any CPU
		{72BD9741-36E9-467D-8BA4-4245D4AAFCA8}.Ad-Hoc|Any CPU.Build.0 = Release|Any CPU
		{72BD9741-36E9-467D-8BA4-4245D4AAFCA8}.Ad-Hoc|Any CPU.Deploy.0 = Release|Any CPU
		{72BD9741-36E9-467D-8BA4-4245D4AAFCA8}.Ad-Hoc|ARM.ActiveCfg = Release|Any CPU
		{72BD9741-36E9-467D-8BA4-4245D4AAFCA8}.Ad-Hoc|ARM.Build.0 = Release|Any CPU
		{72BD9741-36E9-467D-8BA4-4245D4AAFCA8}.Ad-Hoc|ARM.Deploy.0 = Release|Any CPU
		{72BD9741-36E9-467D-8BA4-4245D4AAFCA8}.Ad-Hoc|iPhone.ActiveCfg = Release|Any CPU
		{72BD9741-36E9-467D-8BA4-4245D4AAFCA8}.Ad-Hoc|iPhone.Build.0 = Release|Any CPU
		{72BD9741-36E9-467D-8BA4-4245D4AAFCA8}.Ad-Hoc|iPhone.Deploy.0 = Release|Any CPU
		{72BD9741-36E9-467D-8BA4-4245D4AAFCA8}.Ad-Hoc|iPhoneSimulator.ActiveCfg = Release|Any CPU
		{72BD9741-36E9-467D-8BA4-4245D4AAFCA8}.Ad-Hoc|iPhoneSimulator.Build.0 = Release|Any CPU
		{72BD9741-36E9-467D-8BA4-4245D4AAFCA8}.Ad-Hoc|iPhoneSimulator.Deploy.0 = Release|Any CPU
		{72BD9741-36E9-467D-8BA4-4245D4AAFCA8}.Ad-Hoc|x64.ActiveCfg = Release|Any CPU
		{72BD9741-36E9-467D-8BA4-4245D4AAFCA8}.Ad-Hoc|x64.Build.0 = Release|Any CPU
		{72BD9741-36E9-467D-8BA4-4245D4AAFCA8}.Ad-Hoc|x64.Deploy.0 = Release|Any CPU
		{72BD9741-36E9-467D-8BA4-4245D4AAFCA8}.Ad-Hoc|x86.ActiveCfg = Release|Any CPU
		{72BD9741-36E9-467D-8BA4-4245D4AAFCA8}.Ad-Hoc|x86.Build.0 = Release|Any CPU
		{72BD9741-36E9-467D-8BA4-4245D4AAFCA8}.Ad-Hoc|x86.Deploy.0 = Release|Any CPU
		{72BD9741-36E9-467D-8BA4-4245D4AAFCA8}.AppStore|Any CPU.ActiveCfg = Release|Any CPU
		{72BD9741-36E9-467D-8BA4-4245D4AAFCA8}.AppStore|Any CPU.Build.0 = Release|Any CPU
		{72BD9741-36E9-467D-8BA4-4245D4AAFCA8}.AppStore|Any CPU.Deploy.0 = Release|Any CPU
		{72BD9741-36E9-467D-8BA4-4245D4AAFCA8}.AppStore|ARM.ActiveCfg = Release|Any CPU
		{72BD9741-36E9-467D-8BA4-4245D4AAFCA8}.AppStore|ARM.Build.0 = Release|Any CPU
		{72BD9741-36E9-467D-8BA4-4245D4AAFCA8}.AppStore|ARM.Deploy.0 = Release|Any CPU
		{72BD9741-36E9-467D-8BA4-4245D4AAFCA8}.AppStore|iPhone.ActiveCfg = Release|Any CPU
		{72BD9741-36E9-467D-8BA4-4245D4AAFCA8}.AppStore|iPhone.Build.0 = Release|Any CPU
		{72BD9741-36E9-467D-8BA4-4245D4AAFCA8}.AppStore|iPhone.Deploy.0 = Release|Any CPU
		{72BD9741-36E9-467D-8BA4-4245D4AAFCA8}.AppStore|iPhoneSimulator.ActiveCfg = Release|Any CPU
		{72BD9741-36E9-467D-8BA4-4245D4AAFCA8}.AppStore|iPhoneSimulator.Build.0 = Release|Any CPU
		{72BD9741-36E9-467D-8BA4-4245D4AAFCA8}.AppStore|iPhoneSimulator.Deploy.0 = Release|Any CPU
		{72BD9741-36E9-467D-8BA4-4245D4AAFCA8}.AppStore|x64.ActiveCfg = Release|Any CPU
		{72BD9741-36E9-467D-8BA4-4245D4AAFCA8}.AppStore|x64.Build.0 = Release|Any CPU
		{72BD9741-36E9-467D-8BA4-4245D4AAFCA8}.AppStore|x64.Deploy.0 = Release|Any CPU
		{72BD9741-36E9-467D-8BA4-4245D4AAFCA8}.AppStore|x86.ActiveCfg = Release|Any CPU
		{72BD9741-36E9-467D-8BA4-4245D4AAFCA8}.AppStore|x86.Build.0 = Release|Any CPU
		{72BD9741-36E9-467D-8BA4-4245D4AAFCA8}.AppStore|x86.Deploy.0 = Release|Any CPU
		{72BD9741-36E9-467D-8BA4-4245D4AAFCA8}.Debug|Any CPU.ActiveCfg = Debug|Any CPU
		{72BD9741-36E9-467D-8BA4-4245D4AAFCA8}.Debug|Any CPU.Build.0 = Debug|Any CPU
		{72BD9741-36E9-467D-8BA4-4245D4AAFCA8}.Debug|Any CPU.Deploy.0 = Debug|Any CPU
		{72BD9741-36E9-467D-8BA4-4245D4AAFCA8}.Debug|ARM.ActiveCfg = Debug|Any CPU
		{72BD9741-36E9-467D-8BA4-4245D4AAFCA8}.Debug|ARM.Build.0 = Debug|Any CPU
		{72BD9741-36E9-467D-8BA4-4245D4AAFCA8}.Debug|ARM.Deploy.0 = Debug|Any CPU
		{72BD9741-36E9-467D-8BA4-4245D4AAFCA8}.Debug|iPhone.ActiveCfg = Debug|Any CPU
		{72BD9741-36E9-467D-8BA4-4245D4AAFCA8}.Debug|iPhone.Build.0 = Debug|Any CPU
		{72BD9741-36E9-467D-8BA4-4245D4AAFCA8}.Debug|iPhone.Deploy.0 = Debug|Any CPU
		{72BD9741-36E9-467D-8BA4-4245D4AAFCA8}.Debug|iPhoneSimulator.ActiveCfg = Debug|Any CPU
		{72BD9741-36E9-467D-8BA4-4245D4AAFCA8}.Debug|iPhoneSimulator.Build.0 = Debug|Any CPU
		{72BD9741-36E9-467D-8BA4-4245D4AAFCA8}.Debug|iPhoneSimulator.Deploy.0 = Debug|Any CPU
		{72BD9741-36E9-467D-8BA4-4245D4AAFCA8}.Debug|x64.ActiveCfg = Debug|Any CPU
		{72BD9741-36E9-467D-8BA4-4245D4AAFCA8}.Debug|x64.Build.0 = Debug|Any CPU
		{72BD9741-36E9-467D-8BA4-4245D4AAFCA8}.Debug|x64.Deploy.0 = Debug|Any CPU
		{72BD9741-36E9-467D-8BA4-4245D4AAFCA8}.Debug|x86.ActiveCfg = Debug|Any CPU
		{72BD9741-36E9-467D-8BA4-4245D4AAFCA8}.Debug|x86.Build.0 = Debug|Any CPU
		{72BD9741-36E9-467D-8BA4-4245D4AAFCA8}.Debug|x86.Deploy.0 = Debug|Any CPU
		{72BD9741-36E9-467D-8BA4-4245D4AAFCA8}.Release|Any CPU.ActiveCfg = Release|Any CPU
		{72BD9741-36E9-467D-8BA4-4245D4AAFCA8}.Release|Any CPU.Build.0 = Release|Any CPU
		{72BD9741-36E9-467D-8BA4-4245D4AAFCA8}.Release|Any CPU.Deploy.0 = Release|Any CPU
		{72BD9741-36E9-467D-8BA4-4245D4AAFCA8}.Release|ARM.ActiveCfg = Release|Any CPU
		{72BD9741-36E9-467D-8BA4-4245D4AAFCA8}.Release|ARM.Build.0 = Release|Any CPU
		{72BD9741-36E9-467D-8BA4-4245D4AAFCA8}.Release|ARM.Deploy.0 = Release|Any CPU
		{72BD9741-36E9-467D-8BA4-4245D4AAFCA8}.Release|iPhone.ActiveCfg = Release|Any CPU
		{72BD9741-36E9-467D-8BA4-4245D4AAFCA8}.Release|iPhone.Build.0 = Release|Any CPU
		{72BD9741-36E9-467D-8BA4-4245D4AAFCA8}.Release|iPhone.Deploy.0 = Release|Any CPU
		{72BD9741-36E9-467D-8BA4-4245D4AAFCA8}.Release|iPhoneSimulator.ActiveCfg = Release|Any CPU
		{72BD9741-36E9-467D-8BA4-4245D4AAFCA8}.Release|iPhoneSimulator.Build.0 = Release|Any CPU
		{72BD9741-36E9-467D-8BA4-4245D4AAFCA8}.Release|iPhoneSimulator.Deploy.0 = Release|Any CPU
		{72BD9741-36E9-467D-8BA4-4245D4AAFCA8}.Release|x64.ActiveCfg = Release|Any CPU
		{72BD9741-36E9-467D-8BA4-4245D4AAFCA8}.Release|x64.Build.0 = Release|Any CPU
		{72BD9741-36E9-467D-8BA4-4245D4AAFCA8}.Release|x64.Deploy.0 = Release|Any CPU
		{72BD9741-36E9-467D-8BA4-4245D4AAFCA8}.Release|x86.ActiveCfg = Release|Any CPU
		{72BD9741-36E9-467D-8BA4-4245D4AAFCA8}.Release|x86.Build.0 = Release|Any CPU
		{72BD9741-36E9-467D-8BA4-4245D4AAFCA8}.Release|x86.Deploy.0 = Release|Any CPU
		{F76E2AA4-8017-48A1-94BC-6EFBB71A50FA}.Ad-Hoc|Any CPU.ActiveCfg = Ad-Hoc|iPhone
		{F76E2AA4-8017-48A1-94BC-6EFBB71A50FA}.Ad-Hoc|Any CPU.Build.0 = Ad-Hoc|iPhone
		{F76E2AA4-8017-48A1-94BC-6EFBB71A50FA}.Ad-Hoc|Any CPU.Deploy.0 = Ad-Hoc|iPhone
		{F76E2AA4-8017-48A1-94BC-6EFBB71A50FA}.Ad-Hoc|ARM.ActiveCfg = Ad-Hoc|iPhone
		{F76E2AA4-8017-48A1-94BC-6EFBB71A50FA}.Ad-Hoc|ARM.Build.0 = Ad-Hoc|iPhone
		{F76E2AA4-8017-48A1-94BC-6EFBB71A50FA}.Ad-Hoc|ARM.Deploy.0 = Ad-Hoc|iPhone
		{F76E2AA4-8017-48A1-94BC-6EFBB71A50FA}.Ad-Hoc|iPhone.ActiveCfg = Ad-Hoc|iPhone
		{F76E2AA4-8017-48A1-94BC-6EFBB71A50FA}.Ad-Hoc|iPhone.Build.0 = Ad-Hoc|iPhone
		{F76E2AA4-8017-48A1-94BC-6EFBB71A50FA}.Ad-Hoc|iPhone.Deploy.0 = Ad-Hoc|iPhone
		{F76E2AA4-8017-48A1-94BC-6EFBB71A50FA}.Ad-Hoc|iPhoneSimulator.ActiveCfg = Ad-Hoc|iPhoneSimulator
		{F76E2AA4-8017-48A1-94BC-6EFBB71A50FA}.Ad-Hoc|iPhoneSimulator.Build.0 = Ad-Hoc|iPhoneSimulator
		{F76E2AA4-8017-48A1-94BC-6EFBB71A50FA}.Ad-Hoc|iPhoneSimulator.Deploy.0 = Ad-Hoc|iPhoneSimulator
		{F76E2AA4-8017-48A1-94BC-6EFBB71A50FA}.Ad-Hoc|x64.ActiveCfg = Ad-Hoc|iPhone
		{F76E2AA4-8017-48A1-94BC-6EFBB71A50FA}.Ad-Hoc|x64.Build.0 = Ad-Hoc|iPhone
		{F76E2AA4-8017-48A1-94BC-6EFBB71A50FA}.Ad-Hoc|x64.Deploy.0 = Ad-Hoc|iPhone
		{F76E2AA4-8017-48A1-94BC-6EFBB71A50FA}.Ad-Hoc|x86.ActiveCfg = Ad-Hoc|iPhone
		{F76E2AA4-8017-48A1-94BC-6EFBB71A50FA}.Ad-Hoc|x86.Build.0 = Ad-Hoc|iPhone
		{F76E2AA4-8017-48A1-94BC-6EFBB71A50FA}.Ad-Hoc|x86.Deploy.0 = Ad-Hoc|iPhone
		{F76E2AA4-8017-48A1-94BC-6EFBB71A50FA}.AppStore|Any CPU.ActiveCfg = AppStore|iPhone
		{F76E2AA4-8017-48A1-94BC-6EFBB71A50FA}.AppStore|Any CPU.Build.0 = AppStore|iPhone
		{F76E2AA4-8017-48A1-94BC-6EFBB71A50FA}.AppStore|Any CPU.Deploy.0 = AppStore|iPhone
		{F76E2AA4-8017-48A1-94BC-6EFBB71A50FA}.AppStore|ARM.ActiveCfg = AppStore|iPhone
		{F76E2AA4-8017-48A1-94BC-6EFBB71A50FA}.AppStore|ARM.Build.0 = AppStore|iPhone
		{F76E2AA4-8017-48A1-94BC-6EFBB71A50FA}.AppStore|ARM.Deploy.0 = AppStore|iPhone
		{F76E2AA4-8017-48A1-94BC-6EFBB71A50FA}.AppStore|iPhone.ActiveCfg = AppStore|iPhone
		{F76E2AA4-8017-48A1-94BC-6EFBB71A50FA}.AppStore|iPhone.Build.0 = AppStore|iPhone
		{F76E2AA4-8017-48A1-94BC-6EFBB71A50FA}.AppStore|iPhone.Deploy.0 = AppStore|iPhone
		{F76E2AA4-8017-48A1-94BC-6EFBB71A50FA}.AppStore|iPhoneSimulator.ActiveCfg = AppStore|iPhoneSimulator
		{F76E2AA4-8017-48A1-94BC-6EFBB71A50FA}.AppStore|iPhoneSimulator.Build.0 = AppStore|iPhoneSimulator
		{F76E2AA4-8017-48A1-94BC-6EFBB71A50FA}.AppStore|iPhoneSimulator.Deploy.0 = AppStore|iPhoneSimulator
		{F76E2AA4-8017-48A1-94BC-6EFBB71A50FA}.AppStore|x64.ActiveCfg = AppStore|iPhone
		{F76E2AA4-8017-48A1-94BC-6EFBB71A50FA}.AppStore|x64.Build.0 = AppStore|iPhone
		{F76E2AA4-8017-48A1-94BC-6EFBB71A50FA}.AppStore|x64.Deploy.0 = AppStore|iPhone
		{F76E2AA4-8017-48A1-94BC-6EFBB71A50FA}.AppStore|x86.ActiveCfg = AppStore|iPhone
		{F76E2AA4-8017-48A1-94BC-6EFBB71A50FA}.AppStore|x86.Build.0 = AppStore|iPhone
		{F76E2AA4-8017-48A1-94BC-6EFBB71A50FA}.AppStore|x86.Deploy.0 = AppStore|iPhone
		{F76E2AA4-8017-48A1-94BC-6EFBB71A50FA}.Debug|Any CPU.ActiveCfg = Debug|iPhoneSimulator
		{F76E2AA4-8017-48A1-94BC-6EFBB71A50FA}.Debug|Any CPU.Build.0 = Debug|iPhoneSimulator
		{F76E2AA4-8017-48A1-94BC-6EFBB71A50FA}.Debug|Any CPU.Deploy.0 = Debug|iPhoneSimulator
		{F76E2AA4-8017-48A1-94BC-6EFBB71A50FA}.Debug|ARM.ActiveCfg = Debug|iPhone
		{F76E2AA4-8017-48A1-94BC-6EFBB71A50FA}.Debug|ARM.Build.0 = Debug|iPhone
		{F76E2AA4-8017-48A1-94BC-6EFBB71A50FA}.Debug|ARM.Deploy.0 = Debug|iPhone
		{F76E2AA4-8017-48A1-94BC-6EFBB71A50FA}.Debug|iPhone.ActiveCfg = Debug|iPhone
		{F76E2AA4-8017-48A1-94BC-6EFBB71A50FA}.Debug|iPhone.Build.0 = Debug|iPhone
		{F76E2AA4-8017-48A1-94BC-6EFBB71A50FA}.Debug|iPhone.Deploy.0 = Debug|iPhone
		{F76E2AA4-8017-48A1-94BC-6EFBB71A50FA}.Debug|iPhoneSimulator.ActiveCfg = Debug|iPhoneSimulator
		{F76E2AA4-8017-48A1-94BC-6EFBB71A50FA}.Debug|iPhoneSimulator.Build.0 = Debug|iPhoneSimulator
		{F76E2AA4-8017-48A1-94BC-6EFBB71A50FA}.Debug|iPhoneSimulator.Deploy.0 = Debug|iPhoneSimulator
		{F76E2AA4-8017-48A1-94BC-6EFBB71A50FA}.Debug|x64.ActiveCfg = Debug|iPhone
		{F76E2AA4-8017-48A1-94BC-6EFBB71A50FA}.Debug|x64.Build.0 = Debug|iPhone
		{F76E2AA4-8017-48A1-94BC-6EFBB71A50FA}.Debug|x64.Deploy.0 = Debug|iPhone
		{F76E2AA4-8017-48A1-94BC-6EFBB71A50FA}.Debug|x86.ActiveCfg = Debug|iPhone
		{F76E2AA4-8017-48A1-94BC-6EFBB71A50FA}.Debug|x86.Build.0 = Debug|iPhone
		{F76E2AA4-8017-48A1-94BC-6EFBB71A50FA}.Debug|x86.Deploy.0 = Debug|iPhone
		{F76E2AA4-8017-48A1-94BC-6EFBB71A50FA}.Release|Any CPU.ActiveCfg = Release|iPhone
		{F76E2AA4-8017-48A1-94BC-6EFBB71A50FA}.Release|Any CPU.Build.0 = Release|iPhone
		{F76E2AA4-8017-48A1-94BC-6EFBB71A50FA}.Release|Any CPU.Deploy.0 = Release|iPhone
		{F76E2AA4-8017-48A1-94BC-6EFBB71A50FA}.Release|ARM.ActiveCfg = Release|iPhone
		{F76E2AA4-8017-48A1-94BC-6EFBB71A50FA}.Release|ARM.Build.0 = Release|iPhone
		{F76E2AA4-8017-48A1-94BC-6EFBB71A50FA}.Release|ARM.Deploy.0 = Release|iPhone
		{F76E2AA4-8017-48A1-94BC-6EFBB71A50FA}.Release|iPhone.ActiveCfg = Release|iPhone
		{F76E2AA4-8017-48A1-94BC-6EFBB71A50FA}.Release|iPhone.Build.0 = Release|iPhone
		{F76E2AA4-8017-48A1-94BC-6EFBB71A50FA}.Release|iPhone.Deploy.0 = Release|iPhone
		{F76E2AA4-8017-48A1-94BC-6EFBB71A50FA}.Release|iPhoneSimulator.ActiveCfg = Release|iPhoneSimulator
		{F76E2AA4-8017-48A1-94BC-6EFBB71A50FA}.Release|iPhoneSimulator.Build.0 = Release|iPhoneSimulator
		{F76E2AA4-8017-48A1-94BC-6EFBB71A50FA}.Release|iPhoneSimulator.Deploy.0 = Release|iPhoneSimulator
		{F76E2AA4-8017-48A1-94BC-6EFBB71A50FA}.Release|x64.ActiveCfg = Release|iPhone
		{F76E2AA4-8017-48A1-94BC-6EFBB71A50FA}.Release|x64.Build.0 = Release|iPhone
		{F76E2AA4-8017-48A1-94BC-6EFBB71A50FA}.Release|x64.Deploy.0 = Release|iPhone
		{F76E2AA4-8017-48A1-94BC-6EFBB71A50FA}.Release|x86.ActiveCfg = Release|iPhone
		{F76E2AA4-8017-48A1-94BC-6EFBB71A50FA}.Release|x86.Build.0 = Release|iPhone
		{F76E2AA4-8017-48A1-94BC-6EFBB71A50FA}.Release|x86.Deploy.0 = Release|iPhone
		{868B502D-409F-4416-B6E3-1DBA09754900}.Ad-Hoc|Any CPU.ActiveCfg = Release|x86
		{868B502D-409F-4416-B6E3-1DBA09754900}.Ad-Hoc|Any CPU.Build.0 = Release|x86
		{868B502D-409F-4416-B6E3-1DBA09754900}.Ad-Hoc|Any CPU.Deploy.0 = Release|x86
		{868B502D-409F-4416-B6E3-1DBA09754900}.Ad-Hoc|ARM.ActiveCfg = Release|ARM
		{868B502D-409F-4416-B6E3-1DBA09754900}.Ad-Hoc|ARM.Build.0 = Release|ARM
		{868B502D-409F-4416-B6E3-1DBA09754900}.Ad-Hoc|ARM.Deploy.0 = Release|ARM
		{868B502D-409F-4416-B6E3-1DBA09754900}.Ad-Hoc|iPhone.ActiveCfg = Release|x86
		{868B502D-409F-4416-B6E3-1DBA09754900}.Ad-Hoc|iPhone.Build.0 = Release|x86
		{868B502D-409F-4416-B6E3-1DBA09754900}.Ad-Hoc|iPhone.Deploy.0 = Release|x86
		{868B502D-409F-4416-B6E3-1DBA09754900}.Ad-Hoc|iPhoneSimulator.ActiveCfg = Release|x86
		{868B502D-409F-4416-B6E3-1DBA09754900}.Ad-Hoc|iPhoneSimulator.Build.0 = Release|x86
		{868B502D-409F-4416-B6E3-1DBA09754900}.Ad-Hoc|iPhoneSimulator.Deploy.0 = Release|x86
		{868B502D-409F-4416-B6E3-1DBA09754900}.Ad-Hoc|x64.ActiveCfg = Release|x64
		{868B502D-409F-4416-B6E3-1DBA09754900}.Ad-Hoc|x64.Build.0 = Release|x64
		{868B502D-409F-4416-B6E3-1DBA09754900}.Ad-Hoc|x64.Deploy.0 = Release|x64
		{868B502D-409F-4416-B6E3-1DBA09754900}.Ad-Hoc|x86.ActiveCfg = Release|x86
		{868B502D-409F-4416-B6E3-1DBA09754900}.Ad-Hoc|x86.Build.0 = Release|x86
		{868B502D-409F-4416-B6E3-1DBA09754900}.Ad-Hoc|x86.Deploy.0 = Release|x86
		{868B502D-409F-4416-B6E3-1DBA09754900}.AppStore|Any CPU.ActiveCfg = Release|x86
		{868B502D-409F-4416-B6E3-1DBA09754900}.AppStore|Any CPU.Build.0 = Release|x86
		{868B502D-409F-4416-B6E3-1DBA09754900}.AppStore|Any CPU.Deploy.0 = Release|x86
		{868B502D-409F-4416-B6E3-1DBA09754900}.AppStore|ARM.ActiveCfg = Release|ARM
		{868B502D-409F-4416-B6E3-1DBA09754900}.AppStore|ARM.Build.0 = Release|ARM
		{868B502D-409F-4416-B6E3-1DBA09754900}.AppStore|ARM.Deploy.0 = Release|ARM
		{868B502D-409F-4416-B6E3-1DBA09754900}.AppStore|iPhone.ActiveCfg = Release|x86
		{868B502D-409F-4416-B6E3-1DBA09754900}.AppStore|iPhone.Build.0 = Release|x86
		{868B502D-409F-4416-B6E3-1DBA09754900}.AppStore|iPhone.Deploy.0 = Release|x86
		{868B502D-409F-4416-B6E3-1DBA09754900}.AppStore|iPhoneSimulator.ActiveCfg = Release|x86
		{868B502D-409F-4416-B6E3-1DBA09754900}.AppStore|iPhoneSimulator.Build.0 = Release|x86
		{868B502D-409F-4416-B6E3-1DBA09754900}.AppStore|iPhoneSimulator.Deploy.0 = Release|x86
		{868B502D-409F-4416-B6E3-1DBA09754900}.AppStore|x64.ActiveCfg = Release|x64
		{868B502D-409F-4416-B6E3-1DBA09754900}.AppStore|x64.Build.0 = Release|x64
		{868B502D-409F-4416-B6E3-1DBA09754900}.AppStore|x64.Deploy.0 = Release|x64
		{868B502D-409F-4416-B6E3-1DBA09754900}.AppStore|x86.ActiveCfg = Release|x86
		{868B502D-409F-4416-B6E3-1DBA09754900}.AppStore|x86.Build.0 = Release|x86
		{868B502D-409F-4416-B6E3-1DBA09754900}.AppStore|x86.Deploy.0 = Release|x86
		{868B502D-409F-4416-B6E3-1DBA09754900}.Debug|Any CPU.ActiveCfg = Debug|x86
		{868B502D-409F-4416-B6E3-1DBA09754900}.Debug|Any CPU.Build.0 = Debug|x86
		{868B502D-409F-4416-B6E3-1DBA09754900}.Debug|Any CPU.Deploy.0 = Debug|x86
		{868B502D-409F-4416-B6E3-1DBA09754900}.Debug|ARM.ActiveCfg = Debug|ARM
		{868B502D-409F-4416-B6E3-1DBA09754900}.Debug|ARM.Build.0 = Debug|ARM
		{868B502D-409F-4416-B6E3-1DBA09754900}.Debug|ARM.Deploy.0 = Debug|ARM
		{868B502D-409F-4416-B6E3-1DBA09754900}.Debug|iPhone.ActiveCfg = Debug|x86
		{868B502D-409F-4416-B6E3-1DBA09754900}.Debug|iPhone.Build.0 = Debug|x86
		{868B502D-409F-4416-B6E3-1DBA09754900}.Debug|iPhone.Deploy.0 = Debug|x86
		{868B502D-409F-4416-B6E3-1DBA09754900}.Debug|iPhoneSimulator.ActiveCfg = Debug|x86
		{868B502D-409F-4416-B6E3-1DBA09754900}.Debug|iPhoneSimulator.Build.0 = Debug|x86
		{868B502D-409F-4416-B6E3-1DBA09754900}.Debug|iPhoneSimulator.Deploy.0 = Debug|x86
		{868B502D-409F-4416-B6E3-1DBA09754900}.Debug|x64.ActiveCfg = Debug|x64
		{868B502D-409F-4416-B6E3-1DBA09754900}.Debug|x64.Build.0 = Debug|x64
		{868B502D-409F-4416-B6E3-1DBA09754900}.Debug|x64.Deploy.0 = Debug|x64
		{868B502D-409F-4416-B6E3-1DBA09754900}.Debug|x86.ActiveCfg = Debug|x86
		{868B502D-409F-4416-B6E3-1DBA09754900}.Debug|x86.Build.0 = Debug|x86
		{868B502D-409F-4416-B6E3-1DBA09754900}.Debug|x86.Deploy.0 = Debug|x86
		{868B502D-409F-4416-B6E3-1DBA09754900}.Release|Any CPU.ActiveCfg = Release|x86
		{868B502D-409F-4416-B6E3-1DBA09754900}.Release|Any CPU.Build.0 = Release|x86
		{868B502D-409F-4416-B6E3-1DBA09754900}.Release|Any CPU.Deploy.0 = Release|x86
		{868B502D-409F-4416-B6E3-1DBA09754900}.Release|ARM.ActiveCfg = Release|ARM
		{868B502D-409F-4416-B6E3-1DBA09754900}.Release|ARM.Build.0 = Release|ARM
		{868B502D-409F-4416-B6E3-1DBA09754900}.Release|ARM.Deploy.0 = Release|ARM
		{868B502D-409F-4416-B6E3-1DBA09754900}.Release|iPhone.ActiveCfg = Release|x86
		{868B502D-409F-4416-B6E3-1DBA09754900}.Release|iPhone.Build.0 = Release|x86
		{868B502D-409F-4416-B6E3-1DBA09754900}.Release|iPhone.Deploy.0 = Release|x86
		{868B502D-409F-4416-B6E3-1DBA09754900}.Release|iPhoneSimulator.ActiveCfg = Release|x86
		{868B502D-409F-4416-B6E3-1DBA09754900}.Release|iPhoneSimulator.Build.0 = Release|x86
		{868B502D-409F-4416-B6E3-1DBA09754900}.Release|iPhoneSimulator.Deploy.0 = Release|x86
		{868B502D-409F-4416-B6E3-1DBA09754900}.Release|x64.ActiveCfg = Release|x64
		{868B502D-409F-4416-B6E3-1DBA09754900}.Release|x64.Build.0 = Release|x64
		{868B502D-409F-4416-B6E3-1DBA09754900}.Release|x64.Deploy.0 = Release|x64
		{868B502D-409F-4416-B6E3-1DBA09754900}.Release|x86.ActiveCfg = Release|x86
		{868B502D-409F-4416-B6E3-1DBA09754900}.Release|x86.Build.0 = Release|x86
		{868B502D-409F-4416-B6E3-1DBA09754900}.Release|x86.Deploy.0 = Release|x86
		{10F4A81B-517E-44AE-9E2B-DCDEA8E58AE4}.Ad-Hoc|Any CPU.ActiveCfg = Debug|Any CPU
		{10F4A81B-517E-44AE-9E2B-DCDEA8E58AE4}.Ad-Hoc|Any CPU.Build.0 = Debug|Any CPU
		{10F4A81B-517E-44AE-9E2B-DCDEA8E58AE4}.Ad-Hoc|Any CPU.Deploy.0 = Debug|Any CPU
		{10F4A81B-517E-44AE-9E2B-DCDEA8E58AE4}.Ad-Hoc|ARM.ActiveCfg = Debug|Any CPU
		{10F4A81B-517E-44AE-9E2B-DCDEA8E58AE4}.Ad-Hoc|ARM.Build.0 = Debug|Any CPU
		{10F4A81B-517E-44AE-9E2B-DCDEA8E58AE4}.Ad-Hoc|ARM.Deploy.0 = Debug|Any CPU
		{10F4A81B-517E-44AE-9E2B-DCDEA8E58AE4}.Ad-Hoc|iPhone.ActiveCfg = Debug|Any CPU
		{10F4A81B-517E-44AE-9E2B-DCDEA8E58AE4}.Ad-Hoc|iPhone.Build.0 = Debug|Any CPU
		{10F4A81B-517E-44AE-9E2B-DCDEA8E58AE4}.Ad-Hoc|iPhone.Deploy.0 = Debug|Any CPU
		{10F4A81B-517E-44AE-9E2B-DCDEA8E58AE4}.Ad-Hoc|iPhoneSimulator.ActiveCfg = Debug|Any CPU
		{10F4A81B-517E-44AE-9E2B-DCDEA8E58AE4}.Ad-Hoc|iPhoneSimulator.Build.0 = Debug|Any CPU
		{10F4A81B-517E-44AE-9E2B-DCDEA8E58AE4}.Ad-Hoc|iPhoneSimulator.Deploy.0 = Debug|Any CPU
		{10F4A81B-517E-44AE-9E2B-DCDEA8E58AE4}.Ad-Hoc|x64.ActiveCfg = Debug|Any CPU
		{10F4A81B-517E-44AE-9E2B-DCDEA8E58AE4}.Ad-Hoc|x64.Build.0 = Debug|Any CPU
		{10F4A81B-517E-44AE-9E2B-DCDEA8E58AE4}.Ad-Hoc|x64.Deploy.0 = Debug|Any CPU
		{10F4A81B-517E-44AE-9E2B-DCDEA8E58AE4}.Ad-Hoc|x86.ActiveCfg = Debug|Any CPU
		{10F4A81B-517E-44AE-9E2B-DCDEA8E58AE4}.Ad-Hoc|x86.Build.0 = Debug|Any CPU
		{10F4A81B-517E-44AE-9E2B-DCDEA8E58AE4}.Ad-Hoc|x86.Deploy.0 = Debug|Any CPU
		{10F4A81B-517E-44AE-9E2B-DCDEA8E58AE4}.AppStore|Any CPU.ActiveCfg = Debug|Any CPU
		{10F4A81B-517E-44AE-9E2B-DCDEA8E58AE4}.AppStore|Any CPU.Build.0 = Debug|Any CPU
		{10F4A81B-517E-44AE-9E2B-DCDEA8E58AE4}.AppStore|Any CPU.Deploy.0 = Debug|Any CPU
		{10F4A81B-517E-44AE-9E2B-DCDEA8E58AE4}.AppStore|ARM.ActiveCfg = Debug|Any CPU
		{10F4A81B-517E-44AE-9E2B-DCDEA8E58AE4}.AppStore|ARM.Build.0 = Debug|Any CPU
		{10F4A81B-517E-44AE-9E2B-DCDEA8E58AE4}.AppStore|ARM.Deploy.0 = Debug|Any CPU
		{10F4A81B-517E-44AE-9E2B-DCDEA8E58AE4}.AppStore|iPhone.ActiveCfg = Debug|Any CPU
		{10F4A81B-517E-44AE-9E2B-DCDEA8E58AE4}.AppStore|iPhone.Build.0 = Debug|Any CPU
		{10F4A81B-517E-44AE-9E2B-DCDEA8E58AE4}.AppStore|iPhone.Deploy.0 = Debug|Any CPU
		{10F4A81B-517E-44AE-9E2B-DCDEA8E58AE4}.AppStore|iPhoneSimulator.ActiveCfg = Debug|Any CPU
		{10F4A81B-517E-44AE-9E2B-DCDEA8E58AE4}.AppStore|iPhoneSimulator.Build.0 = Debug|Any CPU
		{10F4A81B-517E-44AE-9E2B-DCDEA8E58AE4}.AppStore|iPhoneSimulator.Deploy.0 = Debug|Any CPU
		{10F4A81B-517E-44AE-9E2B-DCDEA8E58AE4}.AppStore|x64.ActiveCfg = Debug|Any CPU
		{10F4A81B-517E-44AE-9E2B-DCDEA8E58AE4}.AppStore|x64.Build.0 = Debug|Any CPU
		{10F4A81B-517E-44AE-9E2B-DCDEA8E58AE4}.AppStore|x64.Deploy.0 = Debug|Any CPU
		{10F4A81B-517E-44AE-9E2B-DCDEA8E58AE4}.AppStore|x86.ActiveCfg = Debug|Any CPU
		{10F4A81B-517E-44AE-9E2B-DCDEA8E58AE4}.AppStore|x86.Build.0 = Debug|Any CPU
		{10F4A81B-517E-44AE-9E2B-DCDEA8E58AE4}.AppStore|x86.Deploy.0 = Debug|Any CPU
		{10F4A81B-517E-44AE-9E2B-DCDEA8E58AE4}.Debug|Any CPU.ActiveCfg = Debug|Any CPU
		{10F4A81B-517E-44AE-9E2B-DCDEA8E58AE4}.Debug|Any CPU.Build.0 = Debug|Any CPU
		{10F4A81B-517E-44AE-9E2B-DCDEA8E58AE4}.Debug|Any CPU.Deploy.0 = Debug|Any CPU
		{10F4A81B-517E-44AE-9E2B-DCDEA8E58AE4}.Debug|ARM.ActiveCfg = Debug|Any CPU
		{10F4A81B-517E-44AE-9E2B-DCDEA8E58AE4}.Debug|ARM.Build.0 = Debug|Any CPU
		{10F4A81B-517E-44AE-9E2B-DCDEA8E58AE4}.Debug|ARM.Deploy.0 = Debug|Any CPU
		{10F4A81B-517E-44AE-9E2B-DCDEA8E58AE4}.Debug|iPhone.ActiveCfg = Debug|Any CPU
		{10F4A81B-517E-44AE-9E2B-DCDEA8E58AE4}.Debug|iPhone.Build.0 = Debug|Any CPU
		{10F4A81B-517E-44AE-9E2B-DCDEA8E58AE4}.Debug|iPhone.Deploy.0 = Debug|Any CPU
		{10F4A81B-517E-44AE-9E2B-DCDEA8E58AE4}.Debug|iPhoneSimulator.ActiveCfg = Debug|Any CPU
		{10F4A81B-517E-44AE-9E2B-DCDEA8E58AE4}.Debug|iPhoneSimulator.Build.0 = Debug|Any CPU
		{10F4A81B-517E-44AE-9E2B-DCDEA8E58AE4}.Debug|iPhoneSimulator.Deploy.0 = Debug|Any CPU
		{10F4A81B-517E-44AE-9E2B-DCDEA8E58AE4}.Debug|x64.ActiveCfg = Debug|Any CPU
		{10F4A81B-517E-44AE-9E2B-DCDEA8E58AE4}.Debug|x64.Build.0 = Debug|Any CPU
		{10F4A81B-517E-44AE-9E2B-DCDEA8E58AE4}.Debug|x64.Deploy.0 = Debug|Any CPU
		{10F4A81B-517E-44AE-9E2B-DCDEA8E58AE4}.Debug|x86.ActiveCfg = Debug|Any CPU
		{10F4A81B-517E-44AE-9E2B-DCDEA8E58AE4}.Debug|x86.Build.0 = Debug|Any CPU
		{10F4A81B-517E-44AE-9E2B-DCDEA8E58AE4}.Debug|x86.Deploy.0 = Debug|Any CPU
		{10F4A81B-517E-44AE-9E2B-DCDEA8E58AE4}.Release|Any CPU.ActiveCfg = Release|Any CPU
		{10F4A81B-517E-44AE-9E2B-DCDEA8E58AE4}.Release|Any CPU.Build.0 = Release|Any CPU
		{10F4A81B-517E-44AE-9E2B-DCDEA8E58AE4}.Release|Any CPU.Deploy.0 = Release|Any CPU
		{10F4A81B-517E-44AE-9E2B-DCDEA8E58AE4}.Release|ARM.ActiveCfg = Release|Any CPU
		{10F4A81B-517E-44AE-9E2B-DCDEA8E58AE4}.Release|ARM.Build.0 = Release|Any CPU
		{10F4A81B-517E-44AE-9E2B-DCDEA8E58AE4}.Release|ARM.Deploy.0 = Release|Any CPU
		{10F4A81B-517E-44AE-9E2B-DCDEA8E58AE4}.Release|iPhone.ActiveCfg = Release|Any CPU
		{10F4A81B-517E-44AE-9E2B-DCDEA8E58AE4}.Release|iPhone.Build.0 = Release|Any CPU
		{10F4A81B-517E-44AE-9E2B-DCDEA8E58AE4}.Release|iPhone.Deploy.0 = Release|Any CPU
		{10F4A81B-517E-44AE-9E2B-DCDEA8E58AE4}.Release|iPhoneSimulator.ActiveCfg = Release|Any CPU
		{10F4A81B-517E-44AE-9E2B-DCDEA8E58AE4}.Release|iPhoneSimulator.Build.0 = Release|Any CPU
		{10F4A81B-517E-44AE-9E2B-DCDEA8E58AE4}.Release|iPhoneSimulator.Deploy.0 = Release|Any CPU
		{10F4A81B-517E-44AE-9E2B-DCDEA8E58AE4}.Release|x64.ActiveCfg = Release|Any CPU
		{10F4A81B-517E-44AE-9E2B-DCDEA8E58AE4}.Release|x64.Build.0 = Release|Any CPU
		{10F4A81B-517E-44AE-9E2B-DCDEA8E58AE4}.Release|x64.Deploy.0 = Release|Any CPU
		{10F4A81B-517E-44AE-9E2B-DCDEA8E58AE4}.Release|x86.ActiveCfg = Release|Any CPU
		{10F4A81B-517E-44AE-9E2B-DCDEA8E58AE4}.Release|x86.Build.0 = Release|Any CPU
		{10F4A81B-517E-44AE-9E2B-DCDEA8E58AE4}.Release|x86.Deploy.0 = Release|Any CPU
	EndGlobalSection
	GlobalSection(SolutionProperties) = preSolution
		HideSolutionNode = FALSE
	EndGlobalSection
	GlobalSection(ExtensibilityGlobals) = postSolution
		SolutionGuid = {1D5C6162-39EB-40BE-AB91-187BAFDE34A2}
	EndGlobalSection
EndGlobal
