
Microsoft Visual Studio Solution File, Format Version 12.00
# Visual Studio 15
VisualStudioVersion = 15.0.28010.2041
MinimumVisualStudioVersion = 10.0.40219.1
Project("{FAE04EC0-301F-11D3-BF4B-00C04F79EFBC}") = "DynamicStyles.Android", "DynamicStyles\DynamicStyles.Android\DynamicStyles.Android.csproj", "{42161AE5-1B13-4C08-B5C6-BC09D6B742D1}"
EndProject
Project("{FAE04EC0-301F-11D3-BF4B-00C04F79EFBC}") = "DynamicStyles.iOS", "DynamicStyles\DynamicStyles.iOS\DynamicStyles.iOS.csproj", "{F9E0603A-4E4A-4C8C-A451-14816569EC44}"
EndProject
Project("{FAE04EC0-301F-11D3-BF4B-00C04F79EFBC}") = "DynamicStyles.UWP", "DynamicStyles\DynamicStyles.UWP\DynamicStyles.UWP.csproj", "{EBB3A2E2-B7A9-4A5E-A908-4434CD702CF4}"
EndProject
Project("{FAE04EC0-301F-11D3-BF4B-00C04F79EFBC}") = "DynamicStyles", "DynamicStyles\DynamicStyles\DynamicStyles.csproj", "{97644282-83BC-4DEE-910B-705511B149E1}"
EndProject
Global
	GlobalSection(SolutionConfigurationPlatforms) = preSolution
		Ad-Hoc|Any CPU = Ad-Hoc|Any CPU
		Ad-Hoc|ARM = Ad-Hoc|ARM
		Ad-Hoc|iPhone = Ad-Hoc|iPhone
		Ad-Hoc|iPhoneSimulator = Ad-Hoc|iPhoneSimulator
		Ad-Hoc|x64 = Ad-Hoc|x64
		Ad-Hoc|x86 = Ad-Hoc|x86
		AppStore|Any CPU = AppStore|Any CPU
		AppStore|ARM = AppStore|ARM
		AppStore|iPhone = AppStore|iPhone
		AppStore|iPhoneSimulator = AppStore|iPhoneSimulator
		AppStore|x64 = AppStore|x64
		AppStore|x86 = AppStore|x86
		Debug|Any CPU = Debug|Any CPU
		Debug|ARM = Debug|ARM
		Debug|iPhone = Debug|iPhone
		Debug|iPhoneSimulator = Debug|iPhoneSimulator
		Debug|x64 = Debug|x64
		Debug|x86 = Debug|x86
		Release|Any CPU = Release|Any CPU
		Release|ARM = Release|ARM
		Release|iPhone = Release|iPhone
		Release|iPhoneSimulator = Release|iPhoneSimulator
		Release|x64 = Release|x64
		Release|x86 = Release|x86
	EndGlobalSection
	GlobalSection(ProjectConfigurationPlatforms) = postSolution
		{42161AE5-1B13-4C08-B5C6-BC09D6B742D1}.Ad-Hoc|Any CPU.ActiveCfg = Release|Any CPU
		{42161AE5-1B13-4C08-B5C6-BC09D6B742D1}.Ad-Hoc|Any CPU.Build.0 = Release|Any CPU
		{42161AE5-1B13-4C08-B5C6-BC09D6B742D1}.Ad-Hoc|Any CPU.Deploy.0 = Release|Any CPU
		{42161AE5-1B13-4C08-B5C6-BC09D6B742D1}.Ad-Hoc|ARM.ActiveCfg = Release|Any CPU
		{42161AE5-1B13-4C08-B5C6-BC09D6B742D1}.Ad-Hoc|ARM.Build.0 = Release|Any CPU
		{42161AE5-1B13-4C08-B5C6-BC09D6B742D1}.Ad-Hoc|ARM.Deploy.0 = Release|Any CPU
		{42161AE5-1B13-4C08-B5C6-BC09D6B742D1}.Ad-Hoc|iPhone.ActiveCfg = Release|Any CPU
		{42161AE5-1B13-4C08-B5C6-BC09D6B742D1}.Ad-Hoc|iPhone.Build.0 = Release|Any CPU
		{42161AE5-1B13-4C08-B5C6-BC09D6B742D1}.Ad-Hoc|iPhone.Deploy.0 = Release|Any CPU
		{42161AE5-1B13-4C08-B5C6-BC09D6B742D1}.Ad-Hoc|iPhoneSimulator.ActiveCfg = Release|Any CPU
		{42161AE5-1B13-4C08-B5C6-BC09D6B742D1}.Ad-Hoc|iPhoneSimulator.Build.0 = Release|Any CPU
		{42161AE5-1B13-4C08-B5C6-BC09D6B742D1}.Ad-Hoc|iPhoneSimulator.Deploy.0 = Release|Any CPU
		{42161AE5-1B13-4C08-B5C6-BC09D6B742D1}.Ad-Hoc|x64.ActiveCfg = Release|Any CPU
		{42161AE5-1B13-4C08-B5C6-BC09D6B742D1}.Ad-Hoc|x64.Build.0 = Release|Any CPU
		{42161AE5-1B13-4C08-B5C6-BC09D6B742D1}.Ad-Hoc|x64.Deploy.0 = Release|Any CPU
		{42161AE5-1B13-4C08-B5C6-BC09D6B742D1}.Ad-Hoc|x86.ActiveCfg = Release|Any CPU
		{42161AE5-1B13-4C08-B5C6-BC09D6B742D1}.Ad-Hoc|x86.Build.0 = Release|Any CPU
		{42161AE5-1B13-4C08-B5C6-BC09D6B742D1}.Ad-Hoc|x86.Deploy.0 = Release|Any CPU
		{42161AE5-1B13-4C08-B5C6-BC09D6B742D1}.AppStore|Any CPU.ActiveCfg = Release|Any CPU
		{42161AE5-1B13-4C08-B5C6-BC09D6B742D1}.AppStore|Any CPU.Build.0 = Release|Any CPU
		{42161AE5-1B13-4C08-B5C6-BC09D6B742D1}.AppStore|Any CPU.Deploy.0 = Release|Any CPU
		{42161AE5-1B13-4C08-B5C6-BC09D6B742D1}.AppStore|ARM.ActiveCfg = Release|Any CPU
		{42161AE5-1B13-4C08-B5C6-BC09D6B742D1}.AppStore|ARM.Build.0 = Release|Any CPU
		{42161AE5-1B13-4C08-B5C6-BC09D6B742D1}.AppStore|ARM.Deploy.0 = Release|Any CPU
		{42161AE5-1B13-4C08-B5C6-BC09D6B742D1}.AppStore|iPhone.ActiveCfg = Release|Any CPU
		{42161AE5-1B13-4C08-B5C6-BC09D6B742D1}.AppStore|iPhone.Build.0 = Release|Any CPU
		{42161AE5-1B13-4C08-B5C6-BC09D6B742D1}.AppStore|iPhone.Deploy.0 = Release|Any CPU
		{42161AE5-1B13-4C08-B5C6-BC09D6B742D1}.AppStore|iPhoneSimulator.ActiveCfg = Release|Any CPU
		{42161AE5-1B13-4C08-B5C6-BC09D6B742D1}.AppStore|iPhoneSimulator.Build.0 = Release|Any CPU
		{42161AE5-1B13-4C08-B5C6-BC09D6B742D1}.AppStore|iPhoneSimulator.Deploy.0 = Release|Any CPU
		{42161AE5-1B13-4C08-B5C6-BC09D6B742D1}.AppStore|x64.ActiveCfg = Release|Any CPU
		{42161AE5-1B13-4C08-B5C6-BC09D6B742D1}.AppStore|x64.Build.0 = Release|Any CPU
		{42161AE5-1B13-4C08-B5C6-BC09D6B742D1}.AppStore|x64.Deploy.0 = Release|Any CPU
		{42161AE5-1B13-4C08-B5C6-BC09D6B742D1}.AppStore|x86.ActiveCfg = Release|Any CPU
		{42161AE5-1B13-4C08-B5C6-BC09D6B742D1}.AppStore|x86.Build.0 = Release|Any CPU
		{42161AE5-1B13-4C08-B5C6-BC09D6B742D1}.AppStore|x86.Deploy.0 = Release|Any CPU
		{42161AE5-1B13-4C08-B5C6-BC09D6B742D1}.Debug|Any CPU.ActiveCfg = Debug|Any CPU
		{42161AE5-1B13-4C08-B5C6-BC09D6B742D1}.Debug|Any CPU.Build.0 = Debug|Any CPU
		{42161AE5-1B13-4C08-B5C6-BC09D6B742D1}.Debug|Any CPU.Deploy.0 = Debug|Any CPU
		{42161AE5-1B13-4C08-B5C6-BC09D6B742D1}.Debug|ARM.ActiveCfg = Debug|Any CPU
		{42161AE5-1B13-4C08-B5C6-BC09D6B742D1}.Debug|ARM.Build.0 = Debug|Any CPU
		{42161AE5-1B13-4C08-B5C6-BC09D6B742D1}.Debug|ARM.Deploy.0 = Debug|Any CPU
		{42161AE5-1B13-4C08-B5C6-BC09D6B742D1}.Debug|iPhone.ActiveCfg = Debug|Any CPU
		{42161AE5-1B13-4C08-B5C6-BC09D6B742D1}.Debug|iPhone.Build.0 = Debug|Any CPU
		{42161AE5-1B13-4C08-B5C6-BC09D6B742D1}.Debug|iPhone.Deploy.0 = Debug|Any CPU
		{42161AE5-1B13-4C08-B5C6-BC09D6B742D1}.Debug|iPhoneSimulator.ActiveCfg = Debug|Any CPU
		{42161AE5-1B13-4C08-B5C6-BC09D6B742D1}.Debug|iPhoneSimulator.Build.0 = Debug|Any CPU
		{42161AE5-1B13-4C08-B5C6-BC09D6B742D1}.Debug|iPhoneSimulator.Deploy.0 = Debug|Any CPU
		{42161AE5-1B13-4C08-B5C6-BC09D6B742D1}.Debug|x64.ActiveCfg = Debug|Any CPU
		{42161AE5-1B13-4C08-B5C6-BC09D6B742D1}.Debug|x64.Build.0 = Debug|Any CPU
		{42161AE5-1B13-4C08-B5C6-BC09D6B742D1}.Debug|x64.Deploy.0 = Debug|Any CPU
		{42161AE5-1B13-4C08-B5C6-BC09D6B742D1}.Debug|x86.ActiveCfg = Debug|Any CPU
		{42161AE5-1B13-4C08-B5C6-BC09D6B742D1}.Debug|x86.Build.0 = Debug|Any CPU
		{42161AE5-1B13-4C08-B5C6-BC09D6B742D1}.Debug|x86.Deploy.0 = Debug|Any CPU
		{42161AE5-1B13-4C08-B5C6-BC09D6B742D1}.Release|Any CPU.ActiveCfg = Release|Any CPU
		{42161AE5-1B13-4C08-B5C6-BC09D6B742D1}.Release|Any CPU.Build.0 = Release|Any CPU
		{42161AE5-1B13-4C08-B5C6-BC09D6B742D1}.Release|Any CPU.Deploy.0 = Release|Any CPU
		{42161AE5-1B13-4C08-B5C6-BC09D6B742D1}.Release|ARM.ActiveCfg = Release|Any CPU
		{42161AE5-1B13-4C08-B5C6-BC09D6B742D1}.Release|ARM.Build.0 = Release|Any CPU
		{42161AE5-1B13-4C08-B5C6-BC09D6B742D1}.Release|ARM.Deploy.0 = Release|Any CPU
		{42161AE5-1B13-4C08-B5C6-BC09D6B742D1}.Release|iPhone.ActiveCfg = Release|Any CPU
		{42161AE5-1B13-4C08-B5C6-BC09D6B742D1}.Release|iPhone.Build.0 = Release|Any CPU
		{42161AE5-1B13-4C08-B5C6-BC09D6B742D1}.Release|iPhone.Deploy.0 = Release|Any CPU
		{42161AE5-1B13-4C08-B5C6-BC09D6B742D1}.Release|iPhoneSimulator.ActiveCfg = Release|Any CPU
		{42161AE5-1B13-4C08-B5C6-BC09D6B742D1}.Release|iPhoneSimulator.Build.0 = Release|Any CPU
		{42161AE5-1B13-4C08-B5C6-BC09D6B742D1}.Release|iPhoneSimulator.Deploy.0 = Release|Any CPU
		{42161AE5-1B13-4C08-B5C6-BC09D6B742D1}.Release|x64.ActiveCfg = Release|Any CPU
		{42161AE5-1B13-4C08-B5C6-BC09D6B742D1}.Release|x64.Build.0 = Release|Any CPU
		{42161AE5-1B13-4C08-B5C6-BC09D6B742D1}.Release|x64.Deploy.0 = Release|Any CPU
		{42161AE5-1B13-4C08-B5C6-BC09D6B742D1}.Release|x86.ActiveCfg = Release|Any CPU
		{42161AE5-1B13-4C08-B5C6-BC09D6B742D1}.Release|x86.Build.0 = Release|Any CPU
		{42161AE5-1B13-4C08-B5C6-BC09D6B742D1}.Release|x86.Deploy.0 = Release|Any CPU
		{F9E0603A-4E4A-4C8C-A451-14816569EC44}.Ad-Hoc|Any CPU.ActiveCfg = Ad-Hoc|iPhone
		{F9E0603A-4E4A-4C8C-A451-14816569EC44}.Ad-Hoc|Any CPU.Build.0 = Ad-Hoc|iPhone
		{F9E0603A-4E4A-4C8C-A451-14816569EC44}.Ad-Hoc|Any CPU.Deploy.0 = Ad-Hoc|iPhone
		{F9E0603A-4E4A-4C8C-A451-14816569EC44}.Ad-Hoc|ARM.ActiveCfg = Ad-Hoc|iPhone
		{F9E0603A-4E4A-4C8C-A451-14816569EC44}.Ad-Hoc|ARM.Build.0 = Ad-Hoc|iPhone
		{F9E0603A-4E4A-4C8C-A451-14816569EC44}.Ad-Hoc|ARM.Deploy.0 = Ad-Hoc|iPhone
		{F9E0603A-4E4A-4C8C-A451-14816569EC44}.Ad-Hoc|iPhone.ActiveCfg = Ad-Hoc|iPhone
		{F9E0603A-4E4A-4C8C-A451-14816569EC44}.Ad-Hoc|iPhone.Build.0 = Ad-Hoc|iPhone
		{F9E0603A-4E4A-4C8C-A451-14816569EC44}.Ad-Hoc|iPhone.Deploy.0 = Ad-Hoc|iPhone
		{F9E0603A-4E4A-4C8C-A451-14816569EC44}.Ad-Hoc|iPhoneSimulator.ActiveCfg = Ad-Hoc|iPhoneSimulator
		{F9E0603A-4E4A-4C8C-A451-14816569EC44}.Ad-Hoc|iPhoneSimulator.Build.0 = Ad-Hoc|iPhoneSimulator
		{F9E0603A-4E4A-4C8C-A451-14816569EC44}.Ad-Hoc|iPhoneSimulator.Deploy.0 = Ad-Hoc|iPhoneSimulator
		{F9E0603A-4E4A-4C8C-A451-14816569EC44}.Ad-Hoc|x64.ActiveCfg = Ad-Hoc|iPhone
		{F9E0603A-4E4A-4C8C-A451-14816569EC44}.Ad-Hoc|x64.Build.0 = Ad-Hoc|iPhone
		{F9E0603A-4E4A-4C8C-A451-14816569EC44}.Ad-Hoc|x64.Deploy.0 = Ad-Hoc|iPhone
		{F9E0603A-4E4A-4C8C-A451-14816569EC44}.Ad-Hoc|x86.ActiveCfg = Ad-Hoc|iPhone
		{F9E0603A-4E4A-4C8C-A451-14816569EC44}.Ad-Hoc|x86.Build.0 = Ad-Hoc|iPhone
		{F9E0603A-4E4A-4C8C-A451-14816569EC44}.Ad-Hoc|x86.Deploy.0 = Ad-Hoc|iPhone
		{F9E0603A-4E4A-4C8C-A451-14816569EC44}.AppStore|Any CPU.ActiveCfg = AppStore|iPhone
		{F9E0603A-4E4A-4C8C-A451-14816569EC44}.AppStore|Any CPU.Build.0 = AppStore|iPhone
		{F9E0603A-4E4A-4C8C-A451-14816569EC44}.AppStore|Any CPU.Deploy.0 = AppStore|iPhone
		{F9E0603A-4E4A-4C8C-A451-14816569EC44}.AppStore|ARM.ActiveCfg = AppStore|iPhone
		{F9E0603A-4E4A-4C8C-A451-14816569EC44}.AppStore|ARM.Build.0 = AppStore|iPhone
		{F9E0603A-4E4A-4C8C-A451-14816569EC44}.AppStore|ARM.Deploy.0 = AppStore|iPhone
		{F9E0603A-4E4A-4C8C-A451-14816569EC44}.AppStore|iPhone.ActiveCfg = AppStore|iPhone
		{F9E0603A-4E4A-4C8C-A451-14816569EC44}.AppStore|iPhone.Build.0 = AppStore|iPhone
		{F9E0603A-4E4A-4C8C-A451-14816569EC44}.AppStore|iPhone.Deploy.0 = AppStore|iPhone
		{F9E0603A-4E4A-4C8C-A451-14816569EC44}.AppStore|iPhoneSimulator.ActiveCfg = AppStore|iPhoneSimulator
		{F9E0603A-4E4A-4C8C-A451-14816569EC44}.AppStore|iPhoneSimulator.Build.0 = AppStore|iPhoneSimulator
		{F9E0603A-4E4A-4C8C-A451-14816569EC44}.AppStore|iPhoneSimulator.Deploy.0 = AppStore|iPhoneSimulator
		{F9E0603A-4E4A-4C8C-A451-14816569EC44}.AppStore|x64.ActiveCfg = AppStore|iPhone
		{F9E0603A-4E4A-4C8C-A451-14816569EC44}.AppStore|x64.Build.0 = AppStore|iPhone
		{F9E0603A-4E4A-4C8C-A451-14816569EC44}.AppStore|x64.Deploy.0 = AppStore|iPhone
		{F9E0603A-4E4A-4C8C-A451-14816569EC44}.AppStore|x86.ActiveCfg = AppStore|iPhone
		{F9E0603A-4E4A-4C8C-A451-14816569EC44}.AppStore|x86.Build.0 = AppStore|iPhone
		{F9E0603A-4E4A-4C8C-A451-14816569EC44}.AppStore|x86.Deploy.0 = AppStore|iPhone
		{F9E0603A-4E4A-4C8C-A451-14816569EC44}.Debug|Any CPU.ActiveCfg = Debug|iPhoneSimulator
		{F9E0603A-4E4A-4C8C-A451-14816569EC44}.Debug|Any CPU.Build.0 = Debug|iPhoneSimulator
		{F9E0603A-4E4A-4C8C-A451-14816569EC44}.Debug|Any CPU.Deploy.0 = Debug|iPhoneSimulator
		{F9E0603A-4E4A-4C8C-A451-14816569EC44}.Debug|ARM.ActiveCfg = Debug|iPhone
		{F9E0603A-4E4A-4C8C-A451-14816569EC44}.Debug|ARM.Build.0 = Debug|iPhone
		{F9E0603A-4E4A-4C8C-A451-14816569EC44}.Debug|ARM.Deploy.0 = Debug|iPhone
		{F9E0603A-4E4A-4C8C-A451-14816569EC44}.Debug|iPhone.ActiveCfg = Debug|iPhone
		{F9E0603A-4E4A-4C8C-A451-14816569EC44}.Debug|iPhone.Build.0 = Debug|iPhone
		{F9E0603A-4E4A-4C8C-A451-14816569EC44}.Debug|iPhone.Deploy.0 = Debug|iPhone
		{F9E0603A-4E4A-4C8C-A451-14816569EC44}.Debug|iPhoneSimulator.ActiveCfg = Debug|iPhoneSimulator
		{F9E0603A-4E4A-4C8C-A451-14816569EC44}.Debug|iPhoneSimulator.Build.0 = Debug|iPhoneSimulator
		{F9E0603A-4E4A-4C8C-A451-14816569EC44}.Debug|iPhoneSimulator.Deploy.0 = Debug|iPhoneSimulator
		{F9E0603A-4E4A-4C8C-A451-14816569EC44}.Debug|x64.ActiveCfg = Debug|iPhone
		{F9E0603A-4E4A-4C8C-A451-14816569EC44}.Debug|x64.Build.0 = Debug|iPhone
		{F9E0603A-4E4A-4C8C-A451-14816569EC44}.Debug|x64.Deploy.0 = Debug|iPhone
		{F9E0603A-4E4A-4C8C-A451-14816569EC44}.Debug|x86.ActiveCfg = Debug|iPhone
		{F9E0603A-4E4A-4C8C-A451-14816569EC44}.Debug|x86.Build.0 = Debug|iPhone
		{F9E0603A-4E4A-4C8C-A451-14816569EC44}.Debug|x86.Deploy.0 = Debug|iPhone
		{F9E0603A-4E4A-4C8C-A451-14816569EC44}.Release|Any CPU.ActiveCfg = Release|iPhone
		{F9E0603A-4E4A-4C8C-A451-14816569EC44}.Release|Any CPU.Build.0 = Release|iPhone
		{F9E0603A-4E4A-4C8C-A451-14816569EC44}.Release|Any CPU.Deploy.0 = Release|iPhone
		{F9E0603A-4E4A-4C8C-A451-14816569EC44}.Release|ARM.ActiveCfg = Release|iPhone
		{F9E0603A-4E4A-4C8C-A451-14816569EC44}.Release|ARM.Build.0 = Release|iPhone
		{F9E0603A-4E4A-4C8C-A451-14816569EC44}.Release|ARM.Deploy.0 = Release|iPhone
		{F9E0603A-4E4A-4C8C-A451-14816569EC44}.Release|iPhone.ActiveCfg = Release|iPhone
		{F9E0603A-4E4A-4C8C-A451-14816569EC44}.Release|iPhone.Build.0 = Release|iPhone
		{F9E0603A-4E4A-4C8C-A451-14816569EC44}.Release|iPhone.Deploy.0 = Release|iPhone
		{F9E0603A-4E4A-4C8C-A451-14816569EC44}.Release|iPhoneSimulator.ActiveCfg = Release|iPhoneSimulator
		{F9E0603A-4E4A-4C8C-A451-14816569EC44}.Release|iPhoneSimulator.Build.0 = Release|iPhoneSimulator
		{F9E0603A-4E4A-4C8C-A451-14816569EC44}.Release|iPhoneSimulator.Deploy.0 = Release|iPhoneSimulator
		{F9E0603A-4E4A-4C8C-A451-14816569EC44}.Release|x64.ActiveCfg = Release|iPhone
		{F9E0603A-4E4A-4C8C-A451-14816569EC44}.Release|x64.Build.0 = Release|iPhone
		{F9E0603A-4E4A-4C8C-A451-14816569EC44}.Release|x64.Deploy.0 = Release|iPhone
		{F9E0603A-4E4A-4C8C-A451-14816569EC44}.Release|x86.ActiveCfg = Release|iPhone
		{F9E0603A-4E4A-4C8C-A451-14816569EC44}.Release|x86.Build.0 = Release|iPhone
		{F9E0603A-4E4A-4C8C-A451-14816569EC44}.Release|x86.Deploy.0 = Release|iPhone
		{EBB3A2E2-B7A9-4A5E-A908-4434CD702CF4}.Ad-Hoc|Any CPU.ActiveCfg = Release|x86
		{EBB3A2E2-B7A9-4A5E-A908-4434CD702CF4}.Ad-Hoc|Any CPU.Build.0 = Release|x86
		{EBB3A2E2-B7A9-4A5E-A908-4434CD702CF4}.Ad-Hoc|Any CPU.Deploy.0 = Release|x86
		{EBB3A2E2-B7A9-4A5E-A908-4434CD702CF4}.Ad-Hoc|ARM.ActiveCfg = Release|ARM
		{EBB3A2E2-B7A9-4A5E-A908-4434CD702CF4}.Ad-Hoc|ARM.Build.0 = Release|ARM
		{EBB3A2E2-B7A9-4A5E-A908-4434CD702CF4}.Ad-Hoc|ARM.Deploy.0 = Release|ARM
		{EBB3A2E2-B7A9-4A5E-A908-4434CD702CF4}.Ad-Hoc|iPhone.ActiveCfg = Release|x86
		{EBB3A2E2-B7A9-4A5E-A908-4434CD702CF4}.Ad-Hoc|iPhone.Build.0 = Release|x86
		{EBB3A2E2-B7A9-4A5E-A908-4434CD702CF4}.Ad-Hoc|iPhone.Deploy.0 = Release|x86
		{EBB3A2E2-B7A9-4A5E-A908-4434CD702CF4}.Ad-Hoc|iPhoneSimulator.ActiveCfg = Release|x86
		{EBB3A2E2-B7A9-4A5E-A908-4434CD702CF4}.Ad-Hoc|iPhoneSimulator.Build.0 = Release|x86
		{EBB3A2E2-B7A9-4A5E-A908-4434CD702CF4}.Ad-Hoc|iPhoneSimulator.Deploy.0 = Release|x86
		{EBB3A2E2-B7A9-4A5E-A908-4434CD702CF4}.Ad-Hoc|x64.ActiveCfg = Release|x64
		{EBB3A2E2-B7A9-4A5E-A908-4434CD702CF4}.Ad-Hoc|x64.Build.0 = Release|x64
		{EBB3A2E2-B7A9-4A5E-A908-4434CD702CF4}.Ad-Hoc|x64.Deploy.0 = Release|x64
		{EBB3A2E2-B7A9-4A5E-A908-4434CD702CF4}.Ad-Hoc|x86.ActiveCfg = Release|x86
		{EBB3A2E2-B7A9-4A5E-A908-4434CD702CF4}.Ad-Hoc|x86.Build.0 = Release|x86
		{EBB3A2E2-B7A9-4A5E-A908-4434CD702CF4}.Ad-Hoc|x86.Deploy.0 = Release|x86
		{EBB3A2E2-B7A9-4A5E-A908-4434CD702CF4}.AppStore|Any CPU.ActiveCfg = Release|x86
		{EBB3A2E2-B7A9-4A5E-A908-4434CD702CF4}.AppStore|Any CPU.Build.0 = Release|x86
		{EBB3A2E2-B7A9-4A5E-A908-4434CD702CF4}.AppStore|Any CPU.Deploy.0 = Release|x86
		{EBB3A2E2-B7A9-4A5E-A908-4434CD702CF4}.AppStore|ARM.ActiveCfg = Release|ARM
		{EBB3A2E2-B7A9-4A5E-A908-4434CD702CF4}.AppStore|ARM.Build.0 = Release|ARM
		{EBB3A2E2-B7A9-4A5E-A908-4434CD702CF4}.AppStore|ARM.Deploy.0 = Release|ARM
		{EBB3A2E2-B7A9-4A5E-A908-4434CD702CF4}.AppStore|iPhone.ActiveCfg = Release|x86
		{EBB3A2E2-B7A9-4A5E-A908-4434CD702CF4}.AppStore|iPhone.Build.0 = Release|x86
		{EBB3A2E2-B7A9-4A5E-A908-4434CD702CF4}.AppStore|iPhone.Deploy.0 = Release|x86
		{EBB3A2E2-B7A9-4A5E-A908-4434CD702CF4}.AppStore|iPhoneSimulator.ActiveCfg = Release|x86
		{EBB3A2E2-B7A9-4A5E-A908-4434CD702CF4}.AppStore|iPhoneSimulator.Build.0 = Release|x86
		{EBB3A2E2-B7A9-4A5E-A908-4434CD702CF4}.AppStore|iPhoneSimulator.Deploy.0 = Release|x86
		{EBB3A2E2-B7A9-4A5E-A908-4434CD702CF4}.AppStore|x64.ActiveCfg = Release|x64
		{EBB3A2E2-B7A9-4A5E-A908-4434CD702CF4}.AppStore|x64.Build.0 = Release|x64
		{EBB3A2E2-B7A9-4A5E-A908-4434CD702CF4}.AppStore|x64.Deploy.0 = Release|x64
		{EBB3A2E2-B7A9-4A5E-A908-4434CD702CF4}.AppStore|x86.ActiveCfg = Release|x86
		{EBB3A2E2-B7A9-4A5E-A908-4434CD702CF4}.AppStore|x86.Build.0 = Release|x86
		{EBB3A2E2-B7A9-4A5E-A908-4434CD702CF4}.AppStore|x86.Deploy.0 = Release|x86
		{EBB3A2E2-B7A9-4A5E-A908-4434CD702CF4}.Debug|Any CPU.ActiveCfg = Debug|x86
		{EBB3A2E2-B7A9-4A5E-A908-4434CD702CF4}.Debug|Any CPU.Build.0 = Debug|x86
		{EBB3A2E2-B7A9-4A5E-A908-4434CD702CF4}.Debug|Any CPU.Deploy.0 = Debug|x86
		{EBB3A2E2-B7A9-4A5E-A908-4434CD702CF4}.Debug|ARM.ActiveCfg = Debug|ARM
		{EBB3A2E2-B7A9-4A5E-A908-4434CD702CF4}.Debug|ARM.Build.0 = Debug|ARM
		{EBB3A2E2-B7A9-4A5E-A908-4434CD702CF4}.Debug|ARM.Deploy.0 = Debug|ARM
		{EBB3A2E2-B7A9-4A5E-A908-4434CD702CF4}.Debug|iPhone.ActiveCfg = Debug|x86
		{EBB3A2E2-B7A9-4A5E-A908-4434CD702CF4}.Debug|iPhone.Build.0 = Debug|x86
		{EBB3A2E2-B7A9-4A5E-A908-4434CD702CF4}.Debug|iPhone.Deploy.0 = Debug|x86
		{EBB3A2E2-B7A9-4A5E-A908-4434CD702CF4}.Debug|iPhoneSimulator.ActiveCfg = Debug|x86
		{EBB3A2E2-B7A9-4A5E-A908-4434CD702CF4}.Debug|iPhoneSimulator.Build.0 = Debug|x86
		{EBB3A2E2-B7A9-4A5E-A908-4434CD702CF4}.Debug|iPhoneSimulator.Deploy.0 = Debug|x86
		{EBB3A2E2-B7A9-4A5E-A908-4434CD702CF4}.Debug|x64.ActiveCfg = Debug|x64
		{EBB3A2E2-B7A9-4A5E-A908-4434CD702CF4}.Debug|x64.Build.0 = Debug|x64
		{EBB3A2E2-B7A9-4A5E-A908-4434CD702CF4}.Debug|x64.Deploy.0 = Debug|x64
		{EBB3A2E2-B7A9-4A5E-A908-4434CD702CF4}.Debug|x86.ActiveCfg = Debug|x86
		{EBB3A2E2-B7A9-4A5E-A908-4434CD702CF4}.Debug|x86.Build.0 = Debug|x86
		{EBB3A2E2-B7A9-4A5E-A908-4434CD702CF4}.Debug|x86.Deploy.0 = Debug|x86
		{EBB3A2E2-B7A9-4A5E-A908-4434CD702CF4}.Release|Any CPU.ActiveCfg = Release|x86
		{EBB3A2E2-B7A9-4A5E-A908-4434CD702CF4}.Release|Any CPU.Build.0 = Release|x86
		{EBB3A2E2-B7A9-4A5E-A908-4434CD702CF4}.Release|Any CPU.Deploy.0 = Release|x86
		{EBB3A2E2-B7A9-4A5E-A908-4434CD702CF4}.Release|ARM.ActiveCfg = Release|ARM
		{EBB3A2E2-B7A9-4A5E-A908-4434CD702CF4}.Release|ARM.Build.0 = Release|ARM
		{EBB3A2E2-B7A9-4A5E-A908-4434CD702CF4}.Release|ARM.Deploy.0 = Release|ARM
		{EBB3A2E2-B7A9-4A5E-A908-4434CD702CF4}.Release|iPhone.ActiveCfg = Release|x86
		{EBB3A2E2-B7A9-4A5E-A908-4434CD702CF4}.Release|iPhone.Build.0 = Release|x86
		{EBB3A2E2-B7A9-4A5E-A908-4434CD702CF4}.Release|iPhone.Deploy.0 = Release|x86
		{EBB3A2E2-B7A9-4A5E-A908-4434CD702CF4}.Release|iPhoneSimulator.ActiveCfg = Release|x86
		{EBB3A2E2-B7A9-4A5E-A908-4434CD702CF4}.Release|iPhoneSimulator.Build.0 = Release|x86
		{EBB3A2E2-B7A9-4A5E-A908-4434CD702CF4}.Release|iPhoneSimulator.Deploy.0 = Release|x86
		{EBB3A2E2-B7A9-4A5E-A908-4434CD702CF4}.Release|x64.ActiveCfg = Release|x64
		{EBB3A2E2-B7A9-4A5E-A908-4434CD702CF4}.Release|x64.Build.0 = Release|x64
		{EBB3A2E2-B7A9-4A5E-A908-4434CD702CF4}.Release|x64.Deploy.0 = Release|x64
		{EBB3A2E2-B7A9-4A5E-A908-4434CD702CF4}.Release|x86.ActiveCfg = Release|x86
		{EBB3A2E2-B7A9-4A5E-A908-4434CD702CF4}.Release|x86.Build.0 = Release|x86
		{EBB3A2E2-B7A9-4A5E-A908-4434CD702CF4}.Release|x86.Deploy.0 = Release|x86
		{97644282-83BC-4DEE-910B-705511B149E1}.Ad-Hoc|Any CPU.ActiveCfg = Debug|Any CPU
		{97644282-83BC-4DEE-910B-705511B149E1}.Ad-Hoc|Any CPU.Build.0 = Debug|Any CPU
		{97644282-83BC-4DEE-910B-705511B149E1}.Ad-Hoc|Any CPU.Deploy.0 = Debug|Any CPU
		{97644282-83BC-4DEE-910B-705511B149E1}.Ad-Hoc|ARM.ActiveCfg = Debug|Any CPU
		{97644282-83BC-4DEE-910B-705511B149E1}.Ad-Hoc|ARM.Build.0 = Debug|Any CPU
		{97644282-83BC-4DEE-910B-705511B149E1}.Ad-Hoc|ARM.Deploy.0 = Debug|Any CPU
		{97644282-83BC-4DEE-910B-705511B149E1}.Ad-Hoc|iPhone.ActiveCfg = Debug|Any CPU
		{97644282-83BC-4DEE-910B-705511B149E1}.Ad-Hoc|iPhone.Build.0 = Debug|Any CPU
		{97644282-83BC-4DEE-910B-705511B149E1}.Ad-Hoc|iPhone.Deploy.0 = Debug|Any CPU
		{97644282-83BC-4DEE-910B-705511B149E1}.Ad-Hoc|iPhoneSimulator.ActiveCfg = Debug|Any CPU
		{97644282-83BC-4DEE-910B-705511B149E1}.Ad-Hoc|iPhoneSimulator.Build.0 = Debug|Any CPU
		{97644282-83BC-4DEE-910B-705511B149E1}.Ad-Hoc|iPhoneSimulator.Deploy.0 = Debug|Any CPU
		{97644282-83BC-4DEE-910B-705511B149E1}.Ad-Hoc|x64.ActiveCfg = Debug|Any CPU
		{97644282-83BC-4DEE-910B-705511B149E1}.Ad-Hoc|x64.Build.0 = Debug|Any CPU
		{97644282-83BC-4DEE-910B-705511B149E1}.Ad-Hoc|x64.Deploy.0 = Debug|Any CPU
		{97644282-83BC-4DEE-910B-705511B149E1}.Ad-Hoc|x86.ActiveCfg = Debug|Any CPU
		{97644282-83BC-4DEE-910B-705511B149E1}.Ad-Hoc|x86.Build.0 = Debug|Any CPU
		{97644282-83BC-4DEE-910B-705511B149E1}.Ad-Hoc|x86.Deploy.0 = Debug|Any CPU
		{97644282-83BC-4DEE-910B-705511B149E1}.AppStore|Any CPU.ActiveCfg = Debug|Any CPU
		{97644282-83BC-4DEE-910B-705511B149E1}.AppStore|Any CPU.Build.0 = Debug|Any CPU
		{97644282-83BC-4DEE-910B-705511B149E1}.AppStore|Any CPU.Deploy.0 = Debug|Any CPU
		{97644282-83BC-4DEE-910B-705511B149E1}.AppStore|ARM.ActiveCfg = Debug|Any CPU
		{97644282-83BC-4DEE-910B-705511B149E1}.AppStore|ARM.Build.0 = Debug|Any CPU
		{97644282-83BC-4DEE-910B-705511B149E1}.AppStore|ARM.Deploy.0 = Debug|Any CPU
		{97644282-83BC-4DEE-910B-705511B149E1}.AppStore|iPhone.ActiveCfg = Debug|Any CPU
		{97644282-83BC-4DEE-910B-705511B149E1}.AppStore|iPhone.Build.0 = Debug|Any CPU
		{97644282-83BC-4DEE-910B-705511B149E1}.AppStore|iPhone.Deploy.0 = Debug|Any CPU
		{97644282-83BC-4DEE-910B-705511B149E1}.AppStore|iPhoneSimulator.ActiveCfg = Debug|Any CPU
		{97644282-83BC-4DEE-910B-705511B149E1}.AppStore|iPhoneSimulator.Build.0 = Debug|Any CPU
		{97644282-83BC-4DEE-910B-705511B149E1}.AppStore|iPhoneSimulator.Deploy.0 = Debug|Any CPU
		{97644282-83BC-4DEE-910B-705511B149E1}.AppStore|x64.ActiveCfg = Debug|Any CPU
		{97644282-83BC-4DEE-910B-705511B149E1}.AppStore|x64.Build.0 = Debug|Any CPU
		{97644282-83BC-4DEE-910B-705511B149E1}.AppStore|x64.Deploy.0 = Debug|Any CPU
		{97644282-83BC-4DEE-910B-705511B149E1}.AppStore|x86.ActiveCfg = Debug|Any CPU
		{97644282-83BC-4DEE-910B-705511B149E1}.AppStore|x86.Build.0 = Debug|Any CPU
		{97644282-83BC-4DEE-910B-705511B149E1}.AppStore|x86.Deploy.0 = Debug|Any CPU
		{97644282-83BC-4DEE-910B-705511B149E1}.Debug|Any CPU.ActiveCfg = Debug|Any CPU
		{97644282-83BC-4DEE-910B-705511B149E1}.Debug|Any CPU.Build.0 = Debug|Any CPU
		{97644282-83BC-4DEE-910B-705511B149E1}.Debug|Any CPU.Deploy.0 = Debug|Any CPU
		{97644282-83BC-4DEE-910B-705511B149E1}.Debug|ARM.ActiveCfg = Debug|Any CPU
		{97644282-83BC-4DEE-910B-705511B149E1}.Debug|ARM.Build.0 = Debug|Any CPU
		{97644282-83BC-4DEE-910B-705511B149E1}.Debug|ARM.Deploy.0 = Debug|Any CPU
		{97644282-83BC-4DEE-910B-705511B149E1}.Debug|iPhone.ActiveCfg = Debug|Any CPU
		{97644282-83BC-4DEE-910B-705511B149E1}.Debug|iPhone.Build.0 = Debug|Any CPU
		{97644282-83BC-4DEE-910B-705511B149E1}.Debug|iPhone.Deploy.0 = Debug|Any CPU
		{97644282-83BC-4DEE-910B-705511B149E1}.Debug|iPhoneSimulator.ActiveCfg = Debug|Any CPU
		{97644282-83BC-4DEE-910B-705511B149E1}.Debug|iPhoneSimulator.Build.0 = Debug|Any CPU
		{97644282-83BC-4DEE-910B-705511B149E1}.Debug|iPhoneSimulator.Deploy.0 = Debug|Any CPU
		{97644282-83BC-4DEE-910B-705511B149E1}.Debug|x64.ActiveCfg = Debug|Any CPU
		{97644282-83BC-4DEE-910B-705511B149E1}.Debug|x64.Build.0 = Debug|Any CPU
		{97644282-83BC-4DEE-910B-705511B149E1}.Debug|x64.Deploy.0 = Debug|Any CPU
		{97644282-83BC-4DEE-910B-705511B149E1}.Debug|x86.ActiveCfg = Debug|Any CPU
		{97644282-83BC-4DEE-910B-705511B149E1}.Debug|x86.Build.0 = Debug|Any CPU
		{97644282-83BC-4DEE-910B-705511B149E1}.Debug|x86.Deploy.0 = Debug|Any CPU
		{97644282-83BC-4DEE-910B-705511B149E1}.Release|Any CPU.ActiveCfg = Release|Any CPU
		{97644282-83BC-4DEE-910B-705511B149E1}.Release|Any CPU.Build.0 = Release|Any CPU
		{97644282-83BC-4DEE-910B-705511B149E1}.Release|Any CPU.Deploy.0 = Release|Any CPU
		{97644282-83BC-4DEE-910B-705511B149E1}.Release|ARM.ActiveCfg = Release|Any CPU
		{97644282-83BC-4DEE-910B-705511B149E1}.Release|ARM.Build.0 = Release|Any CPU
		{97644282-83BC-4DEE-910B-705511B149E1}.Release|ARM.Deploy.0 = Release|Any CPU
		{97644282-83BC-4DEE-910B-705511B149E1}.Release|iPhone.ActiveCfg = Release|Any CPU
		{97644282-83BC-4DEE-910B-705511B149E1}.Release|iPhone.Build.0 = Release|Any CPU
		{97644282-83BC-4DEE-910B-705511B149E1}.Release|iPhone.Deploy.0 = Release|Any CPU
		{97644282-83BC-4DEE-910B-705511B149E1}.Release|iPhoneSimulator.ActiveCfg = Release|Any CPU
		{97644282-83BC-4DEE-910B-705511B149E1}.Release|iPhoneSimulator.Build.0 = Release|Any CPU
		{97644282-83BC-4DEE-910B-705511B149E1}.Release|iPhoneSimulator.Deploy.0 = Release|Any CPU
		{97644282-83BC-4DEE-910B-705511B149E1}.Release|x64.ActiveCfg = Release|Any CPU
		{97644282-83BC-4DEE-910B-705511B149E1}.Release|x64.Build.0 = Release|Any CPU
		{97644282-83BC-4DEE-910B-705511B149E1}.Release|x64.Deploy.0 = Release|Any CPU
		{97644282-83BC-4DEE-910B-705511B149E1}.Release|x86.ActiveCfg = Release|Any CPU
		{97644282-83BC-4DEE-910B-705511B149E1}.Release|x86.Build.0 = Release|Any CPU
		{97644282-83BC-4DEE-910B-705511B149E1}.Release|x86.Deploy.0 = Release|Any CPU
	EndGlobalSection
	GlobalSection(SolutionProperties) = preSolution
		HideSolutionNode = FALSE
	EndGlobalSection
	GlobalSection(ExtensibilityGlobals) = postSolution
		SolutionGuid = {616F5E1C-865A-4956-B720-76F96EBCEB63}
	EndGlobalSection
EndGlobal
