
Microsoft Visual Studio Solution File, Format Version 12.00
# Visual Studio 15
VisualStudioVersion = 15.0.28010.2036
MinimumVisualStudioVersion = 10.0.40219.1
Project("{FAE04EC0-301F-11D3-BF4B-00C04F79EFBC}") = "helloWorld.Android", "helloWorld\helloWorld.Android\helloWorld.Android.csproj", "{E55DB283-D513-4F50-BCCD-80E332390239}"
EndProject
Project("{FAE04EC0-301F-11D3-BF4B-00C04F79EFBC}") = "helloWorld.iOS", "helloWorld\helloWorld.iOS\helloWorld.iOS.csproj", "{07867CFB-969C-4EC9-A86B-BA4D91E69148}"
EndProject
Project("{FAE04EC0-301F-11D3-BF4B-00C04F79EFBC}") = "helloWorld.UWP", "helloWorld\helloWorld.UWP\helloWorld.UWP.csproj", "{8ECA2551-1C79-4073-9A1A-434964863836}"
EndProject
Project("{FAE04EC0-301F-11D3-BF4B-00C04F79EFBC}") = "helloWorld", "helloWorld\helloWorld\helloWorld.csproj", "{2C7C0FA2-D425-4D67-8821-0C6B18A39EFF}"
EndProject
Global
	GlobalSection(SolutionConfigurationPlatforms) = preSolution
		Ad-Hoc|Any CPU = Ad-Hoc|Any CPU
		Ad-Hoc|ARM = Ad-Hoc|ARM
		Ad-Hoc|iPhone = Ad-Hoc|iPhone
		Ad-Hoc|iPhoneSimulator = Ad-Hoc|iPhoneSimulator
		Ad-Hoc|x64 = Ad-Hoc|x64
		Ad-Hoc|x86 = Ad-Hoc|x86
		AppStore|Any CPU = AppStore|Any CPU
		AppStore|ARM = AppStore|ARM
		AppStore|iPhone = AppStore|iPhone
		AppStore|iPhoneSimulator = AppStore|iPhoneSimulator
		AppStore|x64 = AppStore|x64
		AppStore|x86 = AppStore|x86
		Debug|Any CPU = Debug|Any CPU
		Debug|ARM = Debug|ARM
		Debug|iPhone = Debug|iPhone
		Debug|iPhoneSimulator = Debug|iPhoneSimulator
		Debug|x64 = Debug|x64
		Debug|x86 = Debug|x86
		Release|Any CPU = Release|Any CPU
		Release|ARM = Release|ARM
		Release|iPhone = Release|iPhone
		Release|iPhoneSimulator = Release|iPhoneSimulator
		Release|x64 = Release|x64
		Release|x86 = Release|x86
	EndGlobalSection
	GlobalSection(ProjectConfigurationPlatforms) = postSolution
		{E55DB283-D513-4F50-BCCD-80E332390239}.Ad-Hoc|Any CPU.ActiveCfg = Release|Any CPU
		{E55DB283-D513-4F50-BCCD-80E332390239}.Ad-Hoc|Any CPU.Build.0 = Release|Any CPU
		{E55DB283-D513-4F50-BCCD-80E332390239}.Ad-Hoc|Any CPU.Deploy.0 = Release|Any CPU
		{E55DB283-D513-4F50-BCCD-80E332390239}.Ad-Hoc|ARM.ActiveCfg = Release|Any CPU
		{E55DB283-D513-4F50-BCCD-80E332390239}.Ad-Hoc|ARM.Build.0 = Release|Any CPU
		{E55DB283-D513-4F50-BCCD-80E332390239}.Ad-Hoc|ARM.Deploy.0 = Release|Any CPU
		{E55DB283-D513-4F50-BCCD-80E332390239}.Ad-Hoc|iPhone.ActiveCfg = Release|Any CPU
		{E55DB283-D513-4F50-BCCD-80E332390239}.Ad-Hoc|iPhone.Build.0 = Release|Any CPU
		{E55DB283-D513-4F50-BCCD-80E332390239}.Ad-Hoc|iPhone.Deploy.0 = Release|Any CPU
		{E55DB283-D513-4F50-BCCD-80E332390239}.Ad-Hoc|iPhoneSimulator.ActiveCfg = Release|Any CPU
		{E55DB283-D513-4F50-BCCD-80E332390239}.Ad-Hoc|iPhoneSimulator.Build.0 = Release|Any CPU
		{E55DB283-D513-4F50-BCCD-80E332390239}.Ad-Hoc|iPhoneSimulator.Deploy.0 = Release|Any CPU
		{E55DB283-D513-4F50-BCCD-80E332390239}.Ad-Hoc|x64.ActiveCfg = Release|Any CPU
		{E55DB283-D513-4F50-BCCD-80E332390239}.Ad-Hoc|x64.Build.0 = Release|Any CPU
		{E55DB283-D513-4F50-BCCD-80E332390239}.Ad-Hoc|x64.Deploy.0 = Release|Any CPU
		{E55DB283-D513-4F50-BCCD-80E332390239}.Ad-Hoc|x86.ActiveCfg = Release|Any CPU
		{E55DB283-D513-4F50-BCCD-80E332390239}.Ad-Hoc|x86.Build.0 = Release|Any CPU
		{E55DB283-D513-4F50-BCCD-80E332390239}.Ad-Hoc|x86.Deploy.0 = Release|Any CPU
		{E55DB283-D513-4F50-BCCD-80E332390239}.AppStore|Any CPU.ActiveCfg = Release|Any CPU
		{E55DB283-D513-4F50-BCCD-80E332390239}.AppStore|Any CPU.Build.0 = Release|Any CPU
		{E55DB283-D513-4F50-BCCD-80E332390239}.AppStore|Any CPU.Deploy.0 = Release|Any CPU
		{E55DB283-D513-4F50-BCCD-80E332390239}.AppStore|ARM.ActiveCfg = Release|Any CPU
		{E55DB283-D513-4F50-BCCD-80E332390239}.AppStore|ARM.Build.0 = Release|Any CPU
		{E55DB283-D513-4F50-BCCD-80E332390239}.AppStore|ARM.Deploy.0 = Release|Any CPU
		{E55DB283-D513-4F50-BCCD-80E332390239}.AppStore|iPhone.ActiveCfg = Release|Any CPU
		{E55DB283-D513-4F50-BCCD-80E332390239}.AppStore|iPhone.Build.0 = Release|Any CPU
		{E55DB283-D513-4F50-BCCD-80E332390239}.AppStore|iPhone.Deploy.0 = Release|Any CPU
		{E55DB283-D513-4F50-BCCD-80E332390239}.AppStore|iPhoneSimulator.ActiveCfg = Release|Any CPU
		{E55DB283-D513-4F50-BCCD-80E332390239}.AppStore|iPhoneSimulator.Build.0 = Release|Any CPU
		{E55DB283-D513-4F50-BCCD-80E332390239}.AppStore|iPhoneSimulator.Deploy.0 = Release|Any CPU
		{E55DB283-D513-4F50-BCCD-80E332390239}.AppStore|x64.ActiveCfg = Release|Any CPU
		{E55DB283-D513-4F50-BCCD-80E332390239}.AppStore|x64.Build.0 = Release|Any CPU
		{E55DB283-D513-4F50-BCCD-80E332390239}.AppStore|x64.Deploy.0 = Release|Any CPU
		{E55DB283-D513-4F50-BCCD-80E332390239}.AppStore|x86.ActiveCfg = Release|Any CPU
		{E55DB283-D513-4F50-BCCD-80E332390239}.AppStore|x86.Build.0 = Release|Any CPU
		{E55DB283-D513-4F50-BCCD-80E332390239}.AppStore|x86.Deploy.0 = Release|Any CPU
		{E55DB283-D513-4F50-BCCD-80E332390239}.Debug|Any CPU.ActiveCfg = Debug|Any CPU
		{E55DB283-D513-4F50-BCCD-80E332390239}.Debug|Any CPU.Build.0 = Debug|Any CPU
		{E55DB283-D513-4F50-BCCD-80E332390239}.Debug|Any CPU.Deploy.0 = Debug|Any CPU
		{E55DB283-D513-4F50-BCCD-80E332390239}.Debug|ARM.ActiveCfg = Debug|Any CPU
		{E55DB283-D513-4F50-BCCD-80E332390239}.Debug|ARM.Build.0 = Debug|Any CPU
		{E55DB283-D513-4F50-BCCD-80E332390239}.Debug|ARM.Deploy.0 = Debug|Any CPU
		{E55DB283-D513-4F50-BCCD-80E332390239}.Debug|iPhone.ActiveCfg = Debug|Any CPU
		{E55DB283-D513-4F50-BCCD-80E332390239}.Debug|iPhone.Build.0 = Debug|Any CPU
		{E55DB283-D513-4F50-BCCD-80E332390239}.Debug|iPhone.Deploy.0 = Debug|Any CPU
		{E55DB283-D513-4F50-BCCD-80E332390239}.Debug|iPhoneSimulator.ActiveCfg = Debug|Any CPU
		{E55DB283-D513-4F50-BCCD-80E332390239}.Debug|iPhoneSimulator.Build.0 = Debug|Any CPU
		{E55DB283-D513-4F50-BCCD-80E332390239}.Debug|iPhoneSimulator.Deploy.0 = Debug|Any CPU
		{E55DB283-D513-4F50-BCCD-80E332390239}.Debug|x64.ActiveCfg = Debug|Any CPU
		{E55DB283-D513-4F50-BCCD-80E332390239}.Debug|x64.Build.0 = Debug|Any CPU
		{E55DB283-D513-4F50-BCCD-80E332390239}.Debug|x64.Deploy.0 = Debug|Any CPU
		{E55DB283-D513-4F50-BCCD-80E332390239}.Debug|x86.ActiveCfg = Debug|Any CPU
		{E55DB283-D513-4F50-BCCD-80E332390239}.Debug|x86.Build.0 = Debug|Any CPU
		{E55DB283-D513-4F50-BCCD-80E332390239}.Debug|x86.Deploy.0 = Debug|Any CPU
		{E55DB283-D513-4F50-BCCD-80E332390239}.Release|Any CPU.ActiveCfg = Release|Any CPU
		{E55DB283-D513-4F50-BCCD-80E332390239}.Release|Any CPU.Build.0 = Release|Any CPU
		{E55DB283-D513-4F50-BCCD-80E332390239}.Release|Any CPU.Deploy.0 = Release|Any CPU
		{E55DB283-D513-4F50-BCCD-80E332390239}.Release|ARM.ActiveCfg = Release|Any CPU
		{E55DB283-D513-4F50-BCCD-80E332390239}.Release|ARM.Build.0 = Release|Any CPU
		{E55DB283-D513-4F50-BCCD-80E332390239}.Release|ARM.Deploy.0 = Release|Any CPU
		{E55DB283-D513-4F50-BCCD-80E332390239}.Release|iPhone.ActiveCfg = Release|Any CPU
		{E55DB283-D513-4F50-BCCD-80E332390239}.Release|iPhone.Build.0 = Release|Any CPU
		{E55DB283-D513-4F50-BCCD-80E332390239}.Release|iPhone.Deploy.0 = Release|Any CPU
		{E55DB283-D513-4F50-BCCD-80E332390239}.Release|iPhoneSimulator.ActiveCfg = Release|Any CPU
		{E55DB283-D513-4F50-BCCD-80E332390239}.Release|iPhoneSimulator.Build.0 = Release|Any CPU
		{E55DB283-D513-4F50-BCCD-80E332390239}.Release|iPhoneSimulator.Deploy.0 = Release|Any CPU
		{E55DB283-D513-4F50-BCCD-80E332390239}.Release|x64.ActiveCfg = Release|Any CPU
		{E55DB283-D513-4F50-BCCD-80E332390239}.Release|x64.Build.0 = Release|Any CPU
		{E55DB283-D513-4F50-BCCD-80E332390239}.Release|x64.Deploy.0 = Release|Any CPU
		{E55DB283-D513-4F50-BCCD-80E332390239}.Release|x86.ActiveCfg = Release|Any CPU
		{E55DB283-D513-4F50-BCCD-80E332390239}.Release|x86.Build.0 = Release|Any CPU
		{E55DB283-D513-4F50-BCCD-80E332390239}.Release|x86.Deploy.0 = Release|Any CPU
		{07867CFB-969C-4EC9-A86B-BA4D91E69148}.Ad-Hoc|Any CPU.ActiveCfg = Ad-Hoc|iPhone
		{07867CFB-969C-4EC9-A86B-BA4D91E69148}.Ad-Hoc|Any CPU.Build.0 = Ad-Hoc|iPhone
		{07867CFB-969C-4EC9-A86B-BA4D91E69148}.Ad-Hoc|Any CPU.Deploy.0 = Ad-Hoc|iPhone
		{07867CFB-969C-4EC9-A86B-BA4D91E69148}.Ad-Hoc|ARM.ActiveCfg = Ad-Hoc|iPhone
		{07867CFB-969C-4EC9-A86B-BA4D91E69148}.Ad-Hoc|ARM.Build.0 = Ad-Hoc|iPhone
		{07867CFB-969C-4EC9-A86B-BA4D91E69148}.Ad-Hoc|ARM.Deploy.0 = Ad-Hoc|iPhone
		{07867CFB-969C-4EC9-A86B-BA4D91E69148}.Ad-Hoc|iPhone.ActiveCfg = Ad-Hoc|iPhone
		{07867CFB-969C-4EC9-A86B-BA4D91E69148}.Ad-Hoc|iPhone.Build.0 = Ad-Hoc|iPhone
		{07867CFB-969C-4EC9-A86B-BA4D91E69148}.Ad-Hoc|iPhone.Deploy.0 = Ad-Hoc|iPhone
		{07867CFB-969C-4EC9-A86B-BA4D91E69148}.Ad-Hoc|iPhoneSimulator.ActiveCfg = Ad-Hoc|iPhoneSimulator
		{07867CFB-969C-4EC9-A86B-BA4D91E69148}.Ad-Hoc|iPhoneSimulator.Build.0 = Ad-Hoc|iPhoneSimulator
		{07867CFB-969C-4EC9-A86B-BA4D91E69148}.Ad-Hoc|iPhoneSimulator.Deploy.0 = Ad-Hoc|iPhoneSimulator
		{07867CFB-969C-4EC9-A86B-BA4D91E69148}.Ad-Hoc|x64.ActiveCfg = Ad-Hoc|iPhone
		{07867CFB-969C-4EC9-A86B-BA4D91E69148}.Ad-Hoc|x64.Build.0 = Ad-Hoc|iPhone
		{07867CFB-969C-4EC9-A86B-BA4D91E69148}.Ad-Hoc|x64.Deploy.0 = Ad-Hoc|iPhone
		{07867CFB-969C-4EC9-A86B-BA4D91E69148}.Ad-Hoc|x86.ActiveCfg = Ad-Hoc|iPhone
		{07867CFB-969C-4EC9-A86B-BA4D91E69148}.Ad-Hoc|x86.Build.0 = Ad-Hoc|iPhone
		{07867CFB-969C-4EC9-A86B-BA4D91E69148}.Ad-Hoc|x86.Deploy.0 = Ad-Hoc|iPhone
		{07867CFB-969C-4EC9-A86B-BA4D91E69148}.AppStore|Any CPU.ActiveCfg = AppStore|iPhone
		{07867CFB-969C-4EC9-A86B-BA4D91E69148}.AppStore|Any CPU.Build.0 = AppStore|iPhone
		{07867CFB-969C-4EC9-A86B-BA4D91E69148}.AppStore|Any CPU.Deploy.0 = AppStore|iPhone
		{07867CFB-969C-4EC9-A86B-BA4D91E69148}.AppStore|ARM.ActiveCfg = AppStore|iPhone
		{07867CFB-969C-4EC9-A86B-BA4D91E69148}.AppStore|ARM.Build.0 = AppStore|iPhone
		{07867CFB-969C-4EC9-A86B-BA4D91E69148}.AppStore|ARM.Deploy.0 = AppStore|iPhone
		{07867CFB-969C-4EC9-A86B-BA4D91E69148}.AppStore|iPhone.ActiveCfg = AppStore|iPhone
		{07867CFB-969C-4EC9-A86B-BA4D91E69148}.AppStore|iPhone.Build.0 = AppStore|iPhone
		{07867CFB-969C-4EC9-A86B-BA4D91E69148}.AppStore|iPhone.Deploy.0 = AppStore|iPhone
		{07867CFB-969C-4EC9-A86B-BA4D91E69148}.AppStore|iPhoneSimulator.ActiveCfg = AppStore|iPhoneSimulator
		{07867CFB-969C-4EC9-A86B-BA4D91E69148}.AppStore|iPhoneSimulator.Build.0 = AppStore|iPhoneSimulator
		{07867CFB-969C-4EC9-A86B-BA4D91E69148}.AppStore|iPhoneSimulator.Deploy.0 = AppStore|iPhoneSimulator
		{07867CFB-969C-4EC9-A86B-BA4D91E69148}.AppStore|x64.ActiveCfg = AppStore|iPhone
		{07867CFB-969C-4EC9-A86B-BA4D91E69148}.AppStore|x64.Build.0 = AppStore|iPhone
		{07867CFB-969C-4EC9-A86B-BA4D91E69148}.AppStore|x64.Deploy.0 = AppStore|iPhone
		{07867CFB-969C-4EC9-A86B-BA4D91E69148}.AppStore|x86.ActiveCfg = AppStore|iPhone
		{07867CFB-969C-4EC9-A86B-BA4D91E69148}.AppStore|x86.Build.0 = AppStore|iPhone
		{07867CFB-969C-4EC9-A86B-BA4D91E69148}.AppStore|x86.Deploy.0 = AppStore|iPhone
		{07867CFB-969C-4EC9-A86B-BA4D91E69148}.Debug|Any CPU.ActiveCfg = Debug|iPhoneSimulator
		{07867CFB-969C-4EC9-A86B-BA4D91E69148}.Debug|Any CPU.Build.0 = Debug|iPhoneSimulator
		{07867CFB-969C-4EC9-A86B-BA4D91E69148}.Debug|Any CPU.Deploy.0 = Debug|iPhoneSimulator
		{07867CFB-969C-4EC9-A86B-BA4D91E69148}.Debug|ARM.ActiveCfg = Debug|iPhone
		{07867CFB-969C-4EC9-A86B-BA4D91E69148}.Debug|ARM.Build.0 = Debug|iPhone
		{07867CFB-969C-4EC9-A86B-BA4D91E69148}.Debug|ARM.Deploy.0 = Debug|iPhone
		{07867CFB-969C-4EC9-A86B-BA4D91E69148}.Debug|iPhone.ActiveCfg = Debug|iPhone
		{07867CFB-969C-4EC9-A86B-BA4D91E69148}.Debug|iPhone.Build.0 = Debug|iPhone
		{07867CFB-969C-4EC9-A86B-BA4D91E69148}.Debug|iPhone.Deploy.0 = Debug|iPhone
		{07867CFB-969C-4EC9-A86B-BA4D91E69148}.Debug|iPhoneSimulator.ActiveCfg = Debug|iPhoneSimulator
		{07867CFB-969C-4EC9-A86B-BA4D91E69148}.Debug|iPhoneSimulator.Build.0 = Debug|iPhoneSimulator
		{07867CFB-969C-4EC9-A86B-BA4D91E69148}.Debug|iPhoneSimulator.Deploy.0 = Debug|iPhoneSimulator
		{07867CFB-969C-4EC9-A86B-BA4D91E69148}.Debug|x64.ActiveCfg = Debug|iPhone
		{07867CFB-969C-4EC9-A86B-BA4D91E69148}.Debug|x64.Build.0 = Debug|iPhone
		{07867CFB-969C-4EC9-A86B-BA4D91E69148}.Debug|x64.Deploy.0 = Debug|iPhone
		{07867CFB-969C-4EC9-A86B-BA4D91E69148}.Debug|x86.ActiveCfg = Debug|iPhone
		{07867CFB-969C-4EC9-A86B-BA4D91E69148}.Debug|x86.Build.0 = Debug|iPhone
		{07867CFB-969C-4EC9-A86B-BA4D91E69148}.Debug|x86.Deploy.0 = Debug|iPhone
		{07867CFB-969C-4EC9-A86B-BA4D91E69148}.Release|Any CPU.ActiveCfg = Release|iPhone
		{07867CFB-969C-4EC9-A86B-BA4D91E69148}.Release|Any CPU.Build.0 = Release|iPhone
		{07867CFB-969C-4EC9-A86B-BA4D91E69148}.Release|Any CPU.Deploy.0 = Release|iPhone
		{07867CFB-969C-4EC9-A86B-BA4D91E69148}.Release|ARM.ActiveCfg = Release|iPhone
		{07867CFB-969C-4EC9-A86B-BA4D91E69148}.Release|ARM.Build.0 = Release|iPhone
		{07867CFB-969C-4EC9-A86B-BA4D91E69148}.Release|ARM.Deploy.0 = Release|iPhone
		{07867CFB-969C-4EC9-A86B-BA4D91E69148}.Release|iPhone.ActiveCfg = Release|iPhone
		{07867CFB-969C-4EC9-A86B-BA4D91E69148}.Release|iPhone.Build.0 = Release|iPhone
		{07867CFB-969C-4EC9-A86B-BA4D91E69148}.Release|iPhone.Deploy.0 = Release|iPhone
		{07867CFB-969C-4EC9-A86B-BA4D91E69148}.Release|iPhoneSimulator.ActiveCfg = Release|iPhoneSimulator
		{07867CFB-969C-4EC9-A86B-BA4D91E69148}.Release|iPhoneSimulator.Build.0 = Release|iPhoneSimulator
		{07867CFB-969C-4EC9-A86B-BA4D91E69148}.Release|iPhoneSimulator.Deploy.0 = Release|iPhoneSimulator
		{07867CFB-969C-4EC9-A86B-BA4D91E69148}.Release|x64.ActiveCfg = Release|iPhone
		{07867CFB-969C-4EC9-A86B-BA4D91E69148}.Release|x64.Build.0 = Release|iPhone
		{07867CFB-969C-4EC9-A86B-BA4D91E69148}.Release|x64.Deploy.0 = Release|iPhone
		{07867CFB-969C-4EC9-A86B-BA4D91E69148}.Release|x86.ActiveCfg = Release|iPhone
		{07867CFB-969C-4EC9-A86B-BA4D91E69148}.Release|x86.Build.0 = Release|iPhone
		{07867CFB-969C-4EC9-A86B-BA4D91E69148}.Release|x86.Deploy.0 = Release|iPhone
		{8ECA2551-1C79-4073-9A1A-434964863836}.Ad-Hoc|Any CPU.ActiveCfg = Release|x86
		{8ECA2551-1C79-4073-9A1A-434964863836}.Ad-Hoc|Any CPU.Build.0 = Release|x86
		{8ECA2551-1C79-4073-9A1A-434964863836}.Ad-Hoc|Any CPU.Deploy.0 = Release|x86
		{8ECA2551-1C79-4073-9A1A-434964863836}.Ad-Hoc|ARM.ActiveCfg = Release|ARM
		{8ECA2551-1C79-4073-9A1A-434964863836}.Ad-Hoc|ARM.Build.0 = Release|ARM
		{8ECA2551-1C79-4073-9A1A-434964863836}.Ad-Hoc|ARM.Deploy.0 = Release|ARM
		{8ECA2551-1C79-4073-9A1A-434964863836}.Ad-Hoc|iPhone.ActiveCfg = Release|x86
		{8ECA2551-1C79-4073-9A1A-434964863836}.Ad-Hoc|iPhone.Build.0 = Release|x86
		{8ECA2551-1C79-4073-9A1A-434964863836}.Ad-Hoc|iPhone.Deploy.0 = Release|x86
		{8ECA2551-1C79-4073-9A1A-434964863836}.Ad-Hoc|iPhoneSimulator.ActiveCfg = Release|x86
		{8ECA2551-1C79-4073-9A1A-434964863836}.Ad-Hoc|iPhoneSimulator.Build.0 = Release|x86
		{8ECA2551-1C79-4073-9A1A-434964863836}.Ad-Hoc|iPhoneSimulator.Deploy.0 = Release|x86
		{8ECA2551-1C79-4073-9A1A-434964863836}.Ad-Hoc|x64.ActiveCfg = Release|x64
		{8ECA2551-1C79-4073-9A1A-434964863836}.Ad-Hoc|x64.Build.0 = Release|x64
		{8ECA2551-1C79-4073-9A1A-434964863836}.Ad-Hoc|x64.Deploy.0 = Release|x64
		{8ECA2551-1C79-4073-9A1A-434964863836}.Ad-Hoc|x86.ActiveCfg = Release|x86
		{8ECA2551-1C79-4073-9A1A-434964863836}.Ad-Hoc|x86.Build.0 = Release|x86
		{8ECA2551-1C79-4073-9A1A-434964863836}.Ad-Hoc|x86.Deploy.0 = Release|x86
		{8ECA2551-1C79-4073-9A1A-434964863836}.AppStore|Any CPU.ActiveCfg = Release|x86
		{8ECA2551-1C79-4073-9A1A-434964863836}.AppStore|Any CPU.Build.0 = Release|x86
		{8ECA2551-1C79-4073-9A1A-434964863836}.AppStore|Any CPU.Deploy.0 = Release|x86
		{8ECA2551-1C79-4073-9A1A-434964863836}.AppStore|ARM.ActiveCfg = Release|ARM
		{8ECA2551-1C79-4073-9A1A-434964863836}.AppStore|ARM.Build.0 = Release|ARM
		{8ECA2551-1C79-4073-9A1A-434964863836}.AppStore|ARM.Deploy.0 = Release|ARM
		{8ECA2551-1C79-4073-9A1A-434964863836}.AppStore|iPhone.ActiveCfg = Release|x86
		{8ECA2551-1C79-4073-9A1A-434964863836}.AppStore|iPhone.Build.0 = Release|x86
		{8ECA2551-1C79-4073-9A1A-434964863836}.AppStore|iPhone.Deploy.0 = Release|x86
		{8ECA2551-1C79-4073-9A1A-434964863836}.AppStore|iPhoneSimulator.ActiveCfg = Release|x86
		{8ECA2551-1C79-4073-9A1A-434964863836}.AppStore|iPhoneSimulator.Build.0 = Release|x86
		{8ECA2551-1C79-4073-9A1A-434964863836}.AppStore|iPhoneSimulator.Deploy.0 = Release|x86
		{8ECA2551-1C79-4073-9A1A-434964863836}.AppStore|x64.ActiveCfg = Release|x64
		{8ECA2551-1C79-4073-9A1A-434964863836}.AppStore|x64.Build.0 = Release|x64
		{8ECA2551-1C79-4073-9A1A-434964863836}.AppStore|x64.Deploy.0 = Release|x64
		{8ECA2551-1C79-4073-9A1A-434964863836}.AppStore|x86.ActiveCfg = Release|x86
		{8ECA2551-1C79-4073-9A1A-434964863836}.AppStore|x86.Build.0 = Release|x86
		{8ECA2551-1C79-4073-9A1A-434964863836}.AppStore|x86.Deploy.0 = Release|x86
		{8ECA2551-1C79-4073-9A1A-434964863836}.Debug|Any CPU.ActiveCfg = Debug|x86
		{8ECA2551-1C79-4073-9A1A-434964863836}.Debug|Any CPU.Build.0 = Debug|x86
		{8ECA2551-1C79-4073-9A1A-434964863836}.Debug|Any CPU.Deploy.0 = Debug|x86
		{8ECA2551-1C79-4073-9A1A-434964863836}.Debug|ARM.ActiveCfg = Debug|ARM
		{8ECA2551-1C79-4073-9A1A-434964863836}.Debug|ARM.Build.0 = Debug|ARM
		{8ECA2551-1C79-4073-9A1A-434964863836}.Debug|ARM.Deploy.0 = Debug|ARM
		{8ECA2551-1C79-4073-9A1A-434964863836}.Debug|iPhone.ActiveCfg = Debug|x86
		{8ECA2551-1C79-4073-9A1A-434964863836}.Debug|iPhone.Build.0 = Debug|x86
		{8ECA2551-1C79-4073-9A1A-434964863836}.Debug|iPhone.Deploy.0 = Debug|x86
		{8ECA2551-1C79-4073-9A1A-434964863836}.Debug|iPhoneSimulator.ActiveCfg = Debug|x86
		{8ECA2551-1C79-4073-9A1A-434964863836}.Debug|iPhoneSimulator.Build.0 = Debug|x86
		{8ECA2551-1C79-4073-9A1A-434964863836}.Debug|iPhoneSimulator.Deploy.0 = Debug|x86
		{8ECA2551-1C79-4073-9A1A-434964863836}.Debug|x64.ActiveCfg = Debug|x64
		{8ECA2551-1C79-4073-9A1A-434964863836}.Debug|x64.Build.0 = Debug|x64
		{8ECA2551-1C79-4073-9A1A-434964863836}.Debug|x64.Deploy.0 = Debug|x64
		{8ECA2551-1C79-4073-9A1A-434964863836}.Debug|x86.ActiveCfg = Debug|x86
		{8ECA2551-1C79-4073-9A1A-434964863836}.Debug|x86.Build.0 = Debug|x86
		{8ECA2551-1C79-4073-9A1A-434964863836}.Debug|x86.Deploy.0 = Debug|x86
		{8ECA2551-1C79-4073-9A1A-434964863836}.Release|Any CPU.ActiveCfg = Release|x86
		{8ECA2551-1C79-4073-9A1A-434964863836}.Release|Any CPU.Build.0 = Release|x86
		{8ECA2551-1C79-4073-9A1A-434964863836}.Release|Any CPU.Deploy.0 = Release|x86
		{8ECA2551-1C79-4073-9A1A-434964863836}.Release|ARM.ActiveCfg = Release|ARM
		{8ECA2551-1C79-4073-9A1A-434964863836}.Release|ARM.Build.0 = Release|ARM
		{8ECA2551-1C79-4073-9A1A-434964863836}.Release|ARM.Deploy.0 = Release|ARM
		{8ECA2551-1C79-4073-9A1A-434964863836}.Release|iPhone.ActiveCfg = Release|x86
		{8ECA2551-1C79-4073-9A1A-434964863836}.Release|iPhone.Build.0 = Release|x86
		{8ECA2551-1C79-4073-9A1A-434964863836}.Release|iPhone.Deploy.0 = Release|x86
		{8ECA2551-1C79-4073-9A1A-434964863836}.Release|iPhoneSimulator.ActiveCfg = Release|x86
		{8ECA2551-1C79-4073-9A1A-434964863836}.Release|iPhoneSimulator.Build.0 = Release|x86
		{8ECA2551-1C79-4073-9A1A-434964863836}.Release|iPhoneSimulator.Deploy.0 = Release|x86
		{8ECA2551-1C79-4073-9A1A-434964863836}.Release|x64.ActiveCfg = Release|x64
		{8ECA2551-1C79-4073-9A1A-434964863836}.Release|x64.Build.0 = Release|x64
		{8ECA2551-1C79-4073-9A1A-434964863836}.Release|x64.Deploy.0 = Release|x64
		{8ECA2551-1C79-4073-9A1A-434964863836}.Release|x86.ActiveCfg = Release|x86
		{8ECA2551-1C79-4073-9A1A-434964863836}.Release|x86.Build.0 = Release|x86
		{8ECA2551-1C79-4073-9A1A-434964863836}.Release|x86.Deploy.0 = Release|x86
		{2C7C0FA2-D425-4D67-8821-0C6B18A39EFF}.Ad-Hoc|Any CPU.ActiveCfg = Debug|Any CPU
		{2C7C0FA2-D425-4D67-8821-0C6B18A39EFF}.Ad-Hoc|Any CPU.Build.0 = Debug|Any CPU
		{2C7C0FA2-D425-4D67-8821-0C6B18A39EFF}.Ad-Hoc|Any CPU.Deploy.0 = Debug|Any CPU
		{2C7C0FA2-D425-4D67-8821-0C6B18A39EFF}.Ad-Hoc|ARM.ActiveCfg = Debug|Any CPU
		{2C7C0FA2-D425-4D67-8821-0C6B18A39EFF}.Ad-Hoc|ARM.Build.0 = Debug|Any CPU
		{2C7C0FA2-D425-4D67-8821-0C6B18A39EFF}.Ad-Hoc|ARM.Deploy.0 = Debug|Any CPU
		{2C7C0FA2-D425-4D67-8821-0C6B18A39EFF}.Ad-Hoc|iPhone.ActiveCfg = Debug|Any CPU
		{2C7C0FA2-D425-4D67-8821-0C6B18A39EFF}.Ad-Hoc|iPhone.Build.0 = Debug|Any CPU
		{2C7C0FA2-D425-4D67-8821-0C6B18A39EFF}.Ad-Hoc|iPhone.Deploy.0 = Debug|Any CPU
		{2C7C0FA2-D425-4D67-8821-0C6B18A39EFF}.Ad-Hoc|iPhoneSimulator.ActiveCfg = Debug|Any CPU
		{2C7C0FA2-D425-4D67-8821-0C6B18A39EFF}.Ad-Hoc|iPhoneSimulator.Build.0 = Debug|Any CPU
		{2C7C0FA2-D425-4D67-8821-0C6B18A39EFF}.Ad-Hoc|iPhoneSimulator.Deploy.0 = Debug|Any CPU
		{2C7C0FA2-D425-4D67-8821-0C6B18A39EFF}.Ad-Hoc|x64.ActiveCfg = Debug|Any CPU
		{2C7C0FA2-D425-4D67-8821-0C6B18A39EFF}.Ad-Hoc|x64.Build.0 = Debug|Any CPU
		{2C7C0FA2-D425-4D67-8821-0C6B18A39EFF}.Ad-Hoc|x64.Deploy.0 = Debug|Any CPU
		{2C7C0FA2-D425-4D67-8821-0C6B18A39EFF}.Ad-Hoc|x86.ActiveCfg = Debug|Any CPU
		{2C7C0FA2-D425-4D67-8821-0C6B18A39EFF}.Ad-Hoc|x86.Build.0 = Debug|Any CPU
		{2C7C0FA2-D425-4D67-8821-0C6B18A39EFF}.Ad-Hoc|x86.Deploy.0 = Debug|Any CPU
		{2C7C0FA2-D425-4D67-8821-0C6B18A39EFF}.AppStore|Any CPU.ActiveCfg = Debug|Any CPU
		{2C7C0FA2-D425-4D67-8821-0C6B18A39EFF}.AppStore|Any CPU.Build.0 = Debug|Any CPU
		{2C7C0FA2-D425-4D67-8821-0C6B18A39EFF}.AppStore|Any CPU.Deploy.0 = Debug|Any CPU
		{2C7C0FA2-D425-4D67-8821-0C6B18A39EFF}.AppStore|ARM.ActiveCfg = Debug|Any CPU
		{2C7C0FA2-D425-4D67-8821-0C6B18A39EFF}.AppStore|ARM.Build.0 = Debug|Any CPU
		{2C7C0FA2-D425-4D67-8821-0C6B18A39EFF}.AppStore|ARM.Deploy.0 = Debug|Any CPU
		{2C7C0FA2-D425-4D67-8821-0C6B18A39EFF}.AppStore|iPhone.ActiveCfg = Debug|Any CPU
		{2C7C0FA2-D425-4D67-8821-0C6B18A39EFF}.AppStore|iPhone.Build.0 = Debug|Any CPU
		{2C7C0FA2-D425-4D67-8821-0C6B18A39EFF}.AppStore|iPhone.Deploy.0 = Debug|Any CPU
		{2C7C0FA2-D425-4D67-8821-0C6B18A39EFF}.AppStore|iPhoneSimulator.ActiveCfg = Debug|Any CPU
		{2C7C0FA2-D425-4D67-8821-0C6B18A39EFF}.AppStore|iPhoneSimulator.Build.0 = Debug|Any CPU
		{2C7C0FA2-D425-4D67-8821-0C6B18A39EFF}.AppStore|iPhoneSimulator.Deploy.0 = Debug|Any CPU
		{2C7C0FA2-D425-4D67-8821-0C6B18A39EFF}.AppStore|x64.ActiveCfg = Debug|Any CPU
		{2C7C0FA2-D425-4D67-8821-0C6B18A39EFF}.AppStore|x64.Build.0 = Debug|Any CPU
		{2C7C0FA2-D425-4D67-8821-0C6B18A39EFF}.AppStore|x64.Deploy.0 = Debug|Any CPU
		{2C7C0FA2-D425-4D67-8821-0C6B18A39EFF}.AppStore|x86.ActiveCfg = Debug|Any CPU
		{2C7C0FA2-D425-4D67-8821-0C6B18A39EFF}.AppStore|x86.Build.0 = Debug|Any CPU
		{2C7C0FA2-D425-4D67-8821-0C6B18A39EFF}.AppStore|x86.Deploy.0 = Debug|Any CPU
		{2C7C0FA2-D425-4D67-8821-0C6B18A39EFF}.Debug|Any CPU.ActiveCfg = Debug|Any CPU
		{2C7C0FA2-D425-4D67-8821-0C6B18A39EFF}.Debug|Any CPU.Build.0 = Debug|Any CPU
		{2C7C0FA2-D425-4D67-8821-0C6B18A39EFF}.Debug|Any CPU.Deploy.0 = Debug|Any CPU
		{2C7C0FA2-D425-4D67-8821-0C6B18A39EFF}.Debug|ARM.ActiveCfg = Debug|Any CPU
		{2C7C0FA2-D425-4D67-8821-0C6B18A39EFF}.Debug|ARM.Build.0 = Debug|Any CPU
		{2C7C0FA2-D425-4D67-8821-0C6B18A39EFF}.Debug|ARM.Deploy.0 = Debug|Any CPU
		{2C7C0FA2-D425-4D67-8821-0C6B18A39EFF}.Debug|iPhone.ActiveCfg = Debug|Any CPU
		{2C7C0FA2-D425-4D67-8821-0C6B18A39EFF}.Debug|iPhone.Build.0 = Debug|Any CPU
		{2C7C0FA2-D425-4D67-8821-0C6B18A39EFF}.Debug|iPhone.Deploy.0 = Debug|Any CPU
		{2C7C0FA2-D425-4D67-8821-0C6B18A39EFF}.Debug|iPhoneSimulator.ActiveCfg = Debug|Any CPU
		{2C7C0FA2-D425-4D67-8821-0C6B18A39EFF}.Debug|iPhoneSimulator.Build.0 = Debug|Any CPU
		{2C7C0FA2-D425-4D67-8821-0C6B18A39EFF}.Debug|iPhoneSimulator.Deploy.0 = Debug|Any CPU
		{2C7C0FA2-D425-4D67-8821-0C6B18A39EFF}.Debug|x64.ActiveCfg = Debug|Any CPU
		{2C7C0FA2-D425-4D67-8821-0C6B18A39EFF}.Debug|x64.Build.0 = Debug|Any CPU
		{2C7C0FA2-D425-4D67-8821-0C6B18A39EFF}.Debug|x64.Deploy.0 = Debug|Any CPU
		{2C7C0FA2-D425-4D67-8821-0C6B18A39EFF}.Debug|x86.ActiveCfg = Debug|Any CPU
		{2C7C0FA2-D425-4D67-8821-0C6B18A39EFF}.Debug|x86.Build.0 = Debug|Any CPU
		{2C7C0FA2-D425-4D67-8821-0C6B18A39EFF}.Debug|x86.Deploy.0 = Debug|Any CPU
		{2C7C0FA2-D425-4D67-8821-0C6B18A39EFF}.Release|Any CPU.ActiveCfg = Release|Any CPU
		{2C7C0FA2-D425-4D67-8821-0C6B18A39EFF}.Release|Any CPU.Build.0 = Release|Any CPU
		{2C7C0FA2-D425-4D67-8821-0C6B18A39EFF}.Release|Any CPU.Deploy.0 = Release|Any CPU
		{2C7C0FA2-D425-4D67-8821-0C6B18A39EFF}.Release|ARM.ActiveCfg = Release|Any CPU
		{2C7C0FA2-D425-4D67-8821-0C6B18A39EFF}.Release|ARM.Build.0 = Release|Any CPU
		{2C7C0FA2-D425-4D67-8821-0C6B18A39EFF}.Release|ARM.Deploy.0 = Release|Any CPU
		{2C7C0FA2-D425-4D67-8821-0C6B18A39EFF}.Release|iPhone.ActiveCfg = Release|Any CPU
		{2C7C0FA2-D425-4D67-8821-0C6B18A39EFF}.Release|iPhone.Build.0 = Release|Any CPU
		{2C7C0FA2-D425-4D67-8821-0C6B18A39EFF}.Release|iPhone.Deploy.0 = Release|Any CPU
		{2C7C0FA2-D425-4D67-8821-0C6B18A39EFF}.Release|iPhoneSimulator.ActiveCfg = Release|Any CPU
		{2C7C0FA2-D425-4D67-8821-0C6B18A39EFF}.Release|iPhoneSimulator.Build.0 = Release|Any CPU
		{2C7C0FA2-D425-4D67-8821-0C6B18A39EFF}.Release|iPhoneSimulator.Deploy.0 = Release|Any CPU
		{2C7C0FA2-D425-4D67-8821-0C6B18A39EFF}.Release|x64.ActiveCfg = Release|Any CPU
		{2C7C0FA2-D425-4D67-8821-0C6B18A39EFF}.Release|x64.Build.0 = Release|Any CPU
		{2C7C0FA2-D425-4D67-8821-0C6B18A39EFF}.Release|x64.Deploy.0 = Release|Any CPU
		{2C7C0FA2-D425-4D67-8821-0C6B18A39EFF}.Release|x86.ActiveCfg = Release|Any CPU
		{2C7C0FA2-D425-4D67-8821-0C6B18A39EFF}.Release|x86.Build.0 = Release|Any CPU
		{2C7C0FA2-D425-4D67-8821-0C6B18A39EFF}.Release|x86.Deploy.0 = Release|Any CPU
	EndGlobalSection
	GlobalSection(SolutionProperties) = preSolution
		HideSolutionNode = FALSE
	EndGlobalSection
	GlobalSection(ExtensibilityGlobals) = postSolution
		SolutionGuid = {8D8CDF8A-1797-40B4-A9B7-FD88B8451E18}
	EndGlobalSection
EndGlobal
